
Microsoft Visual Studio Solution File, Format Version 9.00
# Visual Studio 2005
Project("{8BC9CEB8-8B4A-11D0-8D11-00A0C91BC942}") = "tier0", "tier0\tier0.vcproj", "{FE02F105-1A72-4AD8-B928-82C83DF663D5}"
EndProject
Project("{8BC9CEB8-8B4A-11D0-8D11-00A0C91BC942}") = "tier1", "tier1\tier1.vcproj", "{F8E20A37-8AC2-4587-90DB-565934B985B0}"
EndProject
Project("{8BC9CEB8-8B4A-11D0-8D11-00A0C91BC942}") = "tier2", "tier2\tier2.vcproj", "{5EDC148B-ACF5-49DA-A05C-924E2B162750}"
EndProject
Project("{8BC9CEB8-8B4A-11D0-8D11-00A0C91BC942}") = "tier3", "tier3\tier3.vcproj", "{2016F937-136A-4182-BA4C-E179BE64AD52}"
EndProject
Project("{8BC9CEB8-8B4A-11D0-8D11-00A0C91BC942}") = "vstdlib", "vstdlib\vstdlib.vcproj", "{7477716C-91C5-47D1-9821-61C61C066E8C}"
	ProjectSection(ProjectDependencies) = postProject
		{FE02F105-1A72-4AD8-B928-82C83DF663D5} = {FE02F105-1A72-4AD8-B928-82C83DF663D5}
		{F8E20A37-8AC2-4587-90DB-565934B985B0} = {F8E20A37-8AC2-4587-90DB-565934B985B0}
	EndProjectSection
EndProject
Project("{8BC9CEB8-8B4A-11D0-8D11-00A0C91BC942}") = "mathlib", "mathlib\mathlib.vcproj", "{8BE8D44D-B656-40C7-83D2-D51309021093}"
EndProject
Project("{8BC9CEB8-8B4A-11D0-8D11-00A0C91BC942}") = "bitmap", "bitmap\bitmap.vcproj", "{D98F41BD-A135-4FEA-A53A-C6553419DA29}"
EndProject
Project("{8BC9CEB8-8B4A-11D0-8D11-00A0C91BC942}") = "choreoobjects", "choreoobjects\choreoobjects.vcproj", "{715C34D0-103C-48B8-934F-E7367B33D773}"
EndProject
Project("{8BC9CEB8-8B4A-11D0-8D11-00A0C91BC942}") = "Particles", "particles\Particles.vcproj", "{10DD36FB-AA3F-4B0B-A5ED-F11C1D5B6BD0}"
EndProject
Project("{8BC9CEB8-8B4A-11D0-8D11-00A0C91BC942}") = "Dmxloader", "dmxloader\dmxloader.vcproj", "{5F5B0FBE-D3E6-4653-A23F-E8B6B8A5FC0E}"
EndProject
Project("{8BC9CEB8-8B4A-11D0-8D11-00A0C91BC942}") = "vguimatsurface", "vguimatsurface\vguimatsurface.vcproj", "{C51B715B-C0E5-4675-9AA9-A1BF0F496C02}"
	ProjectSection(ProjectDependencies) = postProject
		{FE02F105-1A72-4AD8-B928-82C83DF663D5} = {FE02F105-1A72-4AD8-B928-82C83DF663D5}
		{78768610-44CC-47AA-9064-95449328075C} = {78768610-44CC-47AA-9064-95449328075C}
		{F8E20A37-8AC2-4587-90DB-565934B985B0} = {F8E20A37-8AC2-4587-90DB-565934B985B0}
		{2016F937-136A-4182-BA4C-E179BE64AD52} = {2016F937-136A-4182-BA4C-E179BE64AD52}
		{8BE8D44D-B656-40C7-83D2-D51309021093} = {8BE8D44D-B656-40C7-83D2-D51309021093}
		{7477716C-91C5-47D1-9821-61C61C066E8C} = {7477716C-91C5-47D1-9821-61C61C066E8C}
		{25847A82-A9E3-403B-B767-A9D071B44C65} = {25847A82-A9E3-403B-B767-A9D071B44C65}
		{5EDC148B-ACF5-49DA-A05C-924E2B162750} = {5EDC148B-ACF5-49DA-A05C-924E2B162750}
	EndProjectSection
EndProject
Project("{8BC9CEB8-8B4A-11D0-8D11-00A0C91BC942}") = "vgui_surfacelib", "vgui2\vgui_surfacelib\vgui_surfacelib.vcproj", "{25847A82-A9E3-403B-B767-A9D071B44C65}"
EndProject
Project("{8BC9CEB8-8B4A-11D0-8D11-00A0C91BC942}") = "vtf", "vtf\vtf.vcproj", "{6266C463-3B48-43CC-9457-887C40E3F821}"
	ProjectSection(ProjectDependencies) = postProject
		{8BE8D44D-B656-40C7-83D2-D51309021093} = {8BE8D44D-B656-40C7-83D2-D51309021093}
	EndProjectSection
EndProject
Project("{8BC9CEB8-8B4A-11D0-8D11-00A0C91BC942}") = "vgui2", "vgui2\src\vgui_dll.vcproj", "{62AB497C-FCB4-423D-A464-9B04A75F86E0}"
	ProjectSection(ProjectDependencies) = postProject
		{FE02F105-1A72-4AD8-B928-82C83DF663D5} = {FE02F105-1A72-4AD8-B928-82C83DF663D5}
		{78768610-44CC-47AA-9064-95449328075C} = {78768610-44CC-47AA-9064-95449328075C}
		{F8E20A37-8AC2-4587-90DB-565934B985B0} = {F8E20A37-8AC2-4587-90DB-565934B985B0}
		{2016F937-136A-4182-BA4C-E179BE64AD52} = {2016F937-136A-4182-BA4C-E179BE64AD52}
		{7477716C-91C5-47D1-9821-61C61C066E8C} = {7477716C-91C5-47D1-9821-61C61C066E8C}
		{25847A82-A9E3-403B-B767-A9D071B44C65} = {25847A82-A9E3-403B-B767-A9D071B44C65}
		{5EDC148B-ACF5-49DA-A05C-924E2B162750} = {5EDC148B-ACF5-49DA-A05C-924E2B162750}
	EndProjectSection
EndProject
Project("{8BC9CEB8-8B4A-11D0-8D11-00A0C91BC942}") = "StudioRender", "studiorender\studiorender.vcproj", "{C10C662B-C0ED-4DFB-BAB8-F28C80086B45}"
	ProjectSection(ProjectDependencies) = postProject
		{FE02F105-1A72-4AD8-B928-82C83DF663D5} = {FE02F105-1A72-4AD8-B928-82C83DF663D5}
		{F8E20A37-8AC2-4587-90DB-565934B985B0} = {F8E20A37-8AC2-4587-90DB-565934B985B0}
		{2016F937-136A-4182-BA4C-E179BE64AD52} = {2016F937-136A-4182-BA4C-E179BE64AD52}
		{8BE8D44D-B656-40C7-83D2-D51309021093} = {8BE8D44D-B656-40C7-83D2-D51309021093}
		{7477716C-91C5-47D1-9821-61C61C066E8C} = {7477716C-91C5-47D1-9821-61C61C066E8C}
		{5EDC148B-ACF5-49DA-A05C-924E2B162750} = {5EDC148B-ACF5-49DA-A05C-924E2B162750}
	EndProjectSection
EndProject
Project("{8BC9CEB8-8B4A-11D0-8D11-00A0C91BC942}") = "shaderlib", "materialsystem\shaderlib\shaderlib.vcproj", "{4E4526C3-5683-4469-8A39-7B802D738C32}"
EndProject
Project("{8BC9CEB8-8B4A-11D0-8D11-00A0C91BC942}") = "stdshader_dbg", "materialsystem\stdshaders\stdshader_dbg.vcproj", "{3560CEF5-EBC6-4659-8670-3891ACA446B3}"
	ProjectSection(ProjectDependencies) = postProject
		{FE02F105-1A72-4AD8-B928-82C83DF663D5} = {FE02F105-1A72-4AD8-B928-82C83DF663D5}
		{F8E20A37-8AC2-4587-90DB-565934B985B0} = {F8E20A37-8AC2-4587-90DB-565934B985B0}
		{8BE8D44D-B656-40C7-83D2-D51309021093} = {8BE8D44D-B656-40C7-83D2-D51309021093}
		{7477716C-91C5-47D1-9821-61C61C066E8C} = {7477716C-91C5-47D1-9821-61C61C066E8C}
		{4E4526C3-5683-4469-8A39-7B802D738C32} = {4E4526C3-5683-4469-8A39-7B802D738C32}
	EndProjectSection
EndProject
Project("{8BC9CEB8-8B4A-11D0-8D11-00A0C91BC942}") = "stdshader_dx8", "materialsystem\stdshaders\stdshader_dx8.vcproj", "{5C0C813C-67CE-4DDF-9660-14C51C9F8A3A}"
	ProjectSection(ProjectDependencies) = postProject
		{FE02F105-1A72-4AD8-B928-82C83DF663D5} = {FE02F105-1A72-4AD8-B928-82C83DF663D5}
		{F8E20A37-8AC2-4587-90DB-565934B985B0} = {F8E20A37-8AC2-4587-90DB-565934B985B0}
		{8BE8D44D-B656-40C7-83D2-D51309021093} = {8BE8D44D-B656-40C7-83D2-D51309021093}
		{7477716C-91C5-47D1-9821-61C61C066E8C} = {7477716C-91C5-47D1-9821-61C61C066E8C}
		{4E4526C3-5683-4469-8A39-7B802D738C32} = {4E4526C3-5683-4469-8A39-7B802D738C32}
	EndProjectSection
EndProject
Project("{8BC9CEB8-8B4A-11D0-8D11-00A0C91BC942}") = "stdshader_dx9", "materialsystem\stdshaders\stdshader_dx9.vcproj", "{E366534C-8AE4-4A4D-B81F-CCFFD28BA561}"
	ProjectSection(ProjectDependencies) = postProject
		{FE02F105-1A72-4AD8-B928-82C83DF663D5} = {FE02F105-1A72-4AD8-B928-82C83DF663D5}
		{F8E20A37-8AC2-4587-90DB-565934B985B0} = {F8E20A37-8AC2-4587-90DB-565934B985B0}
		{8BE8D44D-B656-40C7-83D2-D51309021093} = {8BE8D44D-B656-40C7-83D2-D51309021093}
		{7477716C-91C5-47D1-9821-61C61C066E8C} = {7477716C-91C5-47D1-9821-61C61C066E8C}
		{4E4526C3-5683-4469-8A39-7B802D738C32} = {4E4526C3-5683-4469-8A39-7B802D738C32}
	EndProjectSection
EndProject
Project("{8BC9CEB8-8B4A-11D0-8D11-00A0C91BC942}") = "MaterialSystem", "materialsystem\materialsystem.vcproj", "{DFBE2499-7041-4080-AA83-40C5CF4E4F55}"
	ProjectSection(ProjectDependencies) = postProject
		{FE02F105-1A72-4AD8-B928-82C83DF663D5} = {FE02F105-1A72-4AD8-B928-82C83DF663D5}
		{F8E20A37-8AC2-4587-90DB-565934B985B0} = {F8E20A37-8AC2-4587-90DB-565934B985B0}
		{8BE8D44D-B656-40C7-83D2-D51309021093} = {8BE8D44D-B656-40C7-83D2-D51309021093}
		{6266C463-3B48-43CC-9457-887C40E3F821} = {6266C463-3B48-43CC-9457-887C40E3F821}
		{7477716C-91C5-47D1-9821-61C61C066E8C} = {7477716C-91C5-47D1-9821-61C61C066E8C}
		{5EDC148B-ACF5-49DA-A05C-924E2B162750} = {5EDC148B-ACF5-49DA-A05C-924E2B162750}
		{D98F41BD-A135-4FEA-A53A-C6553419DA29} = {D98F41BD-A135-4FEA-A53A-C6553419DA29}
		{4E4526C3-5683-4469-8A39-7B802D738C32} = {4E4526C3-5683-4469-8A39-7B802D738C32}
	EndProjectSection
EndProject
Project("{8BC9CEB8-8B4A-11D0-8D11-00A0C91BC942}") = "SoundEmitterSystem", "soundemittersystem\soundemittersystem.vcproj", "{48E6ED7B-DC80-44A9-87DF-E53404C8499D}"
	ProjectSection(ProjectDependencies) = postProject
		{FE02F105-1A72-4AD8-B928-82C83DF663D5} = {FE02F105-1A72-4AD8-B928-82C83DF663D5}
		{F8E20A37-8AC2-4587-90DB-565934B985B0} = {F8E20A37-8AC2-4587-90DB-565934B985B0}
		{7477716C-91C5-47D1-9821-61C61C066E8C} = {7477716C-91C5-47D1-9821-61C61C066E8C}
	EndProjectSection
EndProject
Project("{8BC9CEB8-8B4A-11D0-8D11-00A0C91BC942}") = "SceneFileCache", "scenefilecache\scenefilecache.vcproj", "{831547CF-1D8E-45A3-BA19-BD5BF893332C}"
	ProjectSection(ProjectDependencies) = postProject
		{FE02F105-1A72-4AD8-B928-82C83DF663D5} = {FE02F105-1A72-4AD8-B928-82C83DF663D5}
		{F8E20A37-8AC2-4587-90DB-565934B985B0} = {F8E20A37-8AC2-4587-90DB-565934B985B0}
		{7477716C-91C5-47D1-9821-61C61C066E8C} = {7477716C-91C5-47D1-9821-61C61C066E8C}
	EndProjectSection
EndProject
Project("{8BC9CEB8-8B4A-11D0-8D11-00A0C91BC942}") = "matsys_controls", "vgui2\matsys_controls\matsys_controls.vcproj", "{594A6F34-A5B3-4434-9DCB-51353A2A92A6}"
EndProject
Project("{8BC9CEB8-8B4A-11D0-8D11-00A0C91BC942}") = "launcher", "launcher\launcher.vcproj", "{99ACCA4E-8748-4AAF-A38D-36DCD6F95A23}"
	ProjectSection(ProjectDependencies) = postProject
		{FE02F105-1A72-4AD8-B928-82C83DF663D5} = {FE02F105-1A72-4AD8-B928-82C83DF663D5}
		{C2199634-6C18-4D43-9F85-CAA40AC80729} = {C2199634-6C18-4D43-9F85-CAA40AC80729}
		{F8E20A37-8AC2-4587-90DB-565934B985B0} = {F8E20A37-8AC2-4587-90DB-565934B985B0}
		{2016F937-136A-4182-BA4C-E179BE64AD52} = {2016F937-136A-4182-BA4C-E179BE64AD52}
		{7477716C-91C5-47D1-9821-61C61C066E8C} = {7477716C-91C5-47D1-9821-61C61C066E8C}
		{5EDC148B-ACF5-49DA-A05C-924E2B162750} = {5EDC148B-ACF5-49DA-A05C-924E2B162750}
	EndProjectSection
EndProject
Project("{8BC9CEB8-8B4A-11D0-8D11-00A0C91BC942}") = "appframework", "appframework\appframework.vcproj", "{C2199634-6C18-4D43-9F85-CAA40AC80729}"
EndProject
Project("{8BC9CEB8-8B4A-11D0-8D11-00A0C91BC942}") = "inputsystem", "inputsystem\inputsystem.vcproj", "{B0B6CD0B-27B5-49C1-B9E6-FC2458FE7175}"
	ProjectSection(ProjectDependencies) = postProject
		{FE02F105-1A72-4AD8-B928-82C83DF663D5} = {FE02F105-1A72-4AD8-B928-82C83DF663D5}
		{F8E20A37-8AC2-4587-90DB-565934B985B0} = {F8E20A37-8AC2-4587-90DB-565934B985B0}
		{7477716C-91C5-47D1-9821-61C61C066E8C} = {7477716C-91C5-47D1-9821-61C61C066E8C}
		{5EDC148B-ACF5-49DA-A05C-924E2B162750} = {5EDC148B-ACF5-49DA-A05C-924E2B162750}
	EndProjectSection
EndProject
Project("{8BC9CEB8-8B4A-11D0-8D11-00A0C91BC942}") = "bsppack", "utils\bsppack\bsppack.vcproj", "{42BC2835-DCFA-4780-8D7C-9D4EA9DE119E}"
	ProjectSection(ProjectDependencies) = postProject
		{FE02F105-1A72-4AD8-B928-82C83DF663D5} = {FE02F105-1A72-4AD8-B928-82C83DF663D5}
		{F8E20A37-8AC2-4587-90DB-565934B985B0} = {F8E20A37-8AC2-4587-90DB-565934B985B0}
		{8BE8D44D-B656-40C7-83D2-D51309021093} = {8BE8D44D-B656-40C7-83D2-D51309021093}
		{7477716C-91C5-47D1-9821-61C61C066E8C} = {7477716C-91C5-47D1-9821-61C61C066E8C}
		{5EDC148B-ACF5-49DA-A05C-924E2B162750} = {5EDC148B-ACF5-49DA-A05C-924E2B162750}
	EndProjectSection
EndProject
Project("{8BC9CEB8-8B4A-11D0-8D11-00A0C91BC942}") = "datacache", "datacache\datacache.vcproj", "{2E7C1C1B-2947-4B7F-9AB3-E23B8A63E053}"
	ProjectSection(ProjectDependencies) = postProject
		{FE02F105-1A72-4AD8-B928-82C83DF663D5} = {FE02F105-1A72-4AD8-B928-82C83DF663D5}
		{F8E20A37-8AC2-4587-90DB-565934B985B0} = {F8E20A37-8AC2-4587-90DB-565934B985B0}
		{2016F937-136A-4182-BA4C-E179BE64AD52} = {2016F937-136A-4182-BA4C-E179BE64AD52}
		{7477716C-91C5-47D1-9821-61C61C066E8C} = {7477716C-91C5-47D1-9821-61C61C066E8C}
		{5EDC148B-ACF5-49DA-A05C-924E2B162750} = {5EDC148B-ACF5-49DA-A05C-924E2B162750}
	EndProjectSection
EndProject
Project("{8BC9CEB8-8B4A-11D0-8D11-00A0C91BC942}") = "engine", "engine\engine.vcproj", "{1E9EC2E8-57F7-47E2-BCA6-CF2966D0ADD1}"
	ProjectSection(ProjectDependencies) = postProject
		{FE02F105-1A72-4AD8-B928-82C83DF663D5} = {FE02F105-1A72-4AD8-B928-82C83DF663D5}
		{78768610-44CC-47AA-9064-95449328075C} = {78768610-44CC-47AA-9064-95449328075C}
		{594A6F34-A5B3-4434-9DCB-51353A2A92A6} = {594A6F34-A5B3-4434-9DCB-51353A2A92A6}
		{C2199634-6C18-4D43-9F85-CAA40AC80729} = {C2199634-6C18-4D43-9F85-CAA40AC80729}
		{F8E20A37-8AC2-4587-90DB-565934B985B0} = {F8E20A37-8AC2-4587-90DB-565934B985B0}
		{2016F937-136A-4182-BA4C-E179BE64AD52} = {2016F937-136A-4182-BA4C-E179BE64AD52}
		{8BE8D44D-B656-40C7-83D2-D51309021093} = {8BE8D44D-B656-40C7-83D2-D51309021093}
		{6266C463-3B48-43CC-9457-887C40E3F821} = {6266C463-3B48-43CC-9457-887C40E3F821}
		{7477716C-91C5-47D1-9821-61C61C066E8C} = {7477716C-91C5-47D1-9821-61C61C066E8C}
		{5EDC148B-ACF5-49DA-A05C-924E2B162750} = {5EDC148B-ACF5-49DA-A05C-924E2B162750}
		{5F5B0FBE-D3E6-4653-A23F-E8B6B8A5FC0E} = {5F5B0FBE-D3E6-4653-A23F-E8B6B8A5FC0E}
		{BEFFACD2-07B1-4CB3-A65E-92FCEB8FEA77} = {BEFFACD2-07B1-4CB3-A65E-92FCEB8FEA77}
	EndProjectSection
EndProject
Project("{8BC9CEB8-8B4A-11D0-8D11-00A0C91BC942}") = "GameUI", "gameui\gameUI.vcproj", "{D41C657A-5906-4C2C-B258-445960E94F73}"
	ProjectSection(ProjectDependencies) = postProject
		{FE02F105-1A72-4AD8-B928-82C83DF663D5} = {FE02F105-1A72-4AD8-B928-82C83DF663D5}
		{78768610-44CC-47AA-9064-95449328075C} = {78768610-44CC-47AA-9064-95449328075C}
		{F8E20A37-8AC2-4587-90DB-565934B985B0} = {F8E20A37-8AC2-4587-90DB-565934B985B0}
		{2016F937-136A-4182-BA4C-E179BE64AD52} = {2016F937-136A-4182-BA4C-E179BE64AD52}
		{8BE8D44D-B656-40C7-83D2-D51309021093} = {8BE8D44D-B656-40C7-83D2-D51309021093}
		{6266C463-3B48-43CC-9457-887C40E3F821} = {6266C463-3B48-43CC-9457-887C40E3F821}
		{7477716C-91C5-47D1-9821-61C61C066E8C} = {7477716C-91C5-47D1-9821-61C61C066E8C}
		{5EDC148B-ACF5-49DA-A05C-924E2B162750} = {5EDC148B-ACF5-49DA-A05C-924E2B162750}
	EndProjectSection
EndProject
Project("{8BC9CEB8-8B4A-11D0-8D11-00A0C91BC942}") = "hk_base", "ivp\havana\havok\hk_base\hk_base.vcproj", "{8E034D8E-3CB5-4000-843C-8924814293EA}"
EndProject
Project("{8BC9CEB8-8B4A-11D0-8D11-00A0C91BC942}") = "hk_math", "ivp\havana\havok\hk_math\hk_math.vcproj", "{4A27F3F6-7C0E-4733-A150-440425C66B64}"
EndProject
Project("{8BC9CEB8-8B4A-11D0-8D11-00A0C91BC942}") = "vphysics", "vphysics\vphysics.vcproj", "{8CAAC037-0612-46FE-A345-82425F6396A8}"
	ProjectSection(ProjectDependencies) = postProject
		{FE02F105-1A72-4AD8-B928-82C83DF663D5} = {FE02F105-1A72-4AD8-B928-82C83DF663D5}
		{F8E20A37-8AC2-4587-90DB-565934B985B0} = {F8E20A37-8AC2-4587-90DB-565934B985B0}
		{8BE8D44D-B656-40C7-83D2-D51309021093} = {8BE8D44D-B656-40C7-83D2-D51309021093}
		{7477716C-91C5-47D1-9821-61C61C066E8C} = {7477716C-91C5-47D1-9821-61C61C066E8C}
		{E71CDA85-D200-48CC-A487-780F27901814} = {E71CDA85-D200-48CC-A487-780F27901814}
		{5EDC148B-ACF5-49DA-A05C-924E2B162750} = {5EDC148B-ACF5-49DA-A05C-924E2B162750}
		{8E034D8E-3CB5-4000-843C-8924814293EA} = {8E034D8E-3CB5-4000-843C-8924814293EA}
		{C3FCFECA-8BEA-4C6C-B48E-EA77E401A80F} = {C3FCFECA-8BEA-4C6C-B48E-EA77E401A80F}
		{AF10CDCC-FB47-4202-81E3-AA994E53E8D5} = {AF10CDCC-FB47-4202-81E3-AA994E53E8D5}
		{4A27F3F6-7C0E-4733-A150-440425C66B64} = {4A27F3F6-7C0E-4733-A150-440425C66B64}
	EndProjectSection
EndProject
Project("{8BC9CEB8-8B4A-11D0-8D11-00A0C91BC942}") = "launcher_main", "launcher_main\launcher_main.vcproj", "{E6B3D7DC-E615-4F9E-8E14-E7AFE068E862}"
EndProject
Project("{8BC9CEB8-8B4A-11D0-8D11-00A0C91BC942}") = "Dedicated_main", "dedicated_main\dedicated_main.vcproj", "{43FFA2BE-1B70-4263-9A77-24795D7A7554}"
EndProject
Project("{8BC9CEB8-8B4A-11D0-8D11-00A0C91BC942}") = "Raytrace", "raytrace\raytrace.vcproj", "{7F99BCE2-19C2-497B-B70D-F65BAA17294C}"
EndProject
Project("{8BC9CEB8-8B4A-11D0-8D11-00A0C91BC942}") = "Stdshader_dx6", "materialsystem\stdshaders\stdshader_dx6.vcproj", "{B26A7060-8424-4E9C-AD77-595E56F718F2}"
	ProjectSection(ProjectDependencies) = postProject
		{FE02F105-1A72-4AD8-B928-82C83DF663D5} = {FE02F105-1A72-4AD8-B928-82C83DF663D5}
		{F8E20A37-8AC2-4587-90DB-565934B985B0} = {F8E20A37-8AC2-4587-90DB-565934B985B0}
		{8BE8D44D-B656-40C7-83D2-D51309021093} = {8BE8D44D-B656-40C7-83D2-D51309021093}
		{7477716C-91C5-47D1-9821-61C61C066E8C} = {7477716C-91C5-47D1-9821-61C61C066E8C}
		{4E4526C3-5683-4469-8A39-7B802D738C32} = {4E4526C3-5683-4469-8A39-7B802D738C32}
	EndProjectSection
EndProject
Project("{8BC9CEB8-8B4A-11D0-8D11-00A0C91BC942}") = "Stdshader_dx7", "materialsystem\stdshaders\stdshader_dx7.vcproj", "{55C42863-4405-4359-BF60-E369F07C4A9B}"
	ProjectSection(ProjectDependencies) = postProject
		{FE02F105-1A72-4AD8-B928-82C83DF663D5} = {FE02F105-1A72-4AD8-B928-82C83DF663D5}
		{F8E20A37-8AC2-4587-90DB-565934B985B0} = {F8E20A37-8AC2-4587-90DB-565934B985B0}
		{8BE8D44D-B656-40C7-83D2-D51309021093} = {8BE8D44D-B656-40C7-83D2-D51309021093}
		{7477716C-91C5-47D1-9821-61C61C066E8C} = {7477716C-91C5-47D1-9821-61C61C066E8C}
		{4E4526C3-5683-4469-8A39-7B802D738C32} = {4E4526C3-5683-4469-8A39-7B802D738C32}
	EndProjectSection
EndProject
Project("{8BC9CEB8-8B4A-11D0-8D11-00A0C91BC942}") = "Dedicated", "dedicated\dedicated.vcproj", "{A15FDB91-9821-4EFD-BB0C-04EE57D7612F}"
	ProjectSection(ProjectDependencies) = postProject
		{FE02F105-1A72-4AD8-B928-82C83DF663D5} = {FE02F105-1A72-4AD8-B928-82C83DF663D5}
		{78768610-44CC-47AA-9064-95449328075C} = {78768610-44CC-47AA-9064-95449328075C}
		{C2199634-6C18-4D43-9F85-CAA40AC80729} = {C2199634-6C18-4D43-9F85-CAA40AC80729}
		{F8E20A37-8AC2-4587-90DB-565934B985B0} = {F8E20A37-8AC2-4587-90DB-565934B985B0}
		{2016F937-136A-4182-BA4C-E179BE64AD52} = {2016F937-136A-4182-BA4C-E179BE64AD52}
		{8BE8D44D-B656-40C7-83D2-D51309021093} = {8BE8D44D-B656-40C7-83D2-D51309021093}
		{7477716C-91C5-47D1-9821-61C61C066E8C} = {7477716C-91C5-47D1-9821-61C61C066E8C}
		{5EDC148B-ACF5-49DA-A05C-924E2B162750} = {5EDC148B-ACF5-49DA-A05C-924E2B162750}
	EndProjectSection
EndProject
Project("{8BC9CEB8-8B4A-11D0-8D11-00A0C91BC942}") = "ivp_physics", "ivp\ivp_physics\ivp_physics.vcproj", "{AF10CDCC-FB47-4202-81E3-AA994E53E8D5}"
EndProject
Project("{8BC9CEB8-8B4A-11D0-8D11-00A0C91BC942}") = "ivp_compactbuilder", "ivp\ivp_compact_builder\ivp_compactbuilder.vcproj", "{E71CDA85-D200-48CC-A487-780F27901814}"
EndProject
Project("{8BC9CEB8-8B4A-11D0-8D11-00A0C91BC942}") = "havana_constraints", "ivp\havana\havana_constraints.vcproj", "{C3FCFECA-8BEA-4C6C-B48E-EA77E401A80F}"
EndProject
Project("{8BC9CEB8-8B4A-11D0-8D11-00A0C91BC942}") = "FileSystem_Stdio", "filesystem\filesystem_stdio.vcproj", "{231A32ED-7708-49BB-8ABD-2BE1C6A766DF}"
	ProjectSection(ProjectDependencies) = postProject
		{FE02F105-1A72-4AD8-B928-82C83DF663D5} = {FE02F105-1A72-4AD8-B928-82C83DF663D5}
		{F8E20A37-8AC2-4587-90DB-565934B985B0} = {F8E20A37-8AC2-4587-90DB-565934B985B0}
		{7477716C-91C5-47D1-9821-61C61C066E8C} = {7477716C-91C5-47D1-9821-61C61C066E8C}
		{5EDC148B-ACF5-49DA-A05C-924E2B162750} = {5EDC148B-ACF5-49DA-A05C-924E2B162750}
	EndProjectSection
EndProject
Project("{8BC9CEB8-8B4A-11D0-8D11-00A0C91BC942}") = "vgui_controls", "vgui2\vgui_controls\vgui_controls.vcproj", "{78768610-44CC-47AA-9064-95449328075C}"
EndProject
Project("{8BC9CEB8-8B4A-11D0-8D11-00A0C91BC942}") = "Client (CStrike)", "game\client\client_cstrike.vcproj", "{7E0D3B39-8FBA-4E6F-82BD-54FE90014D26}"
	ProjectSection(ProjectDependencies) = postProject
		{FE02F105-1A72-4AD8-B928-82C83DF663D5} = {FE02F105-1A72-4AD8-B928-82C83DF663D5}
		{78768610-44CC-47AA-9064-95449328075C} = {78768610-44CC-47AA-9064-95449328075C}
		{F8E20A37-8AC2-4587-90DB-565934B985B0} = {F8E20A37-8AC2-4587-90DB-565934B985B0}
		{2016F937-136A-4182-BA4C-E179BE64AD52} = {2016F937-136A-4182-BA4C-E179BE64AD52}
		{8BE8D44D-B656-40C7-83D2-D51309021093} = {8BE8D44D-B656-40C7-83D2-D51309021093}
		{7477716C-91C5-47D1-9821-61C61C066E8C} = {7477716C-91C5-47D1-9821-61C61C066E8C}
		{5EDC148B-ACF5-49DA-A05C-924E2B162750} = {5EDC148B-ACF5-49DA-A05C-924E2B162750}
		{D98F41BD-A135-4FEA-A53A-C6553419DA29} = {D98F41BD-A135-4FEA-A53A-C6553419DA29}
		{5F5B0FBE-D3E6-4653-A23F-E8B6B8A5FC0E} = {5F5B0FBE-D3E6-4653-A23F-E8B6B8A5FC0E}
		{715C34D0-103C-48B8-934F-E7367B33D773} = {715C34D0-103C-48B8-934F-E7367B33D773}
	EndProjectSection
EndProject
Project("{8BC9CEB8-8B4A-11D0-8D11-00A0C91BC942}") = "Client (DOD)", "game\client\client_dod.vcproj", "{977106A3-2D42-4959-B693-63B797E12EE7}"
	ProjectSection(ProjectDependencies) = postProject
		{FE02F105-1A72-4AD8-B928-82C83DF663D5} = {FE02F105-1A72-4AD8-B928-82C83DF663D5}
		{78768610-44CC-47AA-9064-95449328075C} = {78768610-44CC-47AA-9064-95449328075C}
		{F8E20A37-8AC2-4587-90DB-565934B985B0} = {F8E20A37-8AC2-4587-90DB-565934B985B0}
		{2016F937-136A-4182-BA4C-E179BE64AD52} = {2016F937-136A-4182-BA4C-E179BE64AD52}
		{8BE8D44D-B656-40C7-83D2-D51309021093} = {8BE8D44D-B656-40C7-83D2-D51309021093}
		{7477716C-91C5-47D1-9821-61C61C066E8C} = {7477716C-91C5-47D1-9821-61C61C066E8C}
		{5EDC148B-ACF5-49DA-A05C-924E2B162750} = {5EDC148B-ACF5-49DA-A05C-924E2B162750}
		{D98F41BD-A135-4FEA-A53A-C6553419DA29} = {D98F41BD-A135-4FEA-A53A-C6553419DA29}
		{5F5B0FBE-D3E6-4653-A23F-E8B6B8A5FC0E} = {5F5B0FBE-D3E6-4653-A23F-E8B6B8A5FC0E}
		{715C34D0-103C-48B8-934F-E7367B33D773} = {715C34D0-103C-48B8-934F-E7367B33D773}
	EndProjectSection
EndProject
Project("{8BC9CEB8-8B4A-11D0-8D11-00A0C91BC942}") = "Client (Episodic)", "game\client\client_episodic.vcproj", "{50D70B88-2F2F-421F-B204-24DE344D3802}"
	ProjectSection(ProjectDependencies) = postProject
		{FE02F105-1A72-4AD8-B928-82C83DF663D5} = {FE02F105-1A72-4AD8-B928-82C83DF663D5}
		{78768610-44CC-47AA-9064-95449328075C} = {78768610-44CC-47AA-9064-95449328075C}
		{F8E20A37-8AC2-4587-90DB-565934B985B0} = {F8E20A37-8AC2-4587-90DB-565934B985B0}
		{2016F937-136A-4182-BA4C-E179BE64AD52} = {2016F937-136A-4182-BA4C-E179BE64AD52}
		{8BE8D44D-B656-40C7-83D2-D51309021093} = {8BE8D44D-B656-40C7-83D2-D51309021093}
		{7477716C-91C5-47D1-9821-61C61C066E8C} = {7477716C-91C5-47D1-9821-61C61C066E8C}
		{5EDC148B-ACF5-49DA-A05C-924E2B162750} = {5EDC148B-ACF5-49DA-A05C-924E2B162750}
		{5F5B0FBE-D3E6-4653-A23F-E8B6B8A5FC0E} = {5F5B0FBE-D3E6-4653-A23F-E8B6B8A5FC0E}
		{715C34D0-103C-48B8-934F-E7367B33D773} = {715C34D0-103C-48B8-934F-E7367B33D773}
	EndProjectSection
EndProject
Project("{8BC9CEB8-8B4A-11D0-8D11-00A0C91BC942}") = "Client (HL2)", "game\client\client_hl2.vcproj", "{4FEEDB5C-54D5-41F5-A52A-ED738B40D932}"
	ProjectSection(ProjectDependencies) = postProject
		{FE02F105-1A72-4AD8-B928-82C83DF663D5} = {FE02F105-1A72-4AD8-B928-82C83DF663D5}
		{78768610-44CC-47AA-9064-95449328075C} = {78768610-44CC-47AA-9064-95449328075C}
		{F8E20A37-8AC2-4587-90DB-565934B985B0} = {F8E20A37-8AC2-4587-90DB-565934B985B0}
		{2016F937-136A-4182-BA4C-E179BE64AD52} = {2016F937-136A-4182-BA4C-E179BE64AD52}
		{8BE8D44D-B656-40C7-83D2-D51309021093} = {8BE8D44D-B656-40C7-83D2-D51309021093}
		{7477716C-91C5-47D1-9821-61C61C066E8C} = {7477716C-91C5-47D1-9821-61C61C066E8C}
		{5EDC148B-ACF5-49DA-A05C-924E2B162750} = {5EDC148B-ACF5-49DA-A05C-924E2B162750}
		{D98F41BD-A135-4FEA-A53A-C6553419DA29} = {D98F41BD-A135-4FEA-A53A-C6553419DA29}
		{5F5B0FBE-D3E6-4653-A23F-E8B6B8A5FC0E} = {5F5B0FBE-D3E6-4653-A23F-E8B6B8A5FC0E}
		{715C34D0-103C-48B8-934F-E7367B33D773} = {715C34D0-103C-48B8-934F-E7367B33D773}
	EndProjectSection
EndProject
Project("{8BC9CEB8-8B4A-11D0-8D11-00A0C91BC942}") = "Client (HL2MP)", "game\client\client_hl2mp.vcproj", "{F4E17C3D-7219-4F5D-B69B-06DC7024A96E}"
	ProjectSection(ProjectDependencies) = postProject
		{FE02F105-1A72-4AD8-B928-82C83DF663D5} = {FE02F105-1A72-4AD8-B928-82C83DF663D5}
		{78768610-44CC-47AA-9064-95449328075C} = {78768610-44CC-47AA-9064-95449328075C}
		{F8E20A37-8AC2-4587-90DB-565934B985B0} = {F8E20A37-8AC2-4587-90DB-565934B985B0}
		{2016F937-136A-4182-BA4C-E179BE64AD52} = {2016F937-136A-4182-BA4C-E179BE64AD52}
		{8BE8D44D-B656-40C7-83D2-D51309021093} = {8BE8D44D-B656-40C7-83D2-D51309021093}
		{7477716C-91C5-47D1-9821-61C61C066E8C} = {7477716C-91C5-47D1-9821-61C61C066E8C}
		{5EDC148B-ACF5-49DA-A05C-924E2B162750} = {5EDC148B-ACF5-49DA-A05C-924E2B162750}
		{5F5B0FBE-D3E6-4653-A23F-E8B6B8A5FC0E} = {5F5B0FBE-D3E6-4653-A23F-E8B6B8A5FC0E}
		{715C34D0-103C-48B8-934F-E7367B33D773} = {715C34D0-103C-48B8-934F-E7367B33D773}
	EndProjectSection
EndProject
Project("{8BC9CEB8-8B4A-11D0-8D11-00A0C91BC942}") = "Client (Portal)", "game\client\client_portal.vcproj", "{1CC700F0-D7FB-445F-B34F-3FE08552161E}"
	ProjectSection(ProjectDependencies) = postProject
		{FE02F105-1A72-4AD8-B928-82C83DF663D5} = {FE02F105-1A72-4AD8-B928-82C83DF663D5}
		{78768610-44CC-47AA-9064-95449328075C} = {78768610-44CC-47AA-9064-95449328075C}
		{F8E20A37-8AC2-4587-90DB-565934B985B0} = {F8E20A37-8AC2-4587-90DB-565934B985B0}
		{2016F937-136A-4182-BA4C-E179BE64AD52} = {2016F937-136A-4182-BA4C-E179BE64AD52}
		{8BE8D44D-B656-40C7-83D2-D51309021093} = {8BE8D44D-B656-40C7-83D2-D51309021093}
		{7477716C-91C5-47D1-9821-61C61C066E8C} = {7477716C-91C5-47D1-9821-61C61C066E8C}
		{5EDC148B-ACF5-49DA-A05C-924E2B162750} = {5EDC148B-ACF5-49DA-A05C-924E2B162750}
		{5F5B0FBE-D3E6-4653-A23F-E8B6B8A5FC0E} = {5F5B0FBE-D3E6-4653-A23F-E8B6B8A5FC0E}
		{715C34D0-103C-48B8-934F-E7367B33D773} = {715C34D0-103C-48B8-934F-E7367B33D773}
	EndProjectSection
EndProject
Project("{8BC9CEB8-8B4A-11D0-8D11-00A0C91BC942}") = "Client (TF)", "game\client\client_tf.vcproj", "{5A97BCF5-D852-4196-8A80-70C50E8E5488}"
	ProjectSection(ProjectDependencies) = postProject
		{FE02F105-1A72-4AD8-B928-82C83DF663D5} = {FE02F105-1A72-4AD8-B928-82C83DF663D5}
		{78768610-44CC-47AA-9064-95449328075C} = {78768610-44CC-47AA-9064-95449328075C}
		{F8E20A37-8AC2-4587-90DB-565934B985B0} = {F8E20A37-8AC2-4587-90DB-565934B985B0}
		{2016F937-136A-4182-BA4C-E179BE64AD52} = {2016F937-136A-4182-BA4C-E179BE64AD52}
		{8BE8D44D-B656-40C7-83D2-D51309021093} = {8BE8D44D-B656-40C7-83D2-D51309021093}
		{7477716C-91C5-47D1-9821-61C61C066E8C} = {7477716C-91C5-47D1-9821-61C61C066E8C}
		{5EDC148B-ACF5-49DA-A05C-924E2B162750} = {5EDC148B-ACF5-49DA-A05C-924E2B162750}
		{5F5B0FBE-D3E6-4653-A23F-E8B6B8A5FC0E} = {5F5B0FBE-D3E6-4653-A23F-E8B6B8A5FC0E}
		{715C34D0-103C-48B8-934F-E7367B33D773} = {715C34D0-103C-48B8-934F-E7367B33D773}
	EndProjectSection
EndProject
Project("{8BC9CEB8-8B4A-11D0-8D11-00A0C91BC942}") = "Server (CStrike)", "game\server\server_cstrike.vcproj", "{4030D8D8-28D7-432B-9A01-9DB163B2CB59}"
	ProjectSection(ProjectDependencies) = postProject
		{FE02F105-1A72-4AD8-B928-82C83DF663D5} = {FE02F105-1A72-4AD8-B928-82C83DF663D5}
		{78768610-44CC-47AA-9064-95449328075C} = {78768610-44CC-47AA-9064-95449328075C}
		{F8E20A37-8AC2-4587-90DB-565934B985B0} = {F8E20A37-8AC2-4587-90DB-565934B985B0}
		{2016F937-136A-4182-BA4C-E179BE64AD52} = {2016F937-136A-4182-BA4C-E179BE64AD52}
		{8BE8D44D-B656-40C7-83D2-D51309021093} = {8BE8D44D-B656-40C7-83D2-D51309021093}
		{7477716C-91C5-47D1-9821-61C61C066E8C} = {7477716C-91C5-47D1-9821-61C61C066E8C}
		{5EDC148B-ACF5-49DA-A05C-924E2B162750} = {5EDC148B-ACF5-49DA-A05C-924E2B162750}
		{5F5B0FBE-D3E6-4653-A23F-E8B6B8A5FC0E} = {5F5B0FBE-D3E6-4653-A23F-E8B6B8A5FC0E}
		{715C34D0-103C-48B8-934F-E7367B33D773} = {715C34D0-103C-48B8-934F-E7367B33D773}
	EndProjectSection
EndProject
Project("{8BC9CEB8-8B4A-11D0-8D11-00A0C91BC942}") = "Server (DoD)", "game\server\server_dod.vcproj", "{8753CC40-864A-445B-B282-D5AA5AA2600A}"
	ProjectSection(ProjectDependencies) = postProject
		{FE02F105-1A72-4AD8-B928-82C83DF663D5} = {FE02F105-1A72-4AD8-B928-82C83DF663D5}
		{78768610-44CC-47AA-9064-95449328075C} = {78768610-44CC-47AA-9064-95449328075C}
		{F8E20A37-8AC2-4587-90DB-565934B985B0} = {F8E20A37-8AC2-4587-90DB-565934B985B0}
		{2016F937-136A-4182-BA4C-E179BE64AD52} = {2016F937-136A-4182-BA4C-E179BE64AD52}
		{8BE8D44D-B656-40C7-83D2-D51309021093} = {8BE8D44D-B656-40C7-83D2-D51309021093}
		{7477716C-91C5-47D1-9821-61C61C066E8C} = {7477716C-91C5-47D1-9821-61C61C066E8C}
		{5EDC148B-ACF5-49DA-A05C-924E2B162750} = {5EDC148B-ACF5-49DA-A05C-924E2B162750}
		{5F5B0FBE-D3E6-4653-A23F-E8B6B8A5FC0E} = {5F5B0FBE-D3E6-4653-A23F-E8B6B8A5FC0E}
		{715C34D0-103C-48B8-934F-E7367B33D773} = {715C34D0-103C-48B8-934F-E7367B33D773}
	EndProjectSection
EndProject
Project("{8BC9CEB8-8B4A-11D0-8D11-00A0C91BC942}") = "Server (Episodic)", "game\server\server_episodic.vcproj", "{468C4E3D-D34D-417F-82E8-9F4178C7F79D}"
	ProjectSection(ProjectDependencies) = postProject
		{FE02F105-1A72-4AD8-B928-82C83DF663D5} = {FE02F105-1A72-4AD8-B928-82C83DF663D5}
		{78768610-44CC-47AA-9064-95449328075C} = {78768610-44CC-47AA-9064-95449328075C}
		{F8E20A37-8AC2-4587-90DB-565934B985B0} = {F8E20A37-8AC2-4587-90DB-565934B985B0}
		{2016F937-136A-4182-BA4C-E179BE64AD52} = {2016F937-136A-4182-BA4C-E179BE64AD52}
		{8BE8D44D-B656-40C7-83D2-D51309021093} = {8BE8D44D-B656-40C7-83D2-D51309021093}
		{7477716C-91C5-47D1-9821-61C61C066E8C} = {7477716C-91C5-47D1-9821-61C61C066E8C}
		{5EDC148B-ACF5-49DA-A05C-924E2B162750} = {5EDC148B-ACF5-49DA-A05C-924E2B162750}
		{5F5B0FBE-D3E6-4653-A23F-E8B6B8A5FC0E} = {5F5B0FBE-D3E6-4653-A23F-E8B6B8A5FC0E}
		{715C34D0-103C-48B8-934F-E7367B33D773} = {715C34D0-103C-48B8-934F-E7367B33D773}
	EndProjectSection
EndProject
Project("{8BC9CEB8-8B4A-11D0-8D11-00A0C91BC942}") = "Server (HL2)", "game\server\server_hl2.vcproj", "{BC4B9D31-3815-4C37-9224-736E27D147C4}"
	ProjectSection(ProjectDependencies) = postProject
		{FE02F105-1A72-4AD8-B928-82C83DF663D5} = {FE02F105-1A72-4AD8-B928-82C83DF663D5}
		{78768610-44CC-47AA-9064-95449328075C} = {78768610-44CC-47AA-9064-95449328075C}
		{F8E20A37-8AC2-4587-90DB-565934B985B0} = {F8E20A37-8AC2-4587-90DB-565934B985B0}
		{2016F937-136A-4182-BA4C-E179BE64AD52} = {2016F937-136A-4182-BA4C-E179BE64AD52}
		{8BE8D44D-B656-40C7-83D2-D51309021093} = {8BE8D44D-B656-40C7-83D2-D51309021093}
		{7477716C-91C5-47D1-9821-61C61C066E8C} = {7477716C-91C5-47D1-9821-61C61C066E8C}
		{5EDC148B-ACF5-49DA-A05C-924E2B162750} = {5EDC148B-ACF5-49DA-A05C-924E2B162750}
		{5F5B0FBE-D3E6-4653-A23F-E8B6B8A5FC0E} = {5F5B0FBE-D3E6-4653-A23F-E8B6B8A5FC0E}
		{715C34D0-103C-48B8-934F-E7367B33D773} = {715C34D0-103C-48B8-934F-E7367B33D773}
	EndProjectSection
EndProject
Project("{8BC9CEB8-8B4A-11D0-8D11-00A0C91BC942}") = "Server (HL2MP)", "game\server\server_hl2mp.vcproj", "{7AB8117A-3FD9-4A78-841A-B55FBDB6E793}"
	ProjectSection(ProjectDependencies) = postProject
		{FE02F105-1A72-4AD8-B928-82C83DF663D5} = {FE02F105-1A72-4AD8-B928-82C83DF663D5}
		{78768610-44CC-47AA-9064-95449328075C} = {78768610-44CC-47AA-9064-95449328075C}
		{F8E20A37-8AC2-4587-90DB-565934B985B0} = {F8E20A37-8AC2-4587-90DB-565934B985B0}
		{2016F937-136A-4182-BA4C-E179BE64AD52} = {2016F937-136A-4182-BA4C-E179BE64AD52}
		{8BE8D44D-B656-40C7-83D2-D51309021093} = {8BE8D44D-B656-40C7-83D2-D51309021093}
		{7477716C-91C5-47D1-9821-61C61C066E8C} = {7477716C-91C5-47D1-9821-61C61C066E8C}
		{5EDC148B-ACF5-49DA-A05C-924E2B162750} = {5EDC148B-ACF5-49DA-A05C-924E2B162750}
		{5F5B0FBE-D3E6-4653-A23F-E8B6B8A5FC0E} = {5F5B0FBE-D3E6-4653-A23F-E8B6B8A5FC0E}
		{715C34D0-103C-48B8-934F-E7367B33D773} = {715C34D0-103C-48B8-934F-E7367B33D773}
	EndProjectSection
EndProject
Project("{8BC9CEB8-8B4A-11D0-8D11-00A0C91BC942}") = "Server (Portal)", "game\server\server_portal.vcproj", "{68775368-D56B-465A-AF08-36DCF21FC7DF}"
	ProjectSection(ProjectDependencies) = postProject
		{FE02F105-1A72-4AD8-B928-82C83DF663D5} = {FE02F105-1A72-4AD8-B928-82C83DF663D5}
		{78768610-44CC-47AA-9064-95449328075C} = {78768610-44CC-47AA-9064-95449328075C}
		{F8E20A37-8AC2-4587-90DB-565934B985B0} = {F8E20A37-8AC2-4587-90DB-565934B985B0}
		{2016F937-136A-4182-BA4C-E179BE64AD52} = {2016F937-136A-4182-BA4C-E179BE64AD52}
		{8BE8D44D-B656-40C7-83D2-D51309021093} = {8BE8D44D-B656-40C7-83D2-D51309021093}
		{7477716C-91C5-47D1-9821-61C61C066E8C} = {7477716C-91C5-47D1-9821-61C61C066E8C}
		{5EDC148B-ACF5-49DA-A05C-924E2B162750} = {5EDC148B-ACF5-49DA-A05C-924E2B162750}
		{5F5B0FBE-D3E6-4653-A23F-E8B6B8A5FC0E} = {5F5B0FBE-D3E6-4653-A23F-E8B6B8A5FC0E}
		{715C34D0-103C-48B8-934F-E7367B33D773} = {715C34D0-103C-48B8-934F-E7367B33D773}
	EndProjectSection
EndProject
Project("{8BC9CEB8-8B4A-11D0-8D11-00A0C91BC942}") = "Server (TF)", "game\server\server_tf.vcproj", "{CFEA7F22-B281-4910-8DFF-BD07E4701207}"
	ProjectSection(ProjectDependencies) = postProject
		{FE02F105-1A72-4AD8-B928-82C83DF663D5} = {FE02F105-1A72-4AD8-B928-82C83DF663D5}
		{78768610-44CC-47AA-9064-95449328075C} = {78768610-44CC-47AA-9064-95449328075C}
		{F8E20A37-8AC2-4587-90DB-565934B985B0} = {F8E20A37-8AC2-4587-90DB-565934B985B0}
		{2016F937-136A-4182-BA4C-E179BE64AD52} = {2016F937-136A-4182-BA4C-E179BE64AD52}
		{8BE8D44D-B656-40C7-83D2-D51309021093} = {8BE8D44D-B656-40C7-83D2-D51309021093}
		{7477716C-91C5-47D1-9821-61C61C066E8C} = {7477716C-91C5-47D1-9821-61C61C066E8C}
		{5EDC148B-ACF5-49DA-A05C-924E2B162750} = {5EDC148B-ACF5-49DA-A05C-924E2B162750}
		{5F5B0FBE-D3E6-4653-A23F-E8B6B8A5FC0E} = {5F5B0FBE-D3E6-4653-A23F-E8B6B8A5FC0E}
		{715C34D0-103C-48B8-934F-E7367B33D773} = {715C34D0-103C-48B8-934F-E7367B33D773}
	EndProjectSection
EndProject
Project("{8BC9CEB8-8B4A-11D0-8D11-00A0C91BC942}") = "Bzip2", "utils\bzip2\bzip2.vcproj", "{BEFFACD2-07B1-4CB3-A65E-92FCEB8FEA77}"
EndProject
Project("{8BC9CEB8-8B4A-11D0-8D11-00A0C91BC942}") = "shaderapidx9", "materialsystem\shaderapidx9\shaderapidx9.vcproj", "{81B2F779-5A5A-41FE-AD97-BB58EC716C62}"
	ProjectSection(ProjectDependencies) = postProject
		{FE02F105-1A72-4AD8-B928-82C83DF663D5} = {FE02F105-1A72-4AD8-B928-82C83DF663D5}
		{F8E20A37-8AC2-4587-90DB-565934B985B0} = {F8E20A37-8AC2-4587-90DB-565934B985B0}
		{8BE8D44D-B656-40C7-83D2-D51309021093} = {8BE8D44D-B656-40C7-83D2-D51309021093}
		{7477716C-91C5-47D1-9821-61C61C066E8C} = {7477716C-91C5-47D1-9821-61C61C066E8C}
		{5EDC148B-ACF5-49DA-A05C-924E2B162750} = {5EDC148B-ACF5-49DA-A05C-924E2B162750}
		{BEFFACD2-07B1-4CB3-A65E-92FCEB8FEA77} = {BEFFACD2-07B1-4CB3-A65E-92FCEB8FEA77}
	EndProjectSection
EndProject
Project("{8BC9CEB8-8B4A-11D0-8D11-00A0C91BC942}") = "shaderapidx10", "materialsystem\shaderapidx9\shaderapidx10.vcproj", "{29F0B9FC-8240-4146-943D-A970698EBFA3}"
	ProjectSection(ProjectDependencies) = postProject
		{FE02F105-1A72-4AD8-B928-82C83DF663D5} = {FE02F105-1A72-4AD8-B928-82C83DF663D5}
		{F8E20A37-8AC2-4587-90DB-565934B985B0} = {F8E20A37-8AC2-4587-90DB-565934B985B0}
		{8BE8D44D-B656-40C7-83D2-D51309021093} = {8BE8D44D-B656-40C7-83D2-D51309021093}
		{7477716C-91C5-47D1-9821-61C61C066E8C} = {7477716C-91C5-47D1-9821-61C61C066E8C}
		{5EDC148B-ACF5-49DA-A05C-924E2B162750} = {5EDC148B-ACF5-49DA-A05C-924E2B162750}
		{BEFFACD2-07B1-4CB3-A65E-92FCEB8FEA77} = {BEFFACD2-07B1-4CB3-A65E-92FCEB8FEA77}
	EndProjectSection
EndProject
Project("{8BC9CEB8-8B4A-11D0-8D11-00A0C91BC942}") = "Simdtest", "utils\simdtest\simdtest.vcproj", "{0693B2F1-DFEF-4050-AB3E-AA6450ED410F}"
	ProjectSection(ProjectDependencies) = postProject
		{FE02F105-1A72-4AD8-B928-82C83DF663D5} = {FE02F105-1A72-4AD8-B928-82C83DF663D5}
		{F8E20A37-8AC2-4587-90DB-565934B985B0} = {F8E20A37-8AC2-4587-90DB-565934B985B0}
		{8BE8D44D-B656-40C7-83D2-D51309021093} = {8BE8D44D-B656-40C7-83D2-D51309021093}
		{7477716C-91C5-47D1-9821-61C61C066E8C} = {7477716C-91C5-47D1-9821-61C61C066E8C}
		{5EDC148B-ACF5-49DA-A05C-924E2B162750} = {5EDC148B-ACF5-49DA-A05C-924E2B162750}
		{7F99BCE2-19C2-497B-B70D-F65BAA17294C} = {7F99BCE2-19C2-497B-B70D-F65BAA17294C}
	EndProjectSection
EndProject
Global
	GlobalSection(SolutionConfigurationPlatforms) = preSolution
		Debug|Win32 = Debug|Win32
		Ep2 Release|Win32 = Ep2 Release|Win32
		Release|Win32 = Release|Win32
	EndGlobalSection
	GlobalSection(ProjectConfigurationPlatforms) = postSolution
		{FE02F105-1A72-4AD8-B928-82C83DF663D5}.Debug|Win32.ActiveCfg = Debug|Win32
		{FE02F105-1A72-4AD8-B928-82C83DF663D5}.Debug|Win32.Build.0 = Debug|Win32
		{FE02F105-1A72-4AD8-B928-82C83DF663D5}.Ep2 Release|Win32.ActiveCfg = Release|Win32
		{FE02F105-1A72-4AD8-B928-82C83DF663D5}.Ep2 Release|Win32.Build.0 = Release|Win32
		{FE02F105-1A72-4AD8-B928-82C83DF663D5}.Release|Win32.ActiveCfg = Release|Win32
		{FE02F105-1A72-4AD8-B928-82C83DF663D5}.Release|Win32.Build.0 = Release|Win32
		{F8E20A37-8AC2-4587-90DB-565934B985B0}.Debug|Win32.ActiveCfg = Debug|Win32
		{F8E20A37-8AC2-4587-90DB-565934B985B0}.Debug|Win32.Build.0 = Debug|Win32
		{F8E20A37-8AC2-4587-90DB-565934B985B0}.Ep2 Release|Win32.ActiveCfg = Release|Win32
		{F8E20A37-8AC2-4587-90DB-565934B985B0}.Ep2 Release|Win32.Build.0 = Release|Win32
		{F8E20A37-8AC2-4587-90DB-565934B985B0}.Release|Win32.ActiveCfg = Release|Win32
		{F8E20A37-8AC2-4587-90DB-565934B985B0}.Release|Win32.Build.0 = Release|Win32
		{5EDC148B-ACF5-49DA-A05C-924E2B162750}.Debug|Win32.ActiveCfg = Debug|Win32
		{5EDC148B-ACF5-49DA-A05C-924E2B162750}.Debug|Win32.Build.0 = Debug|Win32
		{5EDC148B-ACF5-49DA-A05C-924E2B162750}.Ep2 Release|Win32.ActiveCfg = Release|Win32
		{5EDC148B-ACF5-49DA-A05C-924E2B162750}.Ep2 Release|Win32.Build.0 = Release|Win32
		{5EDC148B-ACF5-49DA-A05C-924E2B162750}.Release|Win32.ActiveCfg = Release|Win32
		{5EDC148B-ACF5-49DA-A05C-924E2B162750}.Release|Win32.Build.0 = Release|Win32
		{2016F937-136A-4182-BA4C-E179BE64AD52}.Debug|Win32.ActiveCfg = Debug|Win32
		{2016F937-136A-4182-BA4C-E179BE64AD52}.Debug|Win32.Build.0 = Debug|Win32
		{2016F937-136A-4182-BA4C-E179BE64AD52}.Ep2 Release|Win32.ActiveCfg = Release|Win32
		{2016F937-136A-4182-BA4C-E179BE64AD52}.Ep2 Release|Win32.Build.0 = Release|Win32
		{2016F937-136A-4182-BA4C-E179BE64AD52}.Release|Win32.ActiveCfg = Release|Win32
		{2016F937-136A-4182-BA4C-E179BE64AD52}.Release|Win32.Build.0 = Release|Win32
		{7477716C-91C5-47D1-9821-61C61C066E8C}.Debug|Win32.ActiveCfg = Debug|Win32
		{7477716C-91C5-47D1-9821-61C61C066E8C}.Debug|Win32.Build.0 = Debug|Win32
		{7477716C-91C5-47D1-9821-61C61C066E8C}.Ep2 Release|Win32.ActiveCfg = Release|Win32
		{7477716C-91C5-47D1-9821-61C61C066E8C}.Ep2 Release|Win32.Build.0 = Release|Win32
		{7477716C-91C5-47D1-9821-61C61C066E8C}.Release|Win32.ActiveCfg = Release|Win32
		{7477716C-91C5-47D1-9821-61C61C066E8C}.Release|Win32.Build.0 = Release|Win32
		{8BE8D44D-B656-40C7-83D2-D51309021093}.Debug|Win32.ActiveCfg = Debug|Win32
		{8BE8D44D-B656-40C7-83D2-D51309021093}.Debug|Win32.Build.0 = Debug|Win32
		{8BE8D44D-B656-40C7-83D2-D51309021093}.Ep2 Release|Win32.ActiveCfg = Release|Win32
		{8BE8D44D-B656-40C7-83D2-D51309021093}.Ep2 Release|Win32.Build.0 = Release|Win32
		{8BE8D44D-B656-40C7-83D2-D51309021093}.Release|Win32.ActiveCfg = Release|Win32
		{8BE8D44D-B656-40C7-83D2-D51309021093}.Release|Win32.Build.0 = Release|Win32
		{D98F41BD-A135-4FEA-A53A-C6553419DA29}.Debug|Win32.ActiveCfg = Debug|Win32
		{D98F41BD-A135-4FEA-A53A-C6553419DA29}.Debug|Win32.Build.0 = Debug|Win32
		{D98F41BD-A135-4FEA-A53A-C6553419DA29}.Ep2 Release|Win32.ActiveCfg = Release|Win32
		{D98F41BD-A135-4FEA-A53A-C6553419DA29}.Ep2 Release|Win32.Build.0 = Release|Win32
		{D98F41BD-A135-4FEA-A53A-C6553419DA29}.Release|Win32.ActiveCfg = Release|Win32
		{D98F41BD-A135-4FEA-A53A-C6553419DA29}.Release|Win32.Build.0 = Release|Win32
		{715C34D0-103C-48B8-934F-E7367B33D773}.Debug|Win32.ActiveCfg = Debug|Win32
		{715C34D0-103C-48B8-934F-E7367B33D773}.Debug|Win32.Build.0 = Debug|Win32
		{715C34D0-103C-48B8-934F-E7367B33D773}.Ep2 Release|Win32.ActiveCfg = Release|Win32
		{715C34D0-103C-48B8-934F-E7367B33D773}.Ep2 Release|Win32.Build.0 = Release|Win32
		{715C34D0-103C-48B8-934F-E7367B33D773}.Release|Win32.ActiveCfg = Release|Win32
		{715C34D0-103C-48B8-934F-E7367B33D773}.Release|Win32.Build.0 = Release|Win32
		{10DD36FB-AA3F-4B0B-A5ED-F11C1D5B6BD0}.Debug|Win32.ActiveCfg = Debug|Win32
		{10DD36FB-AA3F-4B0B-A5ED-F11C1D5B6BD0}.Debug|Win32.Build.0 = Debug|Win32
		{10DD36FB-AA3F-4B0B-A5ED-F11C1D5B6BD0}.Ep2 Release|Win32.ActiveCfg = Release|Win32
		{10DD36FB-AA3F-4B0B-A5ED-F11C1D5B6BD0}.Ep2 Release|Win32.Build.0 = Release|Win32
		{10DD36FB-AA3F-4B0B-A5ED-F11C1D5B6BD0}.Release|Win32.ActiveCfg = Release|Win32
		{10DD36FB-AA3F-4B0B-A5ED-F11C1D5B6BD0}.Release|Win32.Build.0 = Release|Win32
		{5F5B0FBE-D3E6-4653-A23F-E8B6B8A5FC0E}.Debug|Win32.ActiveCfg = Debug|Win32
		{5F5B0FBE-D3E6-4653-A23F-E8B6B8A5FC0E}.Debug|Win32.Build.0 = Debug|Win32
		{5F5B0FBE-D3E6-4653-A23F-E8B6B8A5FC0E}.Ep2 Release|Win32.ActiveCfg = Release|Win32
		{5F5B0FBE-D3E6-4653-A23F-E8B6B8A5FC0E}.Ep2 Release|Win32.Build.0 = Release|Win32
		{5F5B0FBE-D3E6-4653-A23F-E8B6B8A5FC0E}.Release|Win32.ActiveCfg = Release|Win32
		{5F5B0FBE-D3E6-4653-A23F-E8B6B8A5FC0E}.Release|Win32.Build.0 = Release|Win32
		{C51B715B-C0E5-4675-9AA9-A1BF0F496C02}.Debug|Win32.ActiveCfg = Debug|Win32
		{C51B715B-C0E5-4675-9AA9-A1BF0F496C02}.Debug|Win32.Build.0 = Debug|Win32
		{C51B715B-C0E5-4675-9AA9-A1BF0F496C02}.Ep2 Release|Win32.ActiveCfg = Release|Win32
		{C51B715B-C0E5-4675-9AA9-A1BF0F496C02}.Ep2 Release|Win32.Build.0 = Release|Win32
		{C51B715B-C0E5-4675-9AA9-A1BF0F496C02}.Release|Win32.ActiveCfg = Release|Win32
		{C51B715B-C0E5-4675-9AA9-A1BF0F496C02}.Release|Win32.Build.0 = Release|Win32
		{25847A82-A9E3-403B-B767-A9D071B44C65}.Debug|Win32.ActiveCfg = Debug|Win32
		{25847A82-A9E3-403B-B767-A9D071B44C65}.Debug|Win32.Build.0 = Debug|Win32
		{25847A82-A9E3-403B-B767-A9D071B44C65}.Ep2 Release|Win32.ActiveCfg = Release|Win32
		{25847A82-A9E3-403B-B767-A9D071B44C65}.Ep2 Release|Win32.Build.0 = Release|Win32
		{25847A82-A9E3-403B-B767-A9D071B44C65}.Release|Win32.ActiveCfg = Release|Win32
		{25847A82-A9E3-403B-B767-A9D071B44C65}.Release|Win32.Build.0 = Release|Win32
		{6266C463-3B48-43CC-9457-887C40E3F821}.Debug|Win32.ActiveCfg = Debug|Win32
		{6266C463-3B48-43CC-9457-887C40E3F821}.Debug|Win32.Build.0 = Debug|Win32
		{6266C463-3B48-43CC-9457-887C40E3F821}.Ep2 Release|Win32.ActiveCfg = Release|Win32
		{6266C463-3B48-43CC-9457-887C40E3F821}.Ep2 Release|Win32.Build.0 = Release|Win32
		{6266C463-3B48-43CC-9457-887C40E3F821}.Release|Win32.ActiveCfg = Release|Win32
		{6266C463-3B48-43CC-9457-887C40E3F821}.Release|Win32.Build.0 = Release|Win32
		{62AB497C-FCB4-423D-A464-9B04A75F86E0}.Debug|Win32.ActiveCfg = Debug|Win32
		{62AB497C-FCB4-423D-A464-9B04A75F86E0}.Debug|Win32.Build.0 = Debug|Win32
		{62AB497C-FCB4-423D-A464-9B04A75F86E0}.Ep2 Release|Win32.ActiveCfg = Release|Win32
		{62AB497C-FCB4-423D-A464-9B04A75F86E0}.Ep2 Release|Win32.Build.0 = Release|Win32
		{62AB497C-FCB4-423D-A464-9B04A75F86E0}.Release|Win32.ActiveCfg = Release|Win32
		{62AB497C-FCB4-423D-A464-9B04A75F86E0}.Release|Win32.Build.0 = Release|Win32
		{C10C662B-C0ED-4DFB-BAB8-F28C80086B45}.Debug|Win32.ActiveCfg = Debug|Win32
		{C10C662B-C0ED-4DFB-BAB8-F28C80086B45}.Debug|Win32.Build.0 = Debug|Win32
		{C10C662B-C0ED-4DFB-BAB8-F28C80086B45}.Ep2 Release|Win32.ActiveCfg = Release|Win32
		{C10C662B-C0ED-4DFB-BAB8-F28C80086B45}.Ep2 Release|Win32.Build.0 = Release|Win32
		{C10C662B-C0ED-4DFB-BAB8-F28C80086B45}.Release|Win32.ActiveCfg = Release|Win32
		{C10C662B-C0ED-4DFB-BAB8-F28C80086B45}.Release|Win32.Build.0 = Release|Win32
		{4E4526C3-5683-4469-8A39-7B802D738C32}.Debug|Win32.ActiveCfg = Debug|Win32
		{4E4526C3-5683-4469-8A39-7B802D738C32}.Debug|Win32.Build.0 = Debug|Win32
		{4E4526C3-5683-4469-8A39-7B802D738C32}.Ep2 Release|Win32.ActiveCfg = Release|Win32
		{4E4526C3-5683-4469-8A39-7B802D738C32}.Ep2 Release|Win32.Build.0 = Release|Win32
		{4E4526C3-5683-4469-8A39-7B802D738C32}.Release|Win32.ActiveCfg = Release|Win32
		{4E4526C3-5683-4469-8A39-7B802D738C32}.Release|Win32.Build.0 = Release|Win32
		{3560CEF5-EBC6-4659-8670-3891ACA446B3}.Debug|Win32.ActiveCfg = Debug|Win32
		{3560CEF5-EBC6-4659-8670-3891ACA446B3}.Debug|Win32.Build.0 = Debug|Win32
		{3560CEF5-EBC6-4659-8670-3891ACA446B3}.Ep2 Release|Win32.ActiveCfg = Release|Win32
		{3560CEF5-EBC6-4659-8670-3891ACA446B3}.Ep2 Release|Win32.Build.0 = Release|Win32
		{3560CEF5-EBC6-4659-8670-3891ACA446B3}.Release|Win32.ActiveCfg = Release|Win32
		{3560CEF5-EBC6-4659-8670-3891ACA446B3}.Release|Win32.Build.0 = Release|Win32
		{5C0C813C-67CE-4DDF-9660-14C51C9F8A3A}.Debug|Win32.ActiveCfg = Debug|Win32
		{5C0C813C-67CE-4DDF-9660-14C51C9F8A3A}.Debug|Win32.Build.0 = Debug|Win32
		{5C0C813C-67CE-4DDF-9660-14C51C9F8A3A}.Ep2 Release|Win32.ActiveCfg = Release|Win32
		{5C0C813C-67CE-4DDF-9660-14C51C9F8A3A}.Ep2 Release|Win32.Build.0 = Release|Win32
		{5C0C813C-67CE-4DDF-9660-14C51C9F8A3A}.Release|Win32.ActiveCfg = Release|Win32
		{5C0C813C-67CE-4DDF-9660-14C51C9F8A3A}.Release|Win32.Build.0 = Release|Win32
		{E366534C-8AE4-4A4D-B81F-CCFFD28BA561}.Debug|Win32.ActiveCfg = Debug|Win32
		{E366534C-8AE4-4A4D-B81F-CCFFD28BA561}.Debug|Win32.Build.0 = Debug|Win32
		{E366534C-8AE4-4A4D-B81F-CCFFD28BA561}.Ep2 Release|Win32.ActiveCfg = Release|Win32
		{E366534C-8AE4-4A4D-B81F-CCFFD28BA561}.Ep2 Release|Win32.Build.0 = Release|Win32
		{E366534C-8AE4-4A4D-B81F-CCFFD28BA561}.Release|Win32.ActiveCfg = Release|Win32
		{E366534C-8AE4-4A4D-B81F-CCFFD28BA561}.Release|Win32.Build.0 = Release|Win32
		{DFBE2499-7041-4080-AA83-40C5CF4E4F55}.Debug|Win32.ActiveCfg = Debug|Win32
		{DFBE2499-7041-4080-AA83-40C5CF4E4F55}.Debug|Win32.Build.0 = Debug|Win32
		{DFBE2499-7041-4080-AA83-40C5CF4E4F55}.Ep2 Release|Win32.ActiveCfg = Release|Win32
		{DFBE2499-7041-4080-AA83-40C5CF4E4F55}.Ep2 Release|Win32.Build.0 = Release|Win32
		{DFBE2499-7041-4080-AA83-40C5CF4E4F55}.Release|Win32.ActiveCfg = Release|Win32
		{DFBE2499-7041-4080-AA83-40C5CF4E4F55}.Release|Win32.Build.0 = Release|Win32
		{48E6ED7B-DC80-44A9-87DF-E53404C8499D}.Debug|Win32.ActiveCfg = Debug|Win32
		{48E6ED7B-DC80-44A9-87DF-E53404C8499D}.Debug|Win32.Build.0 = Debug|Win32
		{48E6ED7B-DC80-44A9-87DF-E53404C8499D}.Ep2 Release|Win32.ActiveCfg = Release|Win32
		{48E6ED7B-DC80-44A9-87DF-E53404C8499D}.Ep2 Release|Win32.Build.0 = Release|Win32
		{48E6ED7B-DC80-44A9-87DF-E53404C8499D}.Release|Win32.ActiveCfg = Release|Win32
		{48E6ED7B-DC80-44A9-87DF-E53404C8499D}.Release|Win32.Build.0 = Release|Win32
		{831547CF-1D8E-45A3-BA19-BD5BF893332C}.Debug|Win32.ActiveCfg = Debug|Win32
		{831547CF-1D8E-45A3-BA19-BD5BF893332C}.Debug|Win32.Build.0 = Debug|Win32
		{831547CF-1D8E-45A3-BA19-BD5BF893332C}.Ep2 Release|Win32.ActiveCfg = Release|Win32
		{831547CF-1D8E-45A3-BA19-BD5BF893332C}.Ep2 Release|Win32.Build.0 = Release|Win32
		{831547CF-1D8E-45A3-BA19-BD5BF893332C}.Release|Win32.ActiveCfg = Release|Win32
		{831547CF-1D8E-45A3-BA19-BD5BF893332C}.Release|Win32.Build.0 = Release|Win32
		{594A6F34-A5B3-4434-9DCB-51353A2A92A6}.Debug|Win32.ActiveCfg = Debug|Win32
		{594A6F34-A5B3-4434-9DCB-51353A2A92A6}.Debug|Win32.Build.0 = Debug|Win32
		{594A6F34-A5B3-4434-9DCB-51353A2A92A6}.Ep2 Release|Win32.ActiveCfg = Release|Win32
		{594A6F34-A5B3-4434-9DCB-51353A2A92A6}.Ep2 Release|Win32.Build.0 = Release|Win32
		{594A6F34-A5B3-4434-9DCB-51353A2A92A6}.Release|Win32.ActiveCfg = Release|Win32
		{594A6F34-A5B3-4434-9DCB-51353A2A92A6}.Release|Win32.Build.0 = Release|Win32
		{99ACCA4E-8748-4AAF-A38D-36DCD6F95A23}.Debug|Win32.ActiveCfg = Debug|Win32
		{99ACCA4E-8748-4AAF-A38D-36DCD6F95A23}.Debug|Win32.Build.0 = Debug|Win32
		{99ACCA4E-8748-4AAF-A38D-36DCD6F95A23}.Ep2 Release|Win32.ActiveCfg = Release|Win32
		{99ACCA4E-8748-4AAF-A38D-36DCD6F95A23}.Ep2 Release|Win32.Build.0 = Release|Win32
		{99ACCA4E-8748-4AAF-A38D-36DCD6F95A23}.Release|Win32.ActiveCfg = Release|Win32
		{99ACCA4E-8748-4AAF-A38D-36DCD6F95A23}.Release|Win32.Build.0 = Release|Win32
		{C2199634-6C18-4D43-9F85-CAA40AC80729}.Debug|Win32.ActiveCfg = Debug|Win32
		{C2199634-6C18-4D43-9F85-CAA40AC80729}.Debug|Win32.Build.0 = Debug|Win32
		{C2199634-6C18-4D43-9F85-CAA40AC80729}.Ep2 Release|Win32.ActiveCfg = Release|Win32
		{C2199634-6C18-4D43-9F85-CAA40AC80729}.Ep2 Release|Win32.Build.0 = Release|Win32
		{C2199634-6C18-4D43-9F85-CAA40AC80729}.Release|Win32.ActiveCfg = Release|Win32
		{C2199634-6C18-4D43-9F85-CAA40AC80729}.Release|Win32.Build.0 = Release|Win32
		{B0B6CD0B-27B5-49C1-B9E6-FC2458FE7175}.Debug|Win32.ActiveCfg = Debug|Win32
		{B0B6CD0B-27B5-49C1-B9E6-FC2458FE7175}.Debug|Win32.Build.0 = Debug|Win32
		{B0B6CD0B-27B5-49C1-B9E6-FC2458FE7175}.Ep2 Release|Win32.ActiveCfg = Release|Win32
		{B0B6CD0B-27B5-49C1-B9E6-FC2458FE7175}.Ep2 Release|Win32.Build.0 = Release|Win32
		{B0B6CD0B-27B5-49C1-B9E6-FC2458FE7175}.Release|Win32.ActiveCfg = Release|Win32
		{B0B6CD0B-27B5-49C1-B9E6-FC2458FE7175}.Release|Win32.Build.0 = Release|Win32
		{42BC2835-DCFA-4780-8D7C-9D4EA9DE119E}.Debug|Win32.ActiveCfg = Debug|Win32
		{42BC2835-DCFA-4780-8D7C-9D4EA9DE119E}.Debug|Win32.Build.0 = Debug|Win32
		{42BC2835-DCFA-4780-8D7C-9D4EA9DE119E}.Ep2 Release|Win32.ActiveCfg = Release|Win32
		{42BC2835-DCFA-4780-8D7C-9D4EA9DE119E}.Ep2 Release|Win32.Build.0 = Release|Win32
		{42BC2835-DCFA-4780-8D7C-9D4EA9DE119E}.Release|Win32.ActiveCfg = Release|Win32
		{42BC2835-DCFA-4780-8D7C-9D4EA9DE119E}.Release|Win32.Build.0 = Release|Win32
		{2E7C1C1B-2947-4B7F-9AB3-E23B8A63E053}.Debug|Win32.ActiveCfg = Debug|Win32
		{2E7C1C1B-2947-4B7F-9AB3-E23B8A63E053}.Debug|Win32.Build.0 = Debug|Win32
		{2E7C1C1B-2947-4B7F-9AB3-E23B8A63E053}.Ep2 Release|Win32.ActiveCfg = Release|Win32
		{2E7C1C1B-2947-4B7F-9AB3-E23B8A63E053}.Ep2 Release|Win32.Build.0 = Release|Win32
		{2E7C1C1B-2947-4B7F-9AB3-E23B8A63E053}.Release|Win32.ActiveCfg = Release|Win32
		{2E7C1C1B-2947-4B7F-9AB3-E23B8A63E053}.Release|Win32.Build.0 = Release|Win32
		{1E9EC2E8-57F7-47E2-BCA6-CF2966D0ADD1}.Debug|Win32.ActiveCfg = Debug|Win32
		{1E9EC2E8-57F7-47E2-BCA6-CF2966D0ADD1}.Debug|Win32.Build.0 = Debug|Win32
		{1E9EC2E8-57F7-47E2-BCA6-CF2966D0ADD1}.Ep2 Release|Win32.ActiveCfg = Release|Win32
		{1E9EC2E8-57F7-47E2-BCA6-CF2966D0ADD1}.Ep2 Release|Win32.Build.0 = Release|Win32
		{1E9EC2E8-57F7-47E2-BCA6-CF2966D0ADD1}.Release|Win32.ActiveCfg = Release|Win32
		{1E9EC2E8-57F7-47E2-BCA6-CF2966D0ADD1}.Release|Win32.Build.0 = Release|Win32
		{D41C657A-5906-4C2C-B258-445960E94F73}.Debug|Win32.ActiveCfg = Debug|Win32
		{D41C657A-5906-4C2C-B258-445960E94F73}.Debug|Win32.Build.0 = Debug|Win32
		{D41C657A-5906-4C2C-B258-445960E94F73}.Ep2 Release|Win32.ActiveCfg = Release|Win32
		{D41C657A-5906-4C2C-B258-445960E94F73}.Ep2 Release|Win32.Build.0 = Release|Win32
		{D41C657A-5906-4C2C-B258-445960E94F73}.Release|Win32.ActiveCfg = Release|Win32
		{D41C657A-5906-4C2C-B258-445960E94F73}.Release|Win32.Build.0 = Release|Win32
		{8E034D8E-3CB5-4000-843C-8924814293EA}.Debug|Win32.ActiveCfg = Debug|Win32
		{8E034D8E-3CB5-4000-843C-8924814293EA}.Debug|Win32.Build.0 = Debug|Win32
		{8E034D8E-3CB5-4000-843C-8924814293EA}.Ep2 Release|Win32.ActiveCfg = Release|Win32
		{8E034D8E-3CB5-4000-843C-8924814293EA}.Ep2 Release|Win32.Build.0 = Release|Win32
		{8E034D8E-3CB5-4000-843C-8924814293EA}.Release|Win32.ActiveCfg = Release|Win32
		{8E034D8E-3CB5-4000-843C-8924814293EA}.Release|Win32.Build.0 = Release|Win32
		{4A27F3F6-7C0E-4733-A150-440425C66B64}.Debug|Win32.ActiveCfg = Debug|Win32
		{4A27F3F6-7C0E-4733-A150-440425C66B64}.Debug|Win32.Build.0 = Debug|Win32
		{4A27F3F6-7C0E-4733-A150-440425C66B64}.Ep2 Release|Win32.ActiveCfg = Release|Win32
		{4A27F3F6-7C0E-4733-A150-440425C66B64}.Ep2 Release|Win32.Build.0 = Release|Win32
		{4A27F3F6-7C0E-4733-A150-440425C66B64}.Release|Win32.ActiveCfg = Release|Win32
		{4A27F3F6-7C0E-4733-A150-440425C66B64}.Release|Win32.Build.0 = Release|Win32
		{8CAAC037-0612-46FE-A345-82425F6396A8}.Debug|Win32.ActiveCfg = Debug|Win32
		{8CAAC037-0612-46FE-A345-82425F6396A8}.Debug|Win32.Build.0 = Debug|Win32
		{8CAAC037-0612-46FE-A345-82425F6396A8}.Ep2 Release|Win32.ActiveCfg = Release|Win32
		{8CAAC037-0612-46FE-A345-82425F6396A8}.Ep2 Release|Win32.Build.0 = Release|Win32
		{8CAAC037-0612-46FE-A345-82425F6396A8}.Release|Win32.ActiveCfg = Release|Win32
		{8CAAC037-0612-46FE-A345-82425F6396A8}.Release|Win32.Build.0 = Release|Win32
		{E6B3D7DC-E615-4F9E-8E14-E7AFE068E862}.Debug|Win32.ActiveCfg = Debug|Win32
		{E6B3D7DC-E615-4F9E-8E14-E7AFE068E862}.Debug|Win32.Build.0 = Debug|Win32
		{E6B3D7DC-E615-4F9E-8E14-E7AFE068E862}.Ep2 Release|Win32.ActiveCfg = Release|Win32
		{E6B3D7DC-E615-4F9E-8E14-E7AFE068E862}.Ep2 Release|Win32.Build.0 = Release|Win32
		{E6B3D7DC-E615-4F9E-8E14-E7AFE068E862}.Release|Win32.ActiveCfg = Release|Win32
		{E6B3D7DC-E615-4F9E-8E14-E7AFE068E862}.Release|Win32.Build.0 = Release|Win32
		{43FFA2BE-1B70-4263-9A77-24795D7A7554}.Debug|Win32.ActiveCfg = Debug|Win32
		{43FFA2BE-1B70-4263-9A77-24795D7A7554}.Debug|Win32.Build.0 = Debug|Win32
		{43FFA2BE-1B70-4263-9A77-24795D7A7554}.Ep2 Release|Win32.ActiveCfg = Release|Win32
		{43FFA2BE-1B70-4263-9A77-24795D7A7554}.Ep2 Release|Win32.Build.0 = Release|Win32
		{43FFA2BE-1B70-4263-9A77-24795D7A7554}.Release|Win32.ActiveCfg = Release|Win32
		{43FFA2BE-1B70-4263-9A77-24795D7A7554}.Release|Win32.Build.0 = Release|Win32
		{7F99BCE2-19C2-497B-B70D-F65BAA17294C}.Debug|Win32.ActiveCfg = Debug|Win32
		{7F99BCE2-19C2-497B-B70D-F65BAA17294C}.Debug|Win32.Build.0 = Debug|Win32
		{7F99BCE2-19C2-497B-B70D-F65BAA17294C}.Ep2 Release|Win32.ActiveCfg = Release|Win32
		{7F99BCE2-19C2-497B-B70D-F65BAA17294C}.Ep2 Release|Win32.Build.0 = Release|Win32
		{7F99BCE2-19C2-497B-B70D-F65BAA17294C}.Release|Win32.ActiveCfg = Release|Win32
		{7F99BCE2-19C2-497B-B70D-F65BAA17294C}.Release|Win32.Build.0 = Release|Win32
		{B26A7060-8424-4E9C-AD77-595E56F718F2}.Debug|Win32.ActiveCfg = Debug|Win32
		{B26A7060-8424-4E9C-AD77-595E56F718F2}.Debug|Win32.Build.0 = Debug|Win32
		{B26A7060-8424-4E9C-AD77-595E56F718F2}.Ep2 Release|Win32.ActiveCfg = Release|Win32
		{B26A7060-8424-4E9C-AD77-595E56F718F2}.Ep2 Release|Win32.Build.0 = Release|Win32
		{B26A7060-8424-4E9C-AD77-595E56F718F2}.Release|Win32.ActiveCfg = Release|Win32
		{B26A7060-8424-4E9C-AD77-595E56F718F2}.Release|Win32.Build.0 = Release|Win32
		{55C42863-4405-4359-BF60-E369F07C4A9B}.Debug|Win32.ActiveCfg = Debug|Win32
		{55C42863-4405-4359-BF60-E369F07C4A9B}.Debug|Win32.Build.0 = Debug|Win32
		{55C42863-4405-4359-BF60-E369F07C4A9B}.Ep2 Release|Win32.ActiveCfg = Release|Win32
		{55C42863-4405-4359-BF60-E369F07C4A9B}.Ep2 Release|Win32.Build.0 = Release|Win32
		{55C42863-4405-4359-BF60-E369F07C4A9B}.Release|Win32.ActiveCfg = Release|Win32
		{55C42863-4405-4359-BF60-E369F07C4A9B}.Release|Win32.Build.0 = Release|Win32
		{A15FDB91-9821-4EFD-BB0C-04EE57D7612F}.Debug|Win32.ActiveCfg = Debug|Win32
		{A15FDB91-9821-4EFD-BB0C-04EE57D7612F}.Debug|Win32.Build.0 = Debug|Win32
		{A15FDB91-9821-4EFD-BB0C-04EE57D7612F}.Ep2 Release|Win32.ActiveCfg = Release|Win32
		{A15FDB91-9821-4EFD-BB0C-04EE57D7612F}.Ep2 Release|Win32.Build.0 = Release|Win32
		{A15FDB91-9821-4EFD-BB0C-04EE57D7612F}.Release|Win32.ActiveCfg = Release|Win32
		{A15FDB91-9821-4EFD-BB0C-04EE57D7612F}.Release|Win32.Build.0 = Release|Win32
		{AF10CDCC-FB47-4202-81E3-AA994E53E8D5}.Debug|Win32.ActiveCfg = Debug|Win32
		{AF10CDCC-FB47-4202-81E3-AA994E53E8D5}.Debug|Win32.Build.0 = Debug|Win32
		{AF10CDCC-FB47-4202-81E3-AA994E53E8D5}.Ep2 Release|Win32.ActiveCfg = Release|Win32
		{AF10CDCC-FB47-4202-81E3-AA994E53E8D5}.Ep2 Release|Win32.Build.0 = Release|Win32
		{AF10CDCC-FB47-4202-81E3-AA994E53E8D5}.Release|Win32.ActiveCfg = Release|Win32
		{AF10CDCC-FB47-4202-81E3-AA994E53E8D5}.Release|Win32.Build.0 = Release|Win32
		{E71CDA85-D200-48CC-A487-780F27901814}.Debug|Win32.ActiveCfg = Debug|Win32
		{E71CDA85-D200-48CC-A487-780F27901814}.Debug|Win32.Build.0 = Debug|Win32
		{E71CDA85-D200-48CC-A487-780F27901814}.Ep2 Release|Win32.ActiveCfg = Release|Win32
		{E71CDA85-D200-48CC-A487-780F27901814}.Ep2 Release|Win32.Build.0 = Release|Win32
		{E71CDA85-D200-48CC-A487-780F27901814}.Release|Win32.ActiveCfg = Release|Win32
		{E71CDA85-D200-48CC-A487-780F27901814}.Release|Win32.Build.0 = Release|Win32
		{C3FCFECA-8BEA-4C6C-B48E-EA77E401A80F}.Debug|Win32.ActiveCfg = Debug|Win32
		{C3FCFECA-8BEA-4C6C-B48E-EA77E401A80F}.Debug|Win32.Build.0 = Debug|Win32
		{C3FCFECA-8BEA-4C6C-B48E-EA77E401A80F}.Ep2 Release|Win32.ActiveCfg = Release|Win32
		{C3FCFECA-8BEA-4C6C-B48E-EA77E401A80F}.Ep2 Release|Win32.Build.0 = Release|Win32
		{C3FCFECA-8BEA-4C6C-B48E-EA77E401A80F}.Release|Win32.ActiveCfg = Release|Win32
		{C3FCFECA-8BEA-4C6C-B48E-EA77E401A80F}.Release|Win32.Build.0 = Release|Win32
		{231A32ED-7708-49BB-8ABD-2BE1C6A766DF}.Debug|Win32.ActiveCfg = Debug|Win32
		{231A32ED-7708-49BB-8ABD-2BE1C6A766DF}.Debug|Win32.Build.0 = Debug|Win32
		{231A32ED-7708-49BB-8ABD-2BE1C6A766DF}.Ep2 Release|Win32.ActiveCfg = Release|Win32
		{231A32ED-7708-49BB-8ABD-2BE1C6A766DF}.Ep2 Release|Win32.Build.0 = Release|Win32
		{231A32ED-7708-49BB-8ABD-2BE1C6A766DF}.Release|Win32.ActiveCfg = Release|Win32
		{231A32ED-7708-49BB-8ABD-2BE1C6A766DF}.Release|Win32.Build.0 = Release|Win32
		{78768610-44CC-47AA-9064-95449328075C}.Debug|Win32.ActiveCfg = Debug|Win32
		{78768610-44CC-47AA-9064-95449328075C}.Debug|Win32.Build.0 = Debug|Win32
		{78768610-44CC-47AA-9064-95449328075C}.Ep2 Release|Win32.ActiveCfg = Release|Win32
		{78768610-44CC-47AA-9064-95449328075C}.Ep2 Release|Win32.Build.0 = Release|Win32
		{78768610-44CC-47AA-9064-95449328075C}.Release|Win32.ActiveCfg = Release|Win32
		{78768610-44CC-47AA-9064-95449328075C}.Release|Win32.Build.0 = Release|Win32
		{7E0D3B39-8FBA-4E6F-82BD-54FE90014D26}.Debug|Win32.ActiveCfg = Debug|Win32
		{7E0D3B39-8FBA-4E6F-82BD-54FE90014D26}.Debug|Win32.Build.0 = Debug|Win32
		{7E0D3B39-8FBA-4E6F-82BD-54FE90014D26}.Ep2 Release|Win32.ActiveCfg = Release|Win32
		{7E0D3B39-8FBA-4E6F-82BD-54FE90014D26}.Release|Win32.ActiveCfg = Release|Win32
		{7E0D3B39-8FBA-4E6F-82BD-54FE90014D26}.Release|Win32.Build.0 = Release|Win32
		{977106A3-2D42-4959-B693-63B797E12EE7}.Debug|Win32.ActiveCfg = Debug|Win32
		{977106A3-2D42-4959-B693-63B797E12EE7}.Debug|Win32.Build.0 = Debug|Win32
		{977106A3-2D42-4959-B693-63B797E12EE7}.Ep2 Release|Win32.ActiveCfg = Release|Win32
		{977106A3-2D42-4959-B693-63B797E12EE7}.Release|Win32.ActiveCfg = Release|Win32
		{977106A3-2D42-4959-B693-63B797E12EE7}.Release|Win32.Build.0 = Release|Win32
		{50D70B88-2F2F-421F-B204-24DE344D3802}.Debug|Win32.ActiveCfg = Debug|Win32
		{50D70B88-2F2F-421F-B204-24DE344D3802}.Debug|Win32.Build.0 = Debug|Win32
		{50D70B88-2F2F-421F-B204-24DE344D3802}.Ep2 Release|Win32.ActiveCfg = Release|Win32
		{50D70B88-2F2F-421F-B204-24DE344D3802}.Ep2 Release|Win32.Build.0 = Release|Win32
		{50D70B88-2F2F-421F-B204-24DE344D3802}.Release|Win32.ActiveCfg = Release|Win32
		{50D70B88-2F2F-421F-B204-24DE344D3802}.Release|Win32.Build.0 = Release|Win32
		{4FEEDB5C-54D5-41F5-A52A-ED738B40D932}.Debug|Win32.ActiveCfg = Debug|Win32
		{4FEEDB5C-54D5-41F5-A52A-ED738B40D932}.Debug|Win32.Build.0 = Debug|Win32
		{4FEEDB5C-54D5-41F5-A52A-ED738B40D932}.Ep2 Release|Win32.ActiveCfg = Release|Win32
		{4FEEDB5C-54D5-41F5-A52A-ED738B40D932}.Release|Win32.ActiveCfg = Release|Win32
		{4FEEDB5C-54D5-41F5-A52A-ED738B40D932}.Release|Win32.Build.0 = Release|Win32
		{F4E17C3D-7219-4F5D-B69B-06DC7024A96E}.Debug|Win32.ActiveCfg = Debug|Win32
		{F4E17C3D-7219-4F5D-B69B-06DC7024A96E}.Debug|Win32.Build.0 = Debug|Win32
		{F4E17C3D-7219-4F5D-B69B-06DC7024A96E}.Ep2 Release|Win32.ActiveCfg = Release|Win32
		{F4E17C3D-7219-4F5D-B69B-06DC7024A96E}.Release|Win32.ActiveCfg = Release|Win32
		{F4E17C3D-7219-4F5D-B69B-06DC7024A96E}.Release|Win32.Build.0 = Release|Win32
		{1CC700F0-D7FB-445F-B34F-3FE08552161E}.Debug|Win32.ActiveCfg = Debug|Win32
		{1CC700F0-D7FB-445F-B34F-3FE08552161E}.Debug|Win32.Build.0 = Debug|Win32
		{1CC700F0-D7FB-445F-B34F-3FE08552161E}.Ep2 Release|Win32.ActiveCfg = Release|Win32
		{1CC700F0-D7FB-445F-B34F-3FE08552161E}.Release|Win32.ActiveCfg = Release|Win32
		{1CC700F0-D7FB-445F-B34F-3FE08552161E}.Release|Win32.Build.0 = Release|Win32
		{5A97BCF5-D852-4196-8A80-70C50E8E5488}.Debug|Win32.ActiveCfg = Debug|Win32
		{5A97BCF5-D852-4196-8A80-70C50E8E5488}.Debug|Win32.Build.0 = Debug|Win32
		{5A97BCF5-D852-4196-8A80-70C50E8E5488}.Ep2 Release|Win32.ActiveCfg = Release|Win32
		{5A97BCF5-D852-4196-8A80-70C50E8E5488}.Release|Win32.ActiveCfg = Release|Win32
		{5A97BCF5-D852-4196-8A80-70C50E8E5488}.Release|Win32.Build.0 = Release|Win32
		{4030D8D8-28D7-432B-9A01-9DB163B2CB59}.Debug|Win32.ActiveCfg = Debug|Win32
		{4030D8D8-28D7-432B-9A01-9DB163B2CB59}.Debug|Win32.Build.0 = Debug|Win32
		{4030D8D8-28D7-432B-9A01-9DB163B2CB59}.Ep2 Release|Win32.ActiveCfg = Release|Win32
		{4030D8D8-28D7-432B-9A01-9DB163B2CB59}.Release|Win32.ActiveCfg = Release|Win32
		{4030D8D8-28D7-432B-9A01-9DB163B2CB59}.Release|Win32.Build.0 = Release|Win32
		{8753CC40-864A-445B-B282-D5AA5AA2600A}.Debug|Win32.ActiveCfg = Debug|Win32
		{8753CC40-864A-445B-B282-D5AA5AA2600A}.Debug|Win32.Build.0 = Debug|Win32
		{8753CC40-864A-445B-B282-D5AA5AA2600A}.Ep2 Release|Win32.ActiveCfg = Release|Win32
		{8753CC40-864A-445B-B282-D5AA5AA2600A}.Release|Win32.ActiveCfg = Release|Win32
		{8753CC40-864A-445B-B282-D5AA5AA2600A}.Release|Win32.Build.0 = Release|Win32
		{468C4E3D-D34D-417F-82E8-9F4178C7F79D}.Debug|Win32.ActiveCfg = Debug|Win32
		{468C4E3D-D34D-417F-82E8-9F4178C7F79D}.Debug|Win32.Build.0 = Debug|Win32
		{468C4E3D-D34D-417F-82E8-9F4178C7F79D}.Ep2 Release|Win32.ActiveCfg = Release|Win32
		{468C4E3D-D34D-417F-82E8-9F4178C7F79D}.Ep2 Release|Win32.Build.0 = Release|Win32
		{468C4E3D-D34D-417F-82E8-9F4178C7F79D}.Release|Win32.ActiveCfg = Release|Win32
		{468C4E3D-D34D-417F-82E8-9F4178C7F79D}.Release|Win32.Build.0 = Release|Win32
		{BC4B9D31-3815-4C37-9224-736E27D147C4}.Debug|Win32.ActiveCfg = Debug|Win32
		{BC4B9D31-3815-4C37-9224-736E27D147C4}.Debug|Win32.Build.0 = Debug|Win32
		{BC4B9D31-3815-4C37-9224-736E27D147C4}.Ep2 Release|Win32.ActiveCfg = Release|Win32
		{BC4B9D31-3815-4C37-9224-736E27D147C4}.Release|Win32.ActiveCfg = Release|Win32
		{BC4B9D31-3815-4C37-9224-736E27D147C4}.Release|Win32.Build.0 = Release|Win32
		{7AB8117A-3FD9-4A78-841A-B55FBDB6E793}.Debug|Win32.ActiveCfg = Debug|Win32
		{7AB8117A-3FD9-4A78-841A-B55FBDB6E793}.Debug|Win32.Build.0 = Debug|Win32
		{7AB8117A-3FD9-4A78-841A-B55FBDB6E793}.Ep2 Release|Win32.ActiveCfg = Release|Win32
		{7AB8117A-3FD9-4A78-841A-B55FBDB6E793}.Release|Win32.ActiveCfg = Release|Win32
		{7AB8117A-3FD9-4A78-841A-B55FBDB6E793}.Release|Win32.Build.0 = Release|Win32
		{68775368-D56B-465A-AF08-36DCF21FC7DF}.Debug|Win32.ActiveCfg = Debug|Win32
		{68775368-D56B-465A-AF08-36DCF21FC7DF}.Debug|Win32.Build.0 = Debug|Win32
		{68775368-D56B-465A-AF08-36DCF21FC7DF}.Ep2 Release|Win32.ActiveCfg = Release|Win32
		{68775368-D56B-465A-AF08-36DCF21FC7DF}.Release|Win32.ActiveCfg = Release|Win32
		{68775368-D56B-465A-AF08-36DCF21FC7DF}.Release|Win32.Build.0 = Release|Win32
		{CFEA7F22-B281-4910-8DFF-BD07E4701207}.Debug|Win32.ActiveCfg = Debug|Win32
		{CFEA7F22-B281-4910-8DFF-BD07E4701207}.Debug|Win32.Build.0 = Debug|Win32
		{CFEA7F22-B281-4910-8DFF-BD07E4701207}.Ep2 Release|Win32.ActiveCfg = Release|Win32
		{CFEA7F22-B281-4910-8DFF-BD07E4701207}.Release|Win32.ActiveCfg = Release|Win32
		{CFEA7F22-B281-4910-8DFF-BD07E4701207}.Release|Win32.Build.0 = Release|Win32
		{BEFFACD2-07B1-4CB3-A65E-92FCEB8FEA77}.Debug|Win32.ActiveCfg = Debug|Win32
		{BEFFACD2-07B1-4CB3-A65E-92FCEB8FEA77}.Debug|Win32.Build.0 = Debug|Win32
		{BEFFACD2-07B1-4CB3-A65E-92FCEB8FEA77}.Ep2 Release|Win32.ActiveCfg = Release|Win32
		{BEFFACD2-07B1-4CB3-A65E-92FCEB8FEA77}.Ep2 Release|Win32.Build.0 = Release|Win32
		{BEFFACD2-07B1-4CB3-A65E-92FCEB8FEA77}.Release|Win32.ActiveCfg = Release|Win32
		{BEFFACD2-07B1-4CB3-A65E-92FCEB8FEA77}.Release|Win32.Build.0 = Release|Win32
		{81B2F779-5A5A-41FE-AD97-BB58EC716C62}.Debug|Win32.ActiveCfg = Debug|Win32
		{81B2F779-5A5A-41FE-AD97-BB58EC716C62}.Debug|Win32.Build.0 = Debug|Win32
		{81B2F779-5A5A-41FE-AD97-BB58EC716C62}.Ep2 Release|Win32.ActiveCfg = Release|Win32
		{81B2F779-5A5A-41FE-AD97-BB58EC716C62}.Ep2 Release|Win32.Build.0 = Release|Win32
		{81B2F779-5A5A-41FE-AD97-BB58EC716C62}.Release|Win32.ActiveCfg = Release|Win32
		{81B2F779-5A5A-41FE-AD97-BB58EC716C62}.Release|Win32.Build.0 = Release|Win32
		{29F0B9FC-8240-4146-943D-A970698EBFA3}.Debug|Win32.ActiveCfg = Debug|Win32
		{29F0B9FC-8240-4146-943D-A970698EBFA3}.Debug|Win32.Build.0 = Debug|Win32
		{29F0B9FC-8240-4146-943D-A970698EBFA3}.Ep2 Release|Win32.ActiveCfg = Release|Win32
		{29F0B9FC-8240-4146-943D-A970698EBFA3}.Ep2 Release|Win32.Build.0 = Release|Win32
		{29F0B9FC-8240-4146-943D-A970698EBFA3}.Release|Win32.ActiveCfg = Release|Win32
		{29F0B9FC-8240-4146-943D-A970698EBFA3}.Release|Win32.Build.0 = Release|Win32
		{0693B2F1-DFEF-4050-AB3E-AA6450ED410F}.Debug|Win32.ActiveCfg = Debug|Win32
		{0693B2F1-DFEF-4050-AB3E-AA6450ED410F}.Debug|Win32.Build.0 = Debug|Win32
		{0693B2F1-DFEF-4050-AB3E-AA6450ED410F}.Ep2 Release|Win32.ActiveCfg = Release|Win32
		{0693B2F1-DFEF-4050-AB3E-AA6450ED410F}.Ep2 Release|Win32.Build.0 = Release|Win32
		{0693B2F1-DFEF-4050-AB3E-AA6450ED410F}.Release|Win32.ActiveCfg = Release|Win32
		{0693B2F1-DFEF-4050-AB3E-AA6450ED410F}.Release|Win32.Build.0 = Release|Win32
	EndGlobalSection
	GlobalSection(SolutionProperties) = preSolution
		HideSolutionNode = FALSE
	EndGlobalSection
EndGlobal
