Microsoft Visual Studio Solution File, Format Version 9.00
# Visual Studio 2005
Project("{8BC9CEB8-8B4A-11D0-8D11-00A0C91BC942}") = "tier0", "tier0\tier0.vcproj", "{561F26FB-2CA0-487A-9D5E-DE1011DC1E2C}"
EndProject
Project("{8BC9CEB8-8B4A-11D0-8D11-00A0C91BC942}") = "vstdlib", "vstdlib\vstdlib.vcproj", "{875ABE14-5605-4317-8325-80311E719F48}"
	ProjectSection(ProjectDependencies) = postProject
		{561F26FB-2CA0-487A-9D5E-DE1011DC1E2C} = {561F26FB-2CA0-487A-9D5E-DE1011DC1E2C}
		{E1DA8DB8-FB4C-4B14-91A6-98BCED6B9720} = {E1DA8DB8-FB4C-4B14-91A6-98BCED6B9720}
	EndProjectSection
EndProject
Project("{8BC9CEB8-8B4A-11D0-8D11-00A0C91BC942}") = "Vmpi", "utils\vmpi\vmpi.vcproj", "{ED85FDB5-7241-427C-8A7B-A85FC2639054}"
EndProject
Project("{8BC9CEB8-8B4A-11D0-8D11-00A0C91BC942}") = "Shadercompile_launcher", "utils\shadercompile_launcher\shadercompile_launcher.vcproj", "{7866B7CD-296E-41A0-8BBA-15F9D422E01D}"
	ProjectSection(ProjectDependencies) = postProject
		{561F26FB-2CA0-487A-9D5E-DE1011DC1E2C} = {561F26FB-2CA0-487A-9D5E-DE1011DC1E2C}
		{875ABE14-5605-4317-8325-80311E719F48} = {875ABE14-5605-4317-8325-80311E719F48}
	EndProjectSection
EndProject
Project("{8BC9CEB8-8B4A-11D0-8D11-00A0C91BC942}") = "tier1", "tier1\tier1.vcproj", "{E1DA8DB8-FB4C-4B14-91A6-98BCED6B9720}"
EndProject
Project("{8BC9CEB8-8B4A-11D0-8D11-00A0C91BC942}") = "tier2", "tier2\tier2.vcproj", "{E1DA9DB8-FB4C-4B14-91A6-98BCED6B9720}"
EndProject
Project("{8BC9CEB8-8B4A-11D0-8D11-00A0C91BC942}") = "FileSystem_Stdio", "filesystem\filesystem_stdio.vcproj", "{231A32ED-7708-49BB-8ABD-2BE1C6A766DF}"
	ProjectSection(ProjectDependencies) = postProject
		{E1DA9DB8-FB4C-4B14-91A6-98BCED6B9720} = {E1DA9DB8-FB4C-4B14-91A6-98BCED6B9720}
		{561F26FB-2CA0-487A-9D5E-DE1011DC1E2C} = {561F26FB-2CA0-487A-9D5E-DE1011DC1E2C}
		{E1DA8DB8-FB4C-4B14-91A6-98BCED6B9720} = {E1DA8DB8-FB4C-4B14-91A6-98BCED6B9720}
		{875ABE14-5605-4317-8325-80311E719F48} = {875ABE14-5605-4317-8325-80311E719F48}
	EndProjectSection
EndProject
Project("{8BC9CEB8-8B4A-11D0-8D11-00A0C91BC942}") = "FileSystem_Steam", "filesystem\filesystem_steam.vcproj", "{52566E3C-69B2-40F8-BEBB-035C8268875A}"
	ProjectSection(ProjectDependencies) = postProject
		{875ABE14-5605-4317-8325-80311E719F48} = {875ABE14-5605-4317-8325-80311E719F48}
		{E1DA8DB8-FB4C-4B14-91A6-98BCED6B9720} = {E1DA8DB8-FB4C-4B14-91A6-98BCED6B9720}
		{E1DA9DB8-FB4C-4B14-91A6-98BCED6B9720} = {E1DA9DB8-FB4C-4B14-91A6-98BCED6B9720}
		{561F26FB-2CA0-487A-9D5E-DE1011DC1E2C} = {561F26FB-2CA0-487A-9D5E-DE1011DC1E2C}
	EndProjectSection
EndProject
Project("{8BC9CEB8-8B4A-11D0-8D11-00A0C91BC942}") = "Shadercompile_dll", "utils\shadercompile\shadercompile_dll.vcproj", "{F4C643D0-8DD2-4F95-B217-610CDB6375DF}"
EndProject
Global
	GlobalSection(SolutionConfigurationPlatforms) = preSolution
		Debug CounterStrike|Win32 = Debug CounterStrike|Win32
		Debug DoD|Win32 = Debug DoD|Win32
		Debug Episodic HL2|Win32 = Debug Episodic HL2|Win32
		Debug HL1|Win32 = Debug HL1|Win32
		Debug HL2|Win32 = Debug HL2|Win32
		Debug HL2MP|Win32 = Debug HL2MP|Win32
		Debug ICONV using MultiTh RTL DLL|Win32 = Debug ICONV using MultiTh RTL DLL|Win32
		Debug IMS|Win32 = Debug IMS|Win32
		Debug SDK|Win32 = Debug SDK|Win32
		Debug STEAM|Win32 = Debug STEAM|Win32
		Debug TF2|Win32 = Debug TF2|Win32
		Debug|Win32 = Debug|Win32
		Dedicated Debug|Win32 = Dedicated Debug|Win32
		Dedicated Release|Win32 = Dedicated Release|Win32
		Profile|Win32 = Profile|Win32
		Release CounterStrike|Win32 = Release CounterStrike|Win32
		Release DoD|Win32 = Release DoD|Win32
		Release Episodic HL2|Win32 = Release Episodic HL2|Win32
		Release HL1|Win32 = Release HL1|Win32
		Release HL2|Win32 = Release HL2|Win32
		Release HL2MP|Win32 = Release HL2MP|Win32
		Release ICONV using MultiTh RTL DLL|Win32 = Release ICONV using MultiTh RTL DLL|Win32
		Release IMS|Win32 = Release IMS|Win32
		Release SDK|Win32 = Release SDK|Win32
		Release STEAM|Win32 = Release STEAM|Win32
		Release TF2|Win32 = Release TF2|Win32
		Release|Win32 = Release|Win32
		ReleaseWithSymbols|Win32 = ReleaseWithSymbols|Win32
		SDK Debug|Win32 = SDK Debug|Win32
		SDK MultiThreaded|Win32 = SDK MultiThreaded|Win32
		SDK Release|Win32 = SDK Release|Win32
		SDK SingleThreaded|Win32 = SDK SingleThreaded|Win32
	EndGlobalSection
	GlobalSection(ProjectConfigurationPlatforms) = postSolution
		{561F26FB-2CA0-487A-9D5E-DE1011DC1E2C}.Debug CounterStrike|Win32.ActiveCfg = Debug|Win32
		{561F26FB-2CA0-487A-9D5E-DE1011DC1E2C}.Debug CounterStrike|Win32.Build.0 = Debug|Win32
		{561F26FB-2CA0-487A-9D5E-DE1011DC1E2C}.Debug DoD|Win32.ActiveCfg = Debug|Win32
		{561F26FB-2CA0-487A-9D5E-DE1011DC1E2C}.Debug DoD|Win32.Build.0 = Debug|Win32
		{561F26FB-2CA0-487A-9D5E-DE1011DC1E2C}.Debug Episodic HL2|Win32.ActiveCfg = Debug|Win32
		{561F26FB-2CA0-487A-9D5E-DE1011DC1E2C}.Debug Episodic HL2|Win32.Build.0 = Debug|Win32
		{561F26FB-2CA0-487A-9D5E-DE1011DC1E2C}.Debug HL1|Win32.ActiveCfg = Debug|Win32
		{561F26FB-2CA0-487A-9D5E-DE1011DC1E2C}.Debug HL1|Win32.Build.0 = Debug|Win32
		{561F26FB-2CA0-487A-9D5E-DE1011DC1E2C}.Debug HL2|Win32.ActiveCfg = Debug|Win32
		{561F26FB-2CA0-487A-9D5E-DE1011DC1E2C}.Debug HL2|Win32.Build.0 = Debug|Win32
		{561F26FB-2CA0-487A-9D5E-DE1011DC1E2C}.Debug HL2MP|Win32.ActiveCfg = Debug|Win32
		{561F26FB-2CA0-487A-9D5E-DE1011DC1E2C}.Debug HL2MP|Win32.Build.0 = Debug|Win32
		{561F26FB-2CA0-487A-9D5E-DE1011DC1E2C}.Debug ICONV using MultiTh RTL DLL|Win32.ActiveCfg = Debug|Win32
		{561F26FB-2CA0-487A-9D5E-DE1011DC1E2C}.Debug ICONV using MultiTh RTL DLL|Win32.Build.0 = Debug|Win32
		{561F26FB-2CA0-487A-9D5E-DE1011DC1E2C}.Debug IMS|Win32.ActiveCfg = Debug|Win32
		{561F26FB-2CA0-487A-9D5E-DE1011DC1E2C}.Debug IMS|Win32.Build.0 = Debug|Win32
		{561F26FB-2CA0-487A-9D5E-DE1011DC1E2C}.Debug SDK|Win32.ActiveCfg = Debug|Win32
		{561F26FB-2CA0-487A-9D5E-DE1011DC1E2C}.Debug SDK|Win32.Build.0 = Debug|Win32
		{561F26FB-2CA0-487A-9D5E-DE1011DC1E2C}.Debug STEAM|Win32.ActiveCfg = Debug|Win32
		{561F26FB-2CA0-487A-9D5E-DE1011DC1E2C}.Debug STEAM|Win32.Build.0 = Debug|Win32
		{561F26FB-2CA0-487A-9D5E-DE1011DC1E2C}.Debug TF2|Win32.ActiveCfg = Debug|Win32
		{561F26FB-2CA0-487A-9D5E-DE1011DC1E2C}.Debug TF2|Win32.Build.0 = Debug|Win32
		{561F26FB-2CA0-487A-9D5E-DE1011DC1E2C}.Debug|Win32.ActiveCfg = Debug|Win32
		{561F26FB-2CA0-487A-9D5E-DE1011DC1E2C}.Debug|Win32.Build.0 = Debug|Win32
		{561F26FB-2CA0-487A-9D5E-DE1011DC1E2C}.Dedicated Debug|Win32.ActiveCfg = Debug|Win32
		{561F26FB-2CA0-487A-9D5E-DE1011DC1E2C}.Dedicated Debug|Win32.Build.0 = Debug|Win32
		{561F26FB-2CA0-487A-9D5E-DE1011DC1E2C}.Dedicated Release|Win32.ActiveCfg = Release|Win32
		{561F26FB-2CA0-487A-9D5E-DE1011DC1E2C}.Dedicated Release|Win32.Build.0 = Release|Win32
		{561F26FB-2CA0-487A-9D5E-DE1011DC1E2C}.Profile|Win32.ActiveCfg = Debug|Win32
		{561F26FB-2CA0-487A-9D5E-DE1011DC1E2C}.Profile|Win32.Build.0 = Debug|Win32
		{561F26FB-2CA0-487A-9D5E-DE1011DC1E2C}.Release CounterStrike|Win32.ActiveCfg = Release|Win32
		{561F26FB-2CA0-487A-9D5E-DE1011DC1E2C}.Release CounterStrike|Win32.Build.0 = Release|Win32
		{561F26FB-2CA0-487A-9D5E-DE1011DC1E2C}.Release DoD|Win32.ActiveCfg = Release|Win32
		{561F26FB-2CA0-487A-9D5E-DE1011DC1E2C}.Release DoD|Win32.Build.0 = Release|Win32
		{561F26FB-2CA0-487A-9D5E-DE1011DC1E2C}.Release Episodic HL2|Win32.ActiveCfg = Release|Win32
		{561F26FB-2CA0-487A-9D5E-DE1011DC1E2C}.Release Episodic HL2|Win32.Build.0 = Release|Win32
		{561F26FB-2CA0-487A-9D5E-DE1011DC1E2C}.Release HL1|Win32.ActiveCfg = Release|Win32
		{561F26FB-2CA0-487A-9D5E-DE1011DC1E2C}.Release HL1|Win32.Build.0 = Release|Win32
		{561F26FB-2CA0-487A-9D5E-DE1011DC1E2C}.Release HL2|Win32.ActiveCfg = Release|Win32
		{561F26FB-2CA0-487A-9D5E-DE1011DC1E2C}.Release HL2|Win32.Build.0 = Release|Win32
		{561F26FB-2CA0-487A-9D5E-DE1011DC1E2C}.Release HL2MP|Win32.ActiveCfg = Release|Win32
		{561F26FB-2CA0-487A-9D5E-DE1011DC1E2C}.Release HL2MP|Win32.Build.0 = Release|Win32
		{561F26FB-2CA0-487A-9D5E-DE1011DC1E2C}.Release ICONV using MultiTh RTL DLL|Win32.ActiveCfg = Release|Win32
		{561F26FB-2CA0-487A-9D5E-DE1011DC1E2C}.Release ICONV using MultiTh RTL DLL|Win32.Build.0 = Release|Win32
		{561F26FB-2CA0-487A-9D5E-DE1011DC1E2C}.Release IMS|Win32.ActiveCfg = Release|Win32
		{561F26FB-2CA0-487A-9D5E-DE1011DC1E2C}.Release IMS|Win32.Build.0 = Release|Win32
		{561F26FB-2CA0-487A-9D5E-DE1011DC1E2C}.Release SDK|Win32.ActiveCfg = Release|Win32
		{561F26FB-2CA0-487A-9D5E-DE1011DC1E2C}.Release SDK|Win32.Build.0 = Release|Win32
		{561F26FB-2CA0-487A-9D5E-DE1011DC1E2C}.Release STEAM|Win32.ActiveCfg = Release|Win32
		{561F26FB-2CA0-487A-9D5E-DE1011DC1E2C}.Release STEAM|Win32.Build.0 = Release|Win32
		{561F26FB-2CA0-487A-9D5E-DE1011DC1E2C}.Release TF2|Win32.ActiveCfg = Release|Win32
		{561F26FB-2CA0-487A-9D5E-DE1011DC1E2C}.Release TF2|Win32.Build.0 = Release|Win32
		{561F26FB-2CA0-487A-9D5E-DE1011DC1E2C}.Release|Win32.ActiveCfg = Release|Win32
		{561F26FB-2CA0-487A-9D5E-DE1011DC1E2C}.Release|Win32.Build.0 = Release|Win32
		{561F26FB-2CA0-487A-9D5E-DE1011DC1E2C}.ReleaseWithSymbols|Win32.ActiveCfg = Release|Win32
		{561F26FB-2CA0-487A-9D5E-DE1011DC1E2C}.ReleaseWithSymbols|Win32.Build.0 = Release|Win32
		{561F26FB-2CA0-487A-9D5E-DE1011DC1E2C}.SDK Debug|Win32.ActiveCfg = Debug|Win32
		{561F26FB-2CA0-487A-9D5E-DE1011DC1E2C}.SDK Debug|Win32.Build.0 = Debug|Win32
		{561F26FB-2CA0-487A-9D5E-DE1011DC1E2C}.SDK MultiThreaded|Win32.ActiveCfg = Debug|Win32
		{561F26FB-2CA0-487A-9D5E-DE1011DC1E2C}.SDK MultiThreaded|Win32.Build.0 = Debug|Win32
		{561F26FB-2CA0-487A-9D5E-DE1011DC1E2C}.SDK Release|Win32.ActiveCfg = Release|Win32
		{561F26FB-2CA0-487A-9D5E-DE1011DC1E2C}.SDK Release|Win32.Build.0 = Release|Win32
		{561F26FB-2CA0-487A-9D5E-DE1011DC1E2C}.SDK SingleThreaded|Win32.ActiveCfg = Debug|Win32
		{561F26FB-2CA0-487A-9D5E-DE1011DC1E2C}.SDK SingleThreaded|Win32.Build.0 = Debug|Win32
		{875ABE14-5605-4317-8325-80311E719F48}.Debug CounterStrike|Win32.ActiveCfg = Debug|Win32
		{875ABE14-5605-4317-8325-80311E719F48}.Debug CounterStrike|Win32.Build.0 = Debug|Win32
		{875ABE14-5605-4317-8325-80311E719F48}.Debug DoD|Win32.ActiveCfg = Debug|Win32
		{875ABE14-5605-4317-8325-80311E719F48}.Debug DoD|Win32.Build.0 = Debug|Win32
		{875ABE14-5605-4317-8325-80311E719F48}.Debug Episodic HL2|Win32.ActiveCfg = Debug|Win32
		{875ABE14-5605-4317-8325-80311E719F48}.Debug Episodic HL2|Win32.Build.0 = Debug|Win32
		{875ABE14-5605-4317-8325-80311E719F48}.Debug HL1|Win32.ActiveCfg = Debug|Win32
		{875ABE14-5605-4317-8325-80311E719F48}.Debug HL1|Win32.Build.0 = Debug|Win32
		{875ABE14-5605-4317-8325-80311E719F48}.Debug HL2|Win32.ActiveCfg = Debug|Win32
		{875ABE14-5605-4317-8325-80311E719F48}.Debug HL2|Win32.Build.0 = Debug|Win32
		{875ABE14-5605-4317-8325-80311E719F48}.Debug HL2MP|Win32.ActiveCfg = Debug|Win32
		{875ABE14-5605-4317-8325-80311E719F48}.Debug HL2MP|Win32.Build.0 = Debug|Win32
		{875ABE14-5605-4317-8325-80311E719F48}.Debug ICONV using MultiTh RTL DLL|Win32.ActiveCfg = Debug|Win32
		{875ABE14-5605-4317-8325-80311E719F48}.Debug ICONV using MultiTh RTL DLL|Win32.Build.0 = Debug|Win32
		{875ABE14-5605-4317-8325-80311E719F48}.Debug IMS|Win32.ActiveCfg = Debug|Win32
		{875ABE14-5605-4317-8325-80311E719F48}.Debug IMS|Win32.Build.0 = Debug|Win32
		{875ABE14-5605-4317-8325-80311E719F48}.Debug SDK|Win32.ActiveCfg = Debug|Win32
		{875ABE14-5605-4317-8325-80311E719F48}.Debug SDK|Win32.Build.0 = Debug|Win32
		{875ABE14-5605-4317-8325-80311E719F48}.Debug STEAM|Win32.ActiveCfg = Debug|Win32
		{875ABE14-5605-4317-8325-80311E719F48}.Debug STEAM|Win32.Build.0 = Debug|Win32
		{875ABE14-5605-4317-8325-80311E719F48}.Debug TF2|Win32.ActiveCfg = Debug|Win32
		{875ABE14-5605-4317-8325-80311E719F48}.Debug TF2|Win32.Build.0 = Debug|Win32
		{875ABE14-5605-4317-8325-80311E719F48}.Debug|Win32.ActiveCfg = Debug|Win32
		{875ABE14-5605-4317-8325-80311E719F48}.Debug|Win32.Build.0 = Debug|Win32
		{875ABE14-5605-4317-8325-80311E719F48}.Dedicated Debug|Win32.ActiveCfg = Debug|Win32
		{875ABE14-5605-4317-8325-80311E719F48}.Dedicated Debug|Win32.Build.0 = Debug|Win32
		{875ABE14-5605-4317-8325-80311E719F48}.Dedicated Release|Win32.ActiveCfg = Release|Win32
		{875ABE14-5605-4317-8325-80311E719F48}.Dedicated Release|Win32.Build.0 = Release|Win32
		{875ABE14-5605-4317-8325-80311E719F48}.Profile|Win32.ActiveCfg = Release|Win32
		{875ABE14-5605-4317-8325-80311E719F48}.Profile|Win32.Build.0 = Release|Win32
		{875ABE14-5605-4317-8325-80311E719F48}.Release CounterStrike|Win32.ActiveCfg = Release|Win32
		{875ABE14-5605-4317-8325-80311E719F48}.Release CounterStrike|Win32.Build.0 = Release|Win32
		{875ABE14-5605-4317-8325-80311E719F48}.Release DoD|Win32.ActiveCfg = Release|Win32
		{875ABE14-5605-4317-8325-80311E719F48}.Release DoD|Win32.Build.0 = Release|Win32
		{875ABE14-5605-4317-8325-80311E719F48}.Release Episodic HL2|Win32.ActiveCfg = Release|Win32
		{875ABE14-5605-4317-8325-80311E719F48}.Release Episodic HL2|Win32.Build.0 = Release|Win32
		{875ABE14-5605-4317-8325-80311E719F48}.Release HL1|Win32.ActiveCfg = Release|Win32
		{875ABE14-5605-4317-8325-80311E719F48}.Release HL1|Win32.Build.0 = Release|Win32
		{875ABE14-5605-4317-8325-80311E719F48}.Release HL2|Win32.ActiveCfg = Release|Win32
		{875ABE14-5605-4317-8325-80311E719F48}.Release HL2|Win32.Build.0 = Release|Win32
		{875ABE14-5605-4317-8325-80311E719F48}.Release HL2MP|Win32.ActiveCfg = Release|Win32
		{875ABE14-5605-4317-8325-80311E719F48}.Release HL2MP|Win32.Build.0 = Release|Win32
		{875ABE14-5605-4317-8325-80311E719F48}.Release ICONV using MultiTh RTL DLL|Win32.ActiveCfg = Release|Win32
		{875ABE14-5605-4317-8325-80311E719F48}.Release ICONV using MultiTh RTL DLL|Win32.Build.0 = Release|Win32
		{875ABE14-5605-4317-8325-80311E719F48}.Release IMS|Win32.ActiveCfg = Release|Win32
		{875ABE14-5605-4317-8325-80311E719F48}.Release IMS|Win32.Build.0 = Release|Win32
		{875ABE14-5605-4317-8325-80311E719F48}.Release SDK|Win32.ActiveCfg = Release|Win32
		{875ABE14-5605-4317-8325-80311E719F48}.Release SDK|Win32.Build.0 = Release|Win32
		{875ABE14-5605-4317-8325-80311E719F48}.Release STEAM|Win32.ActiveCfg = Release|Win32
		{875ABE14-5605-4317-8325-80311E719F48}.Release STEAM|Win32.Build.0 = Release|Win32
		{875ABE14-5605-4317-8325-80311E719F48}.Release TF2|Win32.ActiveCfg = Release|Win32
		{875ABE14-5605-4317-8325-80311E719F48}.Release TF2|Win32.Build.0 = Release|Win32
		{875ABE14-5605-4317-8325-80311E719F48}.Release|Win32.ActiveCfg = Release|Win32
		{875ABE14-5605-4317-8325-80311E719F48}.Release|Win32.Build.0 = Release|Win32
		{875ABE14-5605-4317-8325-80311E719F48}.ReleaseWithSymbols|Win32.ActiveCfg = Release|Win32
		{875ABE14-5605-4317-8325-80311E719F48}.ReleaseWithSymbols|Win32.Build.0 = Release|Win32
		{875ABE14-5605-4317-8325-80311E719F48}.SDK Debug|Win32.ActiveCfg = Debug|Win32
		{875ABE14-5605-4317-8325-80311E719F48}.SDK Debug|Win32.Build.0 = Debug|Win32
		{875ABE14-5605-4317-8325-80311E719F48}.SDK MultiThreaded|Win32.ActiveCfg = Release|Win32
		{875ABE14-5605-4317-8325-80311E719F48}.SDK MultiThreaded|Win32.Build.0 = Release|Win32
		{875ABE14-5605-4317-8325-80311E719F48}.SDK Release|Win32.ActiveCfg = Release|Win32
		{875ABE14-5605-4317-8325-80311E719F48}.SDK Release|Win32.Build.0 = Release|Win32
		{875ABE14-5605-4317-8325-80311E719F48}.SDK SingleThreaded|Win32.ActiveCfg = Release|Win32
		{875ABE14-5605-4317-8325-80311E719F48}.SDK SingleThreaded|Win32.Build.0 = Release|Win32
		{ED85FDB5-7241-427C-8A7B-A85FC2639054}.Debug CounterStrike|Win32.ActiveCfg = Debug|Win32
		{ED85FDB5-7241-427C-8A7B-A85FC2639054}.Debug CounterStrike|Win32.Build.0 = Debug|Win32
		{ED85FDB5-7241-427C-8A7B-A85FC2639054}.Debug DoD|Win32.ActiveCfg = Debug|Win32
		{ED85FDB5-7241-427C-8A7B-A85FC2639054}.Debug DoD|Win32.Build.0 = Debug|Win32
		{ED85FDB5-7241-427C-8A7B-A85FC2639054}.Debug Episodic HL2|Win32.ActiveCfg = Debug|Win32
		{ED85FDB5-7241-427C-8A7B-A85FC2639054}.Debug Episodic HL2|Win32.Build.0 = Debug|Win32
		{ED85FDB5-7241-427C-8A7B-A85FC2639054}.Debug HL1|Win32.ActiveCfg = Debug|Win32
		{ED85FDB5-7241-427C-8A7B-A85FC2639054}.Debug HL1|Win32.Build.0 = Debug|Win32
		{ED85FDB5-7241-427C-8A7B-A85FC2639054}.Debug HL2|Win32.ActiveCfg = Debug|Win32
		{ED85FDB5-7241-427C-8A7B-A85FC2639054}.Debug HL2|Win32.Build.0 = Debug|Win32
		{ED85FDB5-7241-427C-8A7B-A85FC2639054}.Debug HL2MP|Win32.ActiveCfg = Debug|Win32
		{ED85FDB5-7241-427C-8A7B-A85FC2639054}.Debug HL2MP|Win32.Build.0 = Debug|Win32
		{ED85FDB5-7241-427C-8A7B-A85FC2639054}.Debug ICONV using MultiTh RTL DLL|Win32.ActiveCfg = Debug|Win32
		{ED85FDB5-7241-427C-8A7B-A85FC2639054}.Debug ICONV using MultiTh RTL DLL|Win32.Build.0 = Debug|Win32
		{ED85FDB5-7241-427C-8A7B-A85FC2639054}.Debug IMS|Win32.ActiveCfg = Debug|Win32
		{ED85FDB5-7241-427C-8A7B-A85FC2639054}.Debug IMS|Win32.Build.0 = Debug|Win32
		{ED85FDB5-7241-427C-8A7B-A85FC2639054}.Debug SDK|Win32.ActiveCfg = Debug|Win32
		{ED85FDB5-7241-427C-8A7B-A85FC2639054}.Debug SDK|Win32.Build.0 = Debug|Win32
		{ED85FDB5-7241-427C-8A7B-A85FC2639054}.Debug STEAM|Win32.ActiveCfg = Debug|Win32
		{ED85FDB5-7241-427C-8A7B-A85FC2639054}.Debug STEAM|Win32.Build.0 = Debug|Win32
		{ED85FDB5-7241-427C-8A7B-A85FC2639054}.Debug TF2|Win32.ActiveCfg = Debug|Win32
		{ED85FDB5-7241-427C-8A7B-A85FC2639054}.Debug TF2|Win32.Build.0 = Debug|Win32
		{ED85FDB5-7241-427C-8A7B-A85FC2639054}.Debug|Win32.ActiveCfg = Debug|Win32
		{ED85FDB5-7241-427C-8A7B-A85FC2639054}.Debug|Win32.Build.0 = Debug|Win32
		{ED85FDB5-7241-427C-8A7B-A85FC2639054}.Dedicated Debug|Win32.ActiveCfg = Debug|Win32
		{ED85FDB5-7241-427C-8A7B-A85FC2639054}.Dedicated Debug|Win32.Build.0 = Debug|Win32
		{ED85FDB5-7241-427C-8A7B-A85FC2639054}.Dedicated Release|Win32.ActiveCfg = Release|Win32
		{ED85FDB5-7241-427C-8A7B-A85FC2639054}.Dedicated Release|Win32.Build.0 = Release|Win32
		{ED85FDB5-7241-427C-8A7B-A85FC2639054}.Profile|Win32.ActiveCfg = Debug|Win32
		{ED85FDB5-7241-427C-8A7B-A85FC2639054}.Profile|Win32.Build.0 = Debug|Win32
		{ED85FDB5-7241-427C-8A7B-A85FC2639054}.Release CounterStrike|Win32.ActiveCfg = Release|Win32
		{ED85FDB5-7241-427C-8A7B-A85FC2639054}.Release CounterStrike|Win32.Build.0 = Release|Win32
		{ED85FDB5-7241-427C-8A7B-A85FC2639054}.Release DoD|Win32.ActiveCfg = Release|Win32
		{ED85FDB5-7241-427C-8A7B-A85FC2639054}.Release DoD|Win32.Build.0 = Release|Win32
		{ED85FDB5-7241-427C-8A7B-A85FC2639054}.Release Episodic HL2|Win32.ActiveCfg = Release|Win32
		{ED85FDB5-7241-427C-8A7B-A85FC2639054}.Release Episodic HL2|Win32.Build.0 = Release|Win32
		{ED85FDB5-7241-427C-8A7B-A85FC2639054}.Release HL1|Win32.ActiveCfg = Release|Win32
		{ED85FDB5-7241-427C-8A7B-A85FC2639054}.Release HL1|Win32.Build.0 = Release|Win32
		{ED85FDB5-7241-427C-8A7B-A85FC2639054}.Release HL2|Win32.ActiveCfg = Release|Win32
		{ED85FDB5-7241-427C-8A7B-A85FC2639054}.Release HL2|Win32.Build.0 = Release|Win32
		{ED85FDB5-7241-427C-8A7B-A85FC2639054}.Release HL2MP|Win32.ActiveCfg = Release|Win32
		{ED85FDB5-7241-427C-8A7B-A85FC2639054}.Release HL2MP|Win32.Build.0 = Release|Win32
		{ED85FDB5-7241-427C-8A7B-A85FC2639054}.Release ICONV using MultiTh RTL DLL|Win32.ActiveCfg = Release|Win32
		{ED85FDB5-7241-427C-8A7B-A85FC2639054}.Release ICONV using MultiTh RTL DLL|Win32.Build.0 = Release|Win32
		{ED85FDB5-7241-427C-8A7B-A85FC2639054}.Release IMS|Win32.ActiveCfg = Release|Win32
		{ED85FDB5-7241-427C-8A7B-A85FC2639054}.Release IMS|Win32.Build.0 = Release|Win32
		{ED85FDB5-7241-427C-8A7B-A85FC2639054}.Release SDK|Win32.ActiveCfg = Release|Win32
		{ED85FDB5-7241-427C-8A7B-A85FC2639054}.Release SDK|Win32.Build.0 = Release|Win32
		{ED85FDB5-7241-427C-8A7B-A85FC2639054}.Release STEAM|Win32.ActiveCfg = Release|Win32
		{ED85FDB5-7241-427C-8A7B-A85FC2639054}.Release STEAM|Win32.Build.0 = Release|Win32
		{ED85FDB5-7241-427C-8A7B-A85FC2639054}.Release TF2|Win32.ActiveCfg = Release|Win32
		{ED85FDB5-7241-427C-8A7B-A85FC2639054}.Release TF2|Win32.Build.0 = Release|Win32
		{ED85FDB5-7241-427C-8A7B-A85FC2639054}.Release|Win32.ActiveCfg = Release|Win32
		{ED85FDB5-7241-427C-8A7B-A85FC2639054}.Release|Win32.Build.0 = Release|Win32
		{ED85FDB5-7241-427C-8A7B-A85FC2639054}.ReleaseWithSymbols|Win32.ActiveCfg = Release|Win32
		{ED85FDB5-7241-427C-8A7B-A85FC2639054}.ReleaseWithSymbols|Win32.Build.0 = Release|Win32
		{ED85FDB5-7241-427C-8A7B-A85FC2639054}.SDK Debug|Win32.ActiveCfg = Debug|Win32
		{ED85FDB5-7241-427C-8A7B-A85FC2639054}.SDK Debug|Win32.Build.0 = Debug|Win32
		{ED85FDB5-7241-427C-8A7B-A85FC2639054}.SDK MultiThreaded|Win32.ActiveCfg = Debug|Win32
		{ED85FDB5-7241-427C-8A7B-A85FC2639054}.SDK MultiThreaded|Win32.Build.0 = Debug|Win32
		{ED85FDB5-7241-427C-8A7B-A85FC2639054}.SDK Release|Win32.ActiveCfg = Release|Win32
		{ED85FDB5-7241-427C-8A7B-A85FC2639054}.SDK Release|Win32.Build.0 = Release|Win32
		{ED85FDB5-7241-427C-8A7B-A85FC2639054}.SDK SingleThreaded|Win32.ActiveCfg = Debug|Win32
		{ED85FDB5-7241-427C-8A7B-A85FC2639054}.SDK SingleThreaded|Win32.Build.0 = Debug|Win32
		{7866B7CD-296E-41A0-8BBA-15F9D422E01D}.Debug CounterStrike|Win32.ActiveCfg = Debug|Win32
		{7866B7CD-296E-41A0-8BBA-15F9D422E01D}.Debug CounterStrike|Win32.Build.0 = Debug|Win32
		{7866B7CD-296E-41A0-8BBA-15F9D422E01D}.Debug DoD|Win32.ActiveCfg = Debug|Win32
		{7866B7CD-296E-41A0-8BBA-15F9D422E01D}.Debug DoD|Win32.Build.0 = Debug|Win32
		{7866B7CD-296E-41A0-8BBA-15F9D422E01D}.Debug Episodic HL2|Win32.ActiveCfg = Debug|Win32
		{7866B7CD-296E-41A0-8BBA-15F9D422E01D}.Debug Episodic HL2|Win32.Build.0 = Debug|Win32
		{7866B7CD-296E-41A0-8BBA-15F9D422E01D}.Debug HL1|Win32.ActiveCfg = Debug|Win32
		{7866B7CD-296E-41A0-8BBA-15F9D422E01D}.Debug HL1|Win32.Build.0 = Debug|Win32
		{7866B7CD-296E-41A0-8BBA-15F9D422E01D}.Debug HL2|Win32.ActiveCfg = Debug|Win32
		{7866B7CD-296E-41A0-8BBA-15F9D422E01D}.Debug HL2|Win32.Build.0 = Debug|Win32
		{7866B7CD-296E-41A0-8BBA-15F9D422E01D}.Debug HL2MP|Win32.ActiveCfg = Debug|Win32
		{7866B7CD-296E-41A0-8BBA-15F9D422E01D}.Debug HL2MP|Win32.Build.0 = Debug|Win32
		{7866B7CD-296E-41A0-8BBA-15F9D422E01D}.Debug ICONV using MultiTh RTL DLL|Win32.ActiveCfg = Debug|Win32
		{7866B7CD-296E-41A0-8BBA-15F9D422E01D}.Debug ICONV using MultiTh RTL DLL|Win32.Build.0 = Debug|Win32
		{7866B7CD-296E-41A0-8BBA-15F9D422E01D}.Debug IMS|Win32.ActiveCfg = Debug|Win32
		{7866B7CD-296E-41A0-8BBA-15F9D422E01D}.Debug IMS|Win32.Build.0 = Debug|Win32
		{7866B7CD-296E-41A0-8BBA-15F9D422E01D}.Debug SDK|Win32.ActiveCfg = Debug|Win32
		{7866B7CD-296E-41A0-8BBA-15F9D422E01D}.Debug SDK|Win32.Build.0 = Debug|Win32
		{7866B7CD-296E-41A0-8BBA-15F9D422E01D}.Debug STEAM|Win32.ActiveCfg = Debug|Win32
		{7866B7CD-296E-41A0-8BBA-15F9D422E01D}.Debug STEAM|Win32.Build.0 = Debug|Win32
		{7866B7CD-296E-41A0-8BBA-15F9D422E01D}.Debug TF2|Win32.ActiveCfg = Debug|Win32
		{7866B7CD-296E-41A0-8BBA-15F9D422E01D}.Debug TF2|Win32.Build.0 = Debug|Win32
		{7866B7CD-296E-41A0-8BBA-15F9D422E01D}.Debug|Win32.ActiveCfg = Debug|Win32
		{7866B7CD-296E-41A0-8BBA-15F9D422E01D}.Debug|Win32.Build.0 = Debug|Win32
		{7866B7CD-296E-41A0-8BBA-15F9D422E01D}.Dedicated Debug|Win32.ActiveCfg = Debug|Win32
		{7866B7CD-296E-41A0-8BBA-15F9D422E01D}.Dedicated Debug|Win32.Build.0 = Debug|Win32
		{7866B7CD-296E-41A0-8BBA-15F9D422E01D}.Dedicated Release|Win32.ActiveCfg = Release|Win32
		{7866B7CD-296E-41A0-8BBA-15F9D422E01D}.Dedicated Release|Win32.Build.0 = Release|Win32
		{7866B7CD-296E-41A0-8BBA-15F9D422E01D}.Profile|Win32.ActiveCfg = Release|Win32
		{7866B7CD-296E-41A0-8BBA-15F9D422E01D}.Profile|Win32.Build.0 = Release|Win32
		{7866B7CD-296E-41A0-8BBA-15F9D422E01D}.Release CounterStrike|Win32.ActiveCfg = Release|Win32
		{7866B7CD-296E-41A0-8BBA-15F9D422E01D}.Release CounterStrike|Win32.Build.0 = Release|Win32
		{7866B7CD-296E-41A0-8BBA-15F9D422E01D}.Release DoD|Win32.ActiveCfg = Release|Win32
		{7866B7CD-296E-41A0-8BBA-15F9D422E01D}.Release DoD|Win32.Build.0 = Release|Win32
		{7866B7CD-296E-41A0-8BBA-15F9D422E01D}.Release Episodic HL2|Win32.ActiveCfg = Release|Win32
		{7866B7CD-296E-41A0-8BBA-15F9D422E01D}.Release Episodic HL2|Win32.Build.0 = Release|Win32
		{7866B7CD-296E-41A0-8BBA-15F9D422E01D}.Release HL1|Win32.ActiveCfg = Release|Win32
		{7866B7CD-296E-41A0-8BBA-15F9D422E01D}.Release HL1|Win32.Build.0 = Release|Win32
		{7866B7CD-296E-41A0-8BBA-15F9D422E01D}.Release HL2|Win32.ActiveCfg = Release|Win32
		{7866B7CD-296E-41A0-8BBA-15F9D422E01D}.Release HL2|Win32.Build.0 = Release|Win32
		{7866B7CD-296E-41A0-8BBA-15F9D422E01D}.Release HL2MP|Win32.ActiveCfg = Release|Win32
		{7866B7CD-296E-41A0-8BBA-15F9D422E01D}.Release HL2MP|Win32.Build.0 = Release|Win32
		{7866B7CD-296E-41A0-8BBA-15F9D422E01D}.Release ICONV using MultiTh RTL DLL|Win32.ActiveCfg = Release|Win32
		{7866B7CD-296E-41A0-8BBA-15F9D422E01D}.Release ICONV using MultiTh RTL DLL|Win32.Build.0 = Release|Win32
		{7866B7CD-296E-41A0-8BBA-15F9D422E01D}.Release IMS|Win32.ActiveCfg = Release|Win32
		{7866B7CD-296E-41A0-8BBA-15F9D422E01D}.Release IMS|Win32.Build.0 = Release|Win32
		{7866B7CD-296E-41A0-8BBA-15F9D422E01D}.Release SDK|Win32.ActiveCfg = Release|Win32
		{7866B7CD-296E-41A0-8BBA-15F9D422E01D}.Release SDK|Win32.Build.0 = Release|Win32
		{7866B7CD-296E-41A0-8BBA-15F9D422E01D}.Release STEAM|Win32.ActiveCfg = Release|Win32
		{7866B7CD-296E-41A0-8BBA-15F9D422E01D}.Release STEAM|Win32.Build.0 = Release|Win32
		{7866B7CD-296E-41A0-8BBA-15F9D422E01D}.Release TF2|Win32.ActiveCfg = Release|Win32
		{7866B7CD-296E-41A0-8BBA-15F9D422E01D}.Release TF2|Win32.Build.0 = Release|Win32
		{7866B7CD-296E-41A0-8BBA-15F9D422E01D}.Release|Win32.ActiveCfg = Release|Win32
		{7866B7CD-296E-41A0-8BBA-15F9D422E01D}.Release|Win32.Build.0 = Release|Win32
		{7866B7CD-296E-41A0-8BBA-15F9D422E01D}.ReleaseWithSymbols|Win32.ActiveCfg = Release|Win32
		{7866B7CD-296E-41A0-8BBA-15F9D422E01D}.ReleaseWithSymbols|Win32.Build.0 = Release|Win32
		{7866B7CD-296E-41A0-8BBA-15F9D422E01D}.SDK Debug|Win32.ActiveCfg = Debug|Win32
		{7866B7CD-296E-41A0-8BBA-15F9D422E01D}.SDK Debug|Win32.Build.0 = Debug|Win32
		{7866B7CD-296E-41A0-8BBA-15F9D422E01D}.SDK MultiThreaded|Win32.ActiveCfg = Release|Win32
		{7866B7CD-296E-41A0-8BBA-15F9D422E01D}.SDK MultiThreaded|Win32.Build.0 = Release|Win32
		{7866B7CD-296E-41A0-8BBA-15F9D422E01D}.SDK Release|Win32.ActiveCfg = Release|Win32
		{7866B7CD-296E-41A0-8BBA-15F9D422E01D}.SDK Release|Win32.Build.0 = Release|Win32
		{7866B7CD-296E-41A0-8BBA-15F9D422E01D}.SDK SingleThreaded|Win32.ActiveCfg = Release|Win32
		{7866B7CD-296E-41A0-8BBA-15F9D422E01D}.SDK SingleThreaded|Win32.Build.0 = Release|Win32
		{E1DA8DB8-FB4C-4B14-91A6-98BCED6B9720}.Debug CounterStrike|Win32.ActiveCfg = Debug|Win32
		{E1DA8DB8-FB4C-4B14-91A6-98BCED6B9720}.Debug CounterStrike|Win32.Build.0 = Debug|Win32
		{E1DA8DB8-FB4C-4B14-91A6-98BCED6B9720}.Debug DoD|Win32.ActiveCfg = Debug|Win32
		{E1DA8DB8-FB4C-4B14-91A6-98BCED6B9720}.Debug DoD|Win32.Build.0 = Debug|Win32
		{E1DA8DB8-FB4C-4B14-91A6-98BCED6B9720}.Debug Episodic HL2|Win32.ActiveCfg = Debug|Win32
		{E1DA8DB8-FB4C-4B14-91A6-98BCED6B9720}.Debug Episodic HL2|Win32.Build.0 = Debug|Win32
		{E1DA8DB8-FB4C-4B14-91A6-98BCED6B9720}.Debug HL1|Win32.ActiveCfg = Debug|Win32
		{E1DA8DB8-FB4C-4B14-91A6-98BCED6B9720}.Debug HL1|Win32.Build.0 = Debug|Win32
		{E1DA8DB8-FB4C-4B14-91A6-98BCED6B9720}.Debug HL2|Win32.ActiveCfg = Debug|Win32
		{E1DA8DB8-FB4C-4B14-91A6-98BCED6B9720}.Debug HL2|Win32.Build.0 = Debug|Win32
		{E1DA8DB8-FB4C-4B14-91A6-98BCED6B9720}.Debug HL2MP|Win32.ActiveCfg = Debug|Win32
		{E1DA8DB8-FB4C-4B14-91A6-98BCED6B9720}.Debug HL2MP|Win32.Build.0 = Debug|Win32
		{E1DA8DB8-FB4C-4B14-91A6-98BCED6B9720}.Debug ICONV using MultiTh RTL DLL|Win32.ActiveCfg = Debug|Win32
		{E1DA8DB8-FB4C-4B14-91A6-98BCED6B9720}.Debug ICONV using MultiTh RTL DLL|Win32.Build.0 = Debug|Win32
		{E1DA8DB8-FB4C-4B14-91A6-98BCED6B9720}.Debug IMS|Win32.ActiveCfg = Debug|Win32
		{E1DA8DB8-FB4C-4B14-91A6-98BCED6B9720}.Debug IMS|Win32.Build.0 = Debug|Win32
		{E1DA8DB8-FB4C-4B14-91A6-98BCED6B9720}.Debug SDK|Win32.ActiveCfg = Debug|Win32
		{E1DA8DB8-FB4C-4B14-91A6-98BCED6B9720}.Debug SDK|Win32.Build.0 = Debug|Win32
		{E1DA8DB8-FB4C-4B14-91A6-98BCED6B9720}.Debug STEAM|Win32.ActiveCfg = Debug|Win32
		{E1DA8DB8-FB4C-4B14-91A6-98BCED6B9720}.Debug STEAM|Win32.Build.0 = Debug|Win32
		{E1DA8DB8-FB4C-4B14-91A6-98BCED6B9720}.Debug TF2|Win32.ActiveCfg = Debug|Win32
		{E1DA8DB8-FB4C-4B14-91A6-98BCED6B9720}.Debug TF2|Win32.Build.0 = Debug|Win32
		{E1DA8DB8-FB4C-4B14-91A6-98BCED6B9720}.Debug|Win32.ActiveCfg = Debug|Win32
		{E1DA8DB8-FB4C-4B14-91A6-98BCED6B9720}.Debug|Win32.Build.0 = Debug|Win32
		{E1DA8DB8-FB4C-4B14-91A6-98BCED6B9720}.Dedicated Debug|Win32.ActiveCfg = Debug|Win32
		{E1DA8DB8-FB4C-4B14-91A6-98BCED6B9720}.Dedicated Debug|Win32.Build.0 = Debug|Win32
		{E1DA8DB8-FB4C-4B14-91A6-98BCED6B9720}.Dedicated Release|Win32.ActiveCfg = Release|Win32
		{E1DA8DB8-FB4C-4B14-91A6-98BCED6B9720}.Dedicated Release|Win32.Build.0 = Release|Win32
		{E1DA8DB8-FB4C-4B14-91A6-98BCED6B9720}.Profile|Win32.ActiveCfg = Release|Win32
		{E1DA8DB8-FB4C-4B14-91A6-98BCED6B9720}.Profile|Win32.Build.0 = Release|Win32
		{E1DA8DB8-FB4C-4B14-91A6-98BCED6B9720}.Release CounterStrike|Win32.ActiveCfg = Release|Win32
		{E1DA8DB8-FB4C-4B14-91A6-98BCED6B9720}.Release CounterStrike|Win32.Build.0 = Release|Win32
		{E1DA8DB8-FB4C-4B14-91A6-98BCED6B9720}.Release DoD|Win32.ActiveCfg = Release|Win32
		{E1DA8DB8-FB4C-4B14-91A6-98BCED6B9720}.Release DoD|Win32.Build.0 = Release|Win32
		{E1DA8DB8-FB4C-4B14-91A6-98BCED6B9720}.Release Episodic HL2|Win32.ActiveCfg = Release|Win32
		{E1DA8DB8-FB4C-4B14-91A6-98BCED6B9720}.Release Episodic HL2|Win32.Build.0 = Release|Win32
		{E1DA8DB8-FB4C-4B14-91A6-98BCED6B9720}.Release HL1|Win32.ActiveCfg = Release|Win32
		{E1DA8DB8-FB4C-4B14-91A6-98BCED6B9720}.Release HL1|Win32.Build.0 = Release|Win32
		{E1DA8DB8-FB4C-4B14-91A6-98BCED6B9720}.Release HL2|Win32.ActiveCfg = Release|Win32
		{E1DA8DB8-FB4C-4B14-91A6-98BCED6B9720}.Release HL2|Win32.Build.0 = Release|Win32
		{E1DA8DB8-FB4C-4B14-91A6-98BCED6B9720}.Release HL2MP|Win32.ActiveCfg = Release|Win32
		{E1DA8DB8-FB4C-4B14-91A6-98BCED6B9720}.Release HL2MP|Win32.Build.0 = Release|Win32
		{E1DA8DB8-FB4C-4B14-91A6-98BCED6B9720}.Release ICONV using MultiTh RTL DLL|Win32.ActiveCfg = Release|Win32
		{E1DA8DB8-FB4C-4B14-91A6-98BCED6B9720}.Release ICONV using MultiTh RTL DLL|Win32.Build.0 = Release|Win32
		{E1DA8DB8-FB4C-4B14-91A6-98BCED6B9720}.Release IMS|Win32.ActiveCfg = Release|Win32
		{E1DA8DB8-FB4C-4B14-91A6-98BCED6B9720}.Release IMS|Win32.Build.0 = Release|Win32
		{E1DA8DB8-FB4C-4B14-91A6-98BCED6B9720}.Release SDK|Win32.ActiveCfg = Release|Win32
		{E1DA8DB8-FB4C-4B14-91A6-98BCED6B9720}.Release SDK|Win32.Build.0 = Release|Win32
		{E1DA8DB8-FB4C-4B14-91A6-98BCED6B9720}.Release STEAM|Win32.ActiveCfg = Release|Win32
		{E1DA8DB8-FB4C-4B14-91A6-98BCED6B9720}.Release STEAM|Win32.Build.0 = Release|Win32
		{E1DA8DB8-FB4C-4B14-91A6-98BCED6B9720}.Release TF2|Win32.ActiveCfg = Release|Win32
		{E1DA8DB8-FB4C-4B14-91A6-98BCED6B9720}.Release TF2|Win32.Build.0 = Release|Win32
		{E1DA8DB8-FB4C-4B14-91A6-98BCED6B9720}.Release|Win32.ActiveCfg = Release|Win32
		{E1DA8DB8-FB4C-4B14-91A6-98BCED6B9720}.Release|Win32.Build.0 = Release|Win32
		{E1DA8DB8-FB4C-4B14-91A6-98BCED6B9720}.ReleaseWithSymbols|Win32.ActiveCfg = Release|Win32
		{E1DA8DB8-FB4C-4B14-91A6-98BCED6B9720}.ReleaseWithSymbols|Win32.Build.0 = Release|Win32
		{E1DA8DB8-FB4C-4B14-91A6-98BCED6B9720}.SDK Debug|Win32.ActiveCfg = Debug|Win32
		{E1DA8DB8-FB4C-4B14-91A6-98BCED6B9720}.SDK Debug|Win32.Build.0 = Debug|Win32
		{E1DA8DB8-FB4C-4B14-91A6-98BCED6B9720}.SDK MultiThreaded|Win32.ActiveCfg = Release|Win32
		{E1DA8DB8-FB4C-4B14-91A6-98BCED6B9720}.SDK MultiThreaded|Win32.Build.0 = Release|Win32
		{E1DA8DB8-FB4C-4B14-91A6-98BCED6B9720}.SDK Release|Win32.ActiveCfg = Release|Win32
		{E1DA8DB8-FB4C-4B14-91A6-98BCED6B9720}.SDK Release|Win32.Build.0 = Release|Win32
		{E1DA8DB8-FB4C-4B14-91A6-98BCED6B9720}.SDK SingleThreaded|Win32.ActiveCfg = Release|Win32
		{E1DA8DB8-FB4C-4B14-91A6-98BCED6B9720}.SDK SingleThreaded|Win32.Build.0 = Release|Win32
		{E1DA9DB8-FB4C-4B14-91A6-98BCED6B9720}.Debug CounterStrike|Win32.ActiveCfg = Debug|Win32
		{E1DA9DB8-FB4C-4B14-91A6-98BCED6B9720}.Debug CounterStrike|Win32.Build.0 = Debug|Win32
		{E1DA9DB8-FB4C-4B14-91A6-98BCED6B9720}.Debug DoD|Win32.ActiveCfg = Debug|Win32
		{E1DA9DB8-FB4C-4B14-91A6-98BCED6B9720}.Debug DoD|Win32.Build.0 = Debug|Win32
		{E1DA9DB8-FB4C-4B14-91A6-98BCED6B9720}.Debug Episodic HL2|Win32.ActiveCfg = Debug|Win32
		{E1DA9DB8-FB4C-4B14-91A6-98BCED6B9720}.Debug Episodic HL2|Win32.Build.0 = Debug|Win32
		{E1DA9DB8-FB4C-4B14-91A6-98BCED6B9720}.Debug HL1|Win32.ActiveCfg = Debug|Win32
		{E1DA9DB8-FB4C-4B14-91A6-98BCED6B9720}.Debug HL1|Win32.Build.0 = Debug|Win32
		{E1DA9DB8-FB4C-4B14-91A6-98BCED6B9720}.Debug HL2|Win32.ActiveCfg = Debug|Win32
		{E1DA9DB8-FB4C-4B14-91A6-98BCED6B9720}.Debug HL2|Win32.Build.0 = Debug|Win32
		{E1DA9DB8-FB4C-4B14-91A6-98BCED6B9720}.Debug HL2MP|Win32.ActiveCfg = Debug|Win32
		{E1DA9DB8-FB4C-4B14-91A6-98BCED6B9720}.Debug HL2MP|Win32.Build.0 = Debug|Win32
		{E1DA9DB8-FB4C-4B14-91A6-98BCED6B9720}.Debug ICONV using MultiTh RTL DLL|Win32.ActiveCfg = Debug|Win32
		{E1DA9DB8-FB4C-4B14-91A6-98BCED6B9720}.Debug ICONV using MultiTh RTL DLL|Win32.Build.0 = Debug|Win32
		{E1DA9DB8-FB4C-4B14-91A6-98BCED6B9720}.Debug IMS|Win32.ActiveCfg = Debug|Win32
		{E1DA9DB8-FB4C-4B14-91A6-98BCED6B9720}.Debug IMS|Win32.Build.0 = Debug|Win32
		{E1DA9DB8-FB4C-4B14-91A6-98BCED6B9720}.Debug SDK|Win32.ActiveCfg = Debug|Win32
		{E1DA9DB8-FB4C-4B14-91A6-98BCED6B9720}.Debug SDK|Win32.Build.0 = Debug|Win32
		{E1DA9DB8-FB4C-4B14-91A6-98BCED6B9720}.Debug STEAM|Win32.ActiveCfg = Debug|Win32
		{E1DA9DB8-FB4C-4B14-91A6-98BCED6B9720}.Debug STEAM|Win32.Build.0 = Debug|Win32
		{E1DA9DB8-FB4C-4B14-91A6-98BCED6B9720}.Debug TF2|Win32.ActiveCfg = Debug|Win32
		{E1DA9DB8-FB4C-4B14-91A6-98BCED6B9720}.Debug TF2|Win32.Build.0 = Debug|Win32
		{E1DA9DB8-FB4C-4B14-91A6-98BCED6B9720}.Debug|Win32.ActiveCfg = Debug|Win32
		{E1DA9DB8-FB4C-4B14-91A6-98BCED6B9720}.Debug|Win32.Build.0 = Debug|Win32
		{E1DA9DB8-FB4C-4B14-91A6-98BCED6B9720}.Dedicated Debug|Win32.ActiveCfg = Debug|Win32
		{E1DA9DB8-FB4C-4B14-91A6-98BCED6B9720}.Dedicated Debug|Win32.Build.0 = Debug|Win32
		{E1DA9DB8-FB4C-4B14-91A6-98BCED6B9720}.Dedicated Release|Win32.ActiveCfg = Release|Win32
		{E1DA9DB8-FB4C-4B14-91A6-98BCED6B9720}.Dedicated Release|Win32.Build.0 = Release|Win32
		{E1DA9DB8-FB4C-4B14-91A6-98BCED6B9720}.Profile|Win32.ActiveCfg = Release|Win32
		{E1DA9DB8-FB4C-4B14-91A6-98BCED6B9720}.Profile|Win32.Build.0 = Release|Win32
		{E1DA9DB8-FB4C-4B14-91A6-98BCED6B9720}.Release CounterStrike|Win32.ActiveCfg = Release|Win32
		{E1DA9DB8-FB4C-4B14-91A6-98BCED6B9720}.Release CounterStrike|Win32.Build.0 = Release|Win32
		{E1DA9DB8-FB4C-4B14-91A6-98BCED6B9720}.Release DoD|Win32.ActiveCfg = Release|Win32
		{E1DA9DB8-FB4C-4B14-91A6-98BCED6B9720}.Release DoD|Win32.Build.0 = Release|Win32
		{E1DA9DB8-FB4C-4B14-91A6-98BCED6B9720}.Release Episodic HL2|Win32.ActiveCfg = Release|Win32
		{E1DA9DB8-FB4C-4B14-91A6-98BCED6B9720}.Release Episodic HL2|Win32.Build.0 = Release|Win32
		{E1DA9DB8-FB4C-4B14-91A6-98BCED6B9720}.Release HL1|Win32.ActiveCfg = Release|Win32
		{E1DA9DB8-FB4C-4B14-91A6-98BCED6B9720}.Release HL1|Win32.Build.0 = Release|Win32
		{E1DA9DB8-FB4C-4B14-91A6-98BCED6B9720}.Release HL2|Win32.ActiveCfg = Release|Win32
		{E1DA9DB8-FB4C-4B14-91A6-98BCED6B9720}.Release HL2|Win32.Build.0 = Release|Win32
		{E1DA9DB8-FB4C-4B14-91A6-98BCED6B9720}.Release HL2MP|Win32.ActiveCfg = Release|Win32
		{E1DA9DB8-FB4C-4B14-91A6-98BCED6B9720}.Release HL2MP|Win32.Build.0 = Release|Win32
		{E1DA9DB8-FB4C-4B14-91A6-98BCED6B9720}.Release ICONV using MultiTh RTL DLL|Win32.ActiveCfg = Release|Win32
		{E1DA9DB8-FB4C-4B14-91A6-98BCED6B9720}.Release ICONV using MultiTh RTL DLL|Win32.Build.0 = Release|Win32
		{E1DA9DB8-FB4C-4B14-91A6-98BCED6B9720}.Release IMS|Win32.ActiveCfg = Release|Win32
		{E1DA9DB8-FB4C-4B14-91A6-98BCED6B9720}.Release IMS|Win32.Build.0 = Release|Win32
		{E1DA9DB8-FB4C-4B14-91A6-98BCED6B9720}.Release SDK|Win32.ActiveCfg = Release|Win32
		{E1DA9DB8-FB4C-4B14-91A6-98BCED6B9720}.Release SDK|Win32.Build.0 = Release|Win32
		{E1DA9DB8-FB4C-4B14-91A6-98BCED6B9720}.Release STEAM|Win32.ActiveCfg = Release|Win32
		{E1DA9DB8-FB4C-4B14-91A6-98BCED6B9720}.Release STEAM|Win32.Build.0 = Release|Win32
		{E1DA9DB8-FB4C-4B14-91A6-98BCED6B9720}.Release TF2|Win32.ActiveCfg = Release|Win32
		{E1DA9DB8-FB4C-4B14-91A6-98BCED6B9720}.Release TF2|Win32.Build.0 = Release|Win32
		{E1DA9DB8-FB4C-4B14-91A6-98BCED6B9720}.Release|Win32.ActiveCfg = Release|Win32
		{E1DA9DB8-FB4C-4B14-91A6-98BCED6B9720}.Release|Win32.Build.0 = Release|Win32
		{E1DA9DB8-FB4C-4B14-91A6-98BCED6B9720}.ReleaseWithSymbols|Win32.ActiveCfg = Release|Win32
		{E1DA9DB8-FB4C-4B14-91A6-98BCED6B9720}.ReleaseWithSymbols|Win32.Build.0 = Release|Win32
		{E1DA9DB8-FB4C-4B14-91A6-98BCED6B9720}.SDK Debug|Win32.ActiveCfg = Debug|Win32
		{E1DA9DB8-FB4C-4B14-91A6-98BCED6B9720}.SDK Debug|Win32.Build.0 = Debug|Win32
		{E1DA9DB8-FB4C-4B14-91A6-98BCED6B9720}.SDK MultiThreaded|Win32.ActiveCfg = Release|Win32
		{E1DA9DB8-FB4C-4B14-91A6-98BCED6B9720}.SDK MultiThreaded|Win32.Build.0 = Release|Win32
		{E1DA9DB8-FB4C-4B14-91A6-98BCED6B9720}.SDK Release|Win32.ActiveCfg = Release|Win32
		{E1DA9DB8-FB4C-4B14-91A6-98BCED6B9720}.SDK Release|Win32.Build.0 = Release|Win32
		{E1DA9DB8-FB4C-4B14-91A6-98BCED6B9720}.SDK SingleThreaded|Win32.ActiveCfg = Release|Win32
		{E1DA9DB8-FB4C-4B14-91A6-98BCED6B9720}.SDK SingleThreaded|Win32.Build.0 = Release|Win32
		{231A32ED-7708-49BB-8ABD-2BE1C6A766DF}.Debug CounterStrike|Win32.ActiveCfg = Debug|Win32
		{231A32ED-7708-49BB-8ABD-2BE1C6A766DF}.Debug CounterStrike|Win32.Build.0 = Debug|Win32
		{231A32ED-7708-49BB-8ABD-2BE1C6A766DF}.Debug DoD|Win32.ActiveCfg = Debug|Win32
		{231A32ED-7708-49BB-8ABD-2BE1C6A766DF}.Debug DoD|Win32.Build.0 = Debug|Win32
		{231A32ED-7708-49BB-8ABD-2BE1C6A766DF}.Debug Episodic HL2|Win32.ActiveCfg = Debug|Win32
		{231A32ED-7708-49BB-8ABD-2BE1C6A766DF}.Debug Episodic HL2|Win32.Build.0 = Debug|Win32
		{231A32ED-7708-49BB-8ABD-2BE1C6A766DF}.Debug HL1|Win32.ActiveCfg = Debug|Win32
		{231A32ED-7708-49BB-8ABD-2BE1C6A766DF}.Debug HL1|Win32.Build.0 = Debug|Win32
		{231A32ED-7708-49BB-8ABD-2BE1C6A766DF}.Debug HL2|Win32.ActiveCfg = Debug|Win32
		{231A32ED-7708-49BB-8ABD-2BE1C6A766DF}.Debug HL2|Win32.Build.0 = Debug|Win32
		{231A32ED-7708-49BB-8ABD-2BE1C6A766DF}.Debug HL2MP|Win32.ActiveCfg = Debug|Win32
		{231A32ED-7708-49BB-8ABD-2BE1C6A766DF}.Debug HL2MP|Win32.Build.0 = Debug|Win32
		{231A32ED-7708-49BB-8ABD-2BE1C6A766DF}.Debug ICONV using MultiTh RTL DLL|Win32.ActiveCfg = Debug|Win32
		{231A32ED-7708-49BB-8ABD-2BE1C6A766DF}.Debug ICONV using MultiTh RTL DLL|Win32.Build.0 = Debug|Win32
		{231A32ED-7708-49BB-8ABD-2BE1C6A766DF}.Debug IMS|Win32.ActiveCfg = Debug|Win32
		{231A32ED-7708-49BB-8ABD-2BE1C6A766DF}.Debug IMS|Win32.Build.0 = Debug|Win32
		{231A32ED-7708-49BB-8ABD-2BE1C6A766DF}.Debug SDK|Win32.ActiveCfg = Debug|Win32
		{231A32ED-7708-49BB-8ABD-2BE1C6A766DF}.Debug SDK|Win32.Build.0 = Debug|Win32
		{231A32ED-7708-49BB-8ABD-2BE1C6A766DF}.Debug STEAM|Win32.ActiveCfg = Debug|Win32
		{231A32ED-7708-49BB-8ABD-2BE1C6A766DF}.Debug STEAM|Win32.Build.0 = Debug|Win32
		{231A32ED-7708-49BB-8ABD-2BE1C6A766DF}.Debug TF2|Win32.ActiveCfg = Debug|Win32
		{231A32ED-7708-49BB-8ABD-2BE1C6A766DF}.Debug TF2|Win32.Build.0 = Debug|Win32
		{231A32ED-7708-49BB-8ABD-2BE1C6A766DF}.Debug|Win32.ActiveCfg = Debug|Win32
		{231A32ED-7708-49BB-8ABD-2BE1C6A766DF}.Debug|Win32.Build.0 = Debug|Win32
		{231A32ED-7708-49BB-8ABD-2BE1C6A766DF}.Dedicated Debug|Win32.ActiveCfg = Debug|Win32
		{231A32ED-7708-49BB-8ABD-2BE1C6A766DF}.Dedicated Debug|Win32.Build.0 = Debug|Win32
		{231A32ED-7708-49BB-8ABD-2BE1C6A766DF}.Dedicated Release|Win32.ActiveCfg = Release|Win32
		{231A32ED-7708-49BB-8ABD-2BE1C6A766DF}.Dedicated Release|Win32.Build.0 = Release|Win32
		{231A32ED-7708-49BB-8ABD-2BE1C6A766DF}.Profile|Win32.ActiveCfg = Release|Win32
		{231A32ED-7708-49BB-8ABD-2BE1C6A766DF}.Profile|Win32.Build.0 = Release|Win32
		{231A32ED-7708-49BB-8ABD-2BE1C6A766DF}.Release CounterStrike|Win32.ActiveCfg = Release|Win32
		{231A32ED-7708-49BB-8ABD-2BE1C6A766DF}.Release CounterStrike|Win32.Build.0 = Release|Win32
		{231A32ED-7708-49BB-8ABD-2BE1C6A766DF}.Release DoD|Win32.ActiveCfg = Release|Win32
		{231A32ED-7708-49BB-8ABD-2BE1C6A766DF}.Release DoD|Win32.Build.0 = Release|Win32
		{231A32ED-7708-49BB-8ABD-2BE1C6A766DF}.Release Episodic HL2|Win32.ActiveCfg = Release|Win32
		{231A32ED-7708-49BB-8ABD-2BE1C6A766DF}.Release Episodic HL2|Win32.Build.0 = Release|Win32
		{231A32ED-7708-49BB-8ABD-2BE1C6A766DF}.Release HL1|Win32.ActiveCfg = Release|Win32
		{231A32ED-7708-49BB-8ABD-2BE1C6A766DF}.Release HL1|Win32.Build.0 = Release|Win32
		{231A32ED-7708-49BB-8ABD-2BE1C6A766DF}.Release HL2|Win32.ActiveCfg = Release|Win32
		{231A32ED-7708-49BB-8ABD-2BE1C6A766DF}.Release HL2|Win32.Build.0 = Release|Win32
		{231A32ED-7708-49BB-8ABD-2BE1C6A766DF}.Release HL2MP|Win32.ActiveCfg = Release|Win32
		{231A32ED-7708-49BB-8ABD-2BE1C6A766DF}.Release HL2MP|Win32.Build.0 = Release|Win32
		{231A32ED-7708-49BB-8ABD-2BE1C6A766DF}.Release ICONV using MultiTh RTL DLL|Win32.ActiveCfg = Release|Win32
		{231A32ED-7708-49BB-8ABD-2BE1C6A766DF}.Release ICONV using MultiTh RTL DLL|Win32.Build.0 = Release|Win32
		{231A32ED-7708-49BB-8ABD-2BE1C6A766DF}.Release IMS|Win32.ActiveCfg = Release|Win32
		{231A32ED-7708-49BB-8ABD-2BE1C6A766DF}.Release IMS|Win32.Build.0 = Release|Win32
		{231A32ED-7708-49BB-8ABD-2BE1C6A766DF}.Release SDK|Win32.ActiveCfg = Release|Win32
		{231A32ED-7708-49BB-8ABD-2BE1C6A766DF}.Release SDK|Win32.Build.0 = Release|Win32
		{231A32ED-7708-49BB-8ABD-2BE1C6A766DF}.Release STEAM|Win32.ActiveCfg = Release|Win32
		{231A32ED-7708-49BB-8ABD-2BE1C6A766DF}.Release STEAM|Win32.Build.0 = Release|Win32
		{231A32ED-7708-49BB-8ABD-2BE1C6A766DF}.Release TF2|Win32.ActiveCfg = Release|Win32
		{231A32ED-7708-49BB-8ABD-2BE1C6A766DF}.Release TF2|Win32.Build.0 = Release|Win32
		{231A32ED-7708-49BB-8ABD-2BE1C6A766DF}.Release|Win32.ActiveCfg = Release|Win32
		{231A32ED-7708-49BB-8ABD-2BE1C6A766DF}.Release|Win32.Build.0 = Release|Win32
		{231A32ED-7708-49BB-8ABD-2BE1C6A766DF}.ReleaseWithSymbols|Win32.ActiveCfg = Release|Win32
		{231A32ED-7708-49BB-8ABD-2BE1C6A766DF}.ReleaseWithSymbols|Win32.Build.0 = Release|Win32
		{231A32ED-7708-49BB-8ABD-2BE1C6A766DF}.SDK Debug|Win32.ActiveCfg = Debug|Win32
		{231A32ED-7708-49BB-8ABD-2BE1C6A766DF}.SDK Debug|Win32.Build.0 = Debug|Win32
		{231A32ED-7708-49BB-8ABD-2BE1C6A766DF}.SDK MultiThreaded|Win32.ActiveCfg = Release|Win32
		{231A32ED-7708-49BB-8ABD-2BE1C6A766DF}.SDK MultiThreaded|Win32.Build.0 = Release|Win32
		{231A32ED-7708-49BB-8ABD-2BE1C6A766DF}.SDK Release|Win32.ActiveCfg = Release|Win32
		{231A32ED-7708-49BB-8ABD-2BE1C6A766DF}.SDK Release|Win32.Build.0 = Release|Win32
		{231A32ED-7708-49BB-8ABD-2BE1C6A766DF}.SDK SingleThreaded|Win32.ActiveCfg = Release|Win32
		{231A32ED-7708-49BB-8ABD-2BE1C6A766DF}.SDK SingleThreaded|Win32.Build.0 = Release|Win32
		{52566E3C-69B2-40F8-BEBB-035C8268875A}.Debug CounterStrike|Win32.ActiveCfg = Debug|Win32
		{52566E3C-69B2-40F8-BEBB-035C8268875A}.Debug CounterStrike|Win32.Build.0 = Debug|Win32
		{52566E3C-69B2-40F8-BEBB-035C8268875A}.Debug DoD|Win32.ActiveCfg = Debug|Win32
		{52566E3C-69B2-40F8-BEBB-035C8268875A}.Debug DoD|Win32.Build.0 = Debug|Win32
		{52566E3C-69B2-40F8-BEBB-035C8268875A}.Debug Episodic HL2|Win32.ActiveCfg = Debug|Win32
		{52566E3C-69B2-40F8-BEBB-035C8268875A}.Debug Episodic HL2|Win32.Build.0 = Debug|Win32
		{52566E3C-69B2-40F8-BEBB-035C8268875A}.Debug HL1|Win32.ActiveCfg = Debug|Win32
		{52566E3C-69B2-40F8-BEBB-035C8268875A}.Debug HL1|Win32.Build.0 = Debug|Win32
		{52566E3C-69B2-40F8-BEBB-035C8268875A}.Debug HL2|Win32.ActiveCfg = Debug|Win32
		{52566E3C-69B2-40F8-BEBB-035C8268875A}.Debug HL2|Win32.Build.0 = Debug|Win32
		{52566E3C-69B2-40F8-BEBB-035C8268875A}.Debug HL2MP|Win32.ActiveCfg = Debug|Win32
		{52566E3C-69B2-40F8-BEBB-035C8268875A}.Debug HL2MP|Win32.Build.0 = Debug|Win32
		{52566E3C-69B2-40F8-BEBB-035C8268875A}.Debug ICONV using MultiTh RTL DLL|Win32.ActiveCfg = Debug|Win32
		{52566E3C-69B2-40F8-BEBB-035C8268875A}.Debug ICONV using MultiTh RTL DLL|Win32.Build.0 = Debug|Win32
		{52566E3C-69B2-40F8-BEBB-035C8268875A}.Debug IMS|Win32.ActiveCfg = Debug|Win32
		{52566E3C-69B2-40F8-BEBB-035C8268875A}.Debug IMS|Win32.Build.0 = Debug|Win32
		{52566E3C-69B2-40F8-BEBB-035C8268875A}.Debug SDK|Win32.ActiveCfg = Debug|Win32
		{52566E3C-69B2-40F8-BEBB-035C8268875A}.Debug SDK|Win32.Build.0 = Debug|Win32
		{52566E3C-69B2-40F8-BEBB-035C8268875A}.Debug STEAM|Win32.ActiveCfg = Debug|Win32
		{52566E3C-69B2-40F8-BEBB-035C8268875A}.Debug STEAM|Win32.Build.0 = Debug|Win32
		{52566E3C-69B2-40F8-BEBB-035C8268875A}.Debug TF2|Win32.ActiveCfg = Debug|Win32
		{52566E3C-69B2-40F8-BEBB-035C8268875A}.Debug TF2|Win32.Build.0 = Debug|Win32
		{52566E3C-69B2-40F8-BEBB-035C8268875A}.Debug|Win32.ActiveCfg = Debug|Win32
		{52566E3C-69B2-40F8-BEBB-035C8268875A}.Debug|Win32.Build.0 = Debug|Win32
		{52566E3C-69B2-40F8-BEBB-035C8268875A}.Dedicated Debug|Win32.ActiveCfg = Debug|Win32
		{52566E3C-69B2-40F8-BEBB-035C8268875A}.Dedicated Debug|Win32.Build.0 = Debug|Win32
		{52566E3C-69B2-40F8-BEBB-035C8268875A}.Dedicated Release|Win32.ActiveCfg = Release|Win32
		{52566E3C-69B2-40F8-BEBB-035C8268875A}.Dedicated Release|Win32.Build.0 = Release|Win32
		{52566E3C-69B2-40F8-BEBB-035C8268875A}.Profile|Win32.ActiveCfg = Release|Win32
		{52566E3C-69B2-40F8-BEBB-035C8268875A}.Profile|Win32.Build.0 = Release|Win32
		{52566E3C-69B2-40F8-BEBB-035C8268875A}.Release CounterStrike|Win32.ActiveCfg = Release|Win32
		{52566E3C-69B2-40F8-BEBB-035C8268875A}.Release CounterStrike|Win32.Build.0 = Release|Win32
		{52566E3C-69B2-40F8-BEBB-035C8268875A}.Release DoD|Win32.ActiveCfg = Release|Win32
		{52566E3C-69B2-40F8-BEBB-035C8268875A}.Release DoD|Win32.Build.0 = Release|Win32
		{52566E3C-69B2-40F8-BEBB-035C8268875A}.Release Episodic HL2|Win32.ActiveCfg = Release|Win32
		{52566E3C-69B2-40F8-BEBB-035C8268875A}.Release Episodic HL2|Win32.Build.0 = Release|Win32
		{52566E3C-69B2-40F8-BEBB-035C8268875A}.Release HL1|Win32.ActiveCfg = Release|Win32
		{52566E3C-69B2-40F8-BEBB-035C8268875A}.Release HL1|Win32.Build.0 = Release|Win32
		{52566E3C-69B2-40F8-BEBB-035C8268875A}.Release HL2|Win32.ActiveCfg = Release|Win32
		{52566E3C-69B2-40F8-BEBB-035C8268875A}.Release HL2|Win32.Build.0 = Release|Win32
		{52566E3C-69B2-40F8-BEBB-035C8268875A}.Release HL2MP|Win32.ActiveCfg = Release|Win32
		{52566E3C-69B2-40F8-BEBB-035C8268875A}.Release HL2MP|Win32.Build.0 = Release|Win32
		{52566E3C-69B2-40F8-BEBB-035C8268875A}.Release ICONV using MultiTh RTL DLL|Win32.ActiveCfg = Release|Win32
		{52566E3C-69B2-40F8-BEBB-035C8268875A}.Release ICONV using MultiTh RTL DLL|Win32.Build.0 = Release|Win32
		{52566E3C-69B2-40F8-BEBB-035C8268875A}.Release IMS|Win32.ActiveCfg = Release|Win32
		{52566E3C-69B2-40F8-BEBB-035C8268875A}.Release IMS|Win32.Build.0 = Release|Win32
		{52566E3C-69B2-40F8-BEBB-035C8268875A}.Release SDK|Win32.ActiveCfg = Release|Win32
		{52566E3C-69B2-40F8-BEBB-035C8268875A}.Release SDK|Win32.Build.0 = Release|Win32
		{52566E3C-69B2-40F8-BEBB-035C8268875A}.Release STEAM|Win32.ActiveCfg = Release|Win32
		{52566E3C-69B2-40F8-BEBB-035C8268875A}.Release STEAM|Win32.Build.0 = Release|Win32
		{52566E3C-69B2-40F8-BEBB-035C8268875A}.Release TF2|Win32.ActiveCfg = Release|Win32
		{52566E3C-69B2-40F8-BEBB-035C8268875A}.Release TF2|Win32.Build.0 = Release|Win32
		{52566E3C-69B2-40F8-BEBB-035C8268875A}.Release|Win32.ActiveCfg = Release|Win32
		{52566E3C-69B2-40F8-BEBB-035C8268875A}.Release|Win32.Build.0 = Release|Win32
		{52566E3C-69B2-40F8-BEBB-035C8268875A}.ReleaseWithSymbols|Win32.ActiveCfg = Release|Win32
		{52566E3C-69B2-40F8-BEBB-035C8268875A}.ReleaseWithSymbols|Win32.Build.0 = Release|Win32
		{52566E3C-69B2-40F8-BEBB-035C8268875A}.SDK Debug|Win32.ActiveCfg = Debug|Win32
		{52566E3C-69B2-40F8-BEBB-035C8268875A}.SDK Debug|Win32.Build.0 = Debug|Win32
		{52566E3C-69B2-40F8-BEBB-035C8268875A}.SDK MultiThreaded|Win32.ActiveCfg = Release|Win32
		{52566E3C-69B2-40F8-BEBB-035C8268875A}.SDK MultiThreaded|Win32.Build.0 = Release|Win32
		{52566E3C-69B2-40F8-BEBB-035C8268875A}.SDK Release|Win32.ActiveCfg = Release|Win32
		{52566E3C-69B2-40F8-BEBB-035C8268875A}.SDK Release|Win32.Build.0 = Release|Win32
		{52566E3C-69B2-40F8-BEBB-035C8268875A}.SDK SingleThreaded|Win32.ActiveCfg = Release|Win32
		{52566E3C-69B2-40F8-BEBB-035C8268875A}.SDK SingleThreaded|Win32.Build.0 = Release|Win32
		{F4C643D0-8DD2-4F95-B217-610CDB6375DF}.Debug CounterStrike|Win32.ActiveCfg = Debug|Win32
		{F4C643D0-8DD2-4F95-B217-610CDB6375DF}.Debug CounterStrike|Win32.Build.0 = Debug|Win32
		{F4C643D0-8DD2-4F95-B217-610CDB6375DF}.Debug DoD|Win32.ActiveCfg = Debug|Win32
		{F4C643D0-8DD2-4F95-B217-610CDB6375DF}.Debug DoD|Win32.Build.0 = Debug|Win32
		{F4C643D0-8DD2-4F95-B217-610CDB6375DF}.Debug Episodic HL2|Win32.ActiveCfg = Debug|Win32
		{F4C643D0-8DD2-4F95-B217-610CDB6375DF}.Debug Episodic HL2|Win32.Build.0 = Debug|Win32
		{F4C643D0-8DD2-4F95-B217-610CDB6375DF}.Debug HL1|Win32.ActiveCfg = Debug|Win32
		{F4C643D0-8DD2-4F95-B217-610CDB6375DF}.Debug HL1|Win32.Build.0 = Debug|Win32
		{F4C643D0-8DD2-4F95-B217-610CDB6375DF}.Debug HL2|Win32.ActiveCfg = Debug|Win32
		{F4C643D0-8DD2-4F95-B217-610CDB6375DF}.Debug HL2|Win32.Build.0 = Debug|Win32
		{F4C643D0-8DD2-4F95-B217-610CDB6375DF}.Debug HL2MP|Win32.ActiveCfg = Debug|Win32
		{F4C643D0-8DD2-4F95-B217-610CDB6375DF}.Debug HL2MP|Win32.Build.0 = Debug|Win32
		{F4C643D0-8DD2-4F95-B217-610CDB6375DF}.Debug ICONV using MultiTh RTL DLL|Win32.ActiveCfg = Debug|Win32
		{F4C643D0-8DD2-4F95-B217-610CDB6375DF}.Debug ICONV using MultiTh RTL DLL|Win32.Build.0 = Debug|Win32
		{F4C643D0-8DD2-4F95-B217-610CDB6375DF}.Debug IMS|Win32.ActiveCfg = Debug|Win32
		{F4C643D0-8DD2-4F95-B217-610CDB6375DF}.Debug IMS|Win32.Build.0 = Debug|Win32
		{F4C643D0-8DD2-4F95-B217-610CDB6375DF}.Debug SDK|Win32.ActiveCfg = Debug|Win32
		{F4C643D0-8DD2-4F95-B217-610CDB6375DF}.Debug SDK|Win32.Build.0 = Debug|Win32
		{F4C643D0-8DD2-4F95-B217-610CDB6375DF}.Debug STEAM|Win32.ActiveCfg = Debug|Win32
		{F4C643D0-8DD2-4F95-B217-610CDB6375DF}.Debug STEAM|Win32.Build.0 = Debug|Win32
		{F4C643D0-8DD2-4F95-B217-610CDB6375DF}.Debug TF2|Win32.ActiveCfg = Debug|Win32
		{F4C643D0-8DD2-4F95-B217-610CDB6375DF}.Debug TF2|Win32.Build.0 = Debug|Win32
		{F4C643D0-8DD2-4F95-B217-610CDB6375DF}.Debug|Win32.ActiveCfg = Debug|Win32
		{F4C643D0-8DD2-4F95-B217-610CDB6375DF}.Debug|Win32.Build.0 = Debug|Win32
		{F4C643D0-8DD2-4F95-B217-610CDB6375DF}.Dedicated Debug|Win32.ActiveCfg = Debug|Win32
		{F4C643D0-8DD2-4F95-B217-610CDB6375DF}.Dedicated Debug|Win32.Build.0 = Debug|Win32
		{F4C643D0-8DD2-4F95-B217-610CDB6375DF}.Dedicated Release|Win32.ActiveCfg = Release|Win32
		{F4C643D0-8DD2-4F95-B217-610CDB6375DF}.Dedicated Release|Win32.Build.0 = Release|Win32
		{F4C643D0-8DD2-4F95-B217-610CDB6375DF}.Profile|Win32.ActiveCfg = Release|Win32
		{F4C643D0-8DD2-4F95-B217-610CDB6375DF}.Profile|Win32.Build.0 = Release|Win32
		{F4C643D0-8DD2-4F95-B217-610CDB6375DF}.Release CounterStrike|Win32.ActiveCfg = Release|Win32
		{F4C643D0-8DD2-4F95-B217-610CDB6375DF}.Release CounterStrike|Win32.Build.0 = Release|Win32
		{F4C643D0-8DD2-4F95-B217-610CDB6375DF}.Release DoD|Win32.ActiveCfg = Release|Win32
		{F4C643D0-8DD2-4F95-B217-610CDB6375DF}.Release DoD|Win32.Build.0 = Release|Win32
		{F4C643D0-8DD2-4F95-B217-610CDB6375DF}.Release Episodic HL2|Win32.ActiveCfg = Release|Win32
		{F4C643D0-8DD2-4F95-B217-610CDB6375DF}.Release Episodic HL2|Win32.Build.0 = Release|Win32
		{F4C643D0-8DD2-4F95-B217-610CDB6375DF}.Release HL1|Win32.ActiveCfg = Release|Win32
		{F4C643D0-8DD2-4F95-B217-610CDB6375DF}.Release HL1|Win32.Build.0 = Release|Win32
		{F4C643D0-8DD2-4F95-B217-610CDB6375DF}.Release HL2|Win32.ActiveCfg = Release|Win32
		{F4C643D0-8DD2-4F95-B217-610CDB6375DF}.Release HL2|Win32.Build.0 = Release|Win32
		{F4C643D0-8DD2-4F95-B217-610CDB6375DF}.Release HL2MP|Win32.ActiveCfg = Release|Win32
		{F4C643D0-8DD2-4F95-B217-610CDB6375DF}.Release HL2MP|Win32.Build.0 = Release|Win32
		{F4C643D0-8DD2-4F95-B217-610CDB6375DF}.Release ICONV using MultiTh RTL DLL|Win32.ActiveCfg = Release|Win32
		{F4C643D0-8DD2-4F95-B217-610CDB6375DF}.Release ICONV using MultiTh RTL DLL|Win32.Build.0 = Release|Win32
		{F4C643D0-8DD2-4F95-B217-610CDB6375DF}.Release IMS|Win32.ActiveCfg = Release|Win32
		{F4C643D0-8DD2-4F95-B217-610CDB6375DF}.Release IMS|Win32.Build.0 = Release|Win32
		{F4C643D0-8DD2-4F95-B217-610CDB6375DF}.Release SDK|Win32.ActiveCfg = Release|Win32
		{F4C643D0-8DD2-4F95-B217-610CDB6375DF}.Release SDK|Win32.Build.0 = Release|Win32
		{F4C643D0-8DD2-4F95-B217-610CDB6375DF}.Release STEAM|Win32.ActiveCfg = Release|Win32
		{F4C643D0-8DD2-4F95-B217-610CDB6375DF}.Release STEAM|Win32.Build.0 = Release|Win32
		{F4C643D0-8DD2-4F95-B217-610CDB6375DF}.Release TF2|Win32.ActiveCfg = Release|Win32
		{F4C643D0-8DD2-4F95-B217-610CDB6375DF}.Release TF2|Win32.Build.0 = Release|Win32
		{F4C643D0-8DD2-4F95-B217-610CDB6375DF}.Release|Win32.ActiveCfg = Release|Win32
		{F4C643D0-8DD2-4F95-B217-610CDB6375DF}.Release|Win32.Build.0 = Release|Win32
		{F4C643D0-8DD2-4F95-B217-610CDB6375DF}.ReleaseWithSymbols|Win32.ActiveCfg = Release|Win32
		{F4C643D0-8DD2-4F95-B217-610CDB6375DF}.ReleaseWithSymbols|Win32.Build.0 = Release|Win32
		{F4C643D0-8DD2-4F95-B217-610CDB6375DF}.SDK Debug|Win32.ActiveCfg = Debug|Win32
		{F4C643D0-8DD2-4F95-B217-610CDB6375DF}.SDK Debug|Win32.Build.0 = Debug|Win32
		{F4C643D0-8DD2-4F95-B217-610CDB6375DF}.SDK MultiThreaded|Win32.ActiveCfg = Release|Win32
		{F4C643D0-8DD2-4F95-B217-610CDB6375DF}.SDK MultiThreaded|Win32.Build.0 = Release|Win32
		{F4C643D0-8DD2-4F95-B217-610CDB6375DF}.SDK Release|Win32.ActiveCfg = Release|Win32
		{F4C643D0-8DD2-4F95-B217-610CDB6375DF}.SDK Release|Win32.Build.0 = Release|Win32
		{F4C643D0-8DD2-4F95-B217-610CDB6375DF}.SDK SingleThreaded|Win32.ActiveCfg = Release|Win32
		{F4C643D0-8DD2-4F95-B217-610CDB6375DF}.SDK SingleThreaded|Win32.Build.0 = Release|Win32
	EndGlobalSection
	GlobalSection(SolutionProperties) = preSolution
		HideSolutionNode = FALSE
	EndGlobalSection
EndGlobal
