Microsoft Visual Studio Solution File, Format Version 8.00
Project("{8BC9CEB8-8B4A-11D0-8D11-00A0C91BC942}") = "appframework", "appframework\appframework.vcproj", "{7A7D342A-AD6F-4D5D-9265-83429F8A66E4}"
	ProjectSection(ProjectDependencies) = postProject
	EndProjectSection
EndProject
Project("{8BC9CEB8-8B4A-11D0-8D11-00A0C91BC942}") = "client", "cl_dll\client.vcproj", "{D3C9EB46-8C0F-46EA-9DCB-F2B10D75803E}"
	ProjectSection(ProjectDependencies) = postProject
	EndProjectSection
EndProject
Project("{8BC9CEB8-8B4A-11D0-8D11-00A0C91BC942}") = "hl", "dlls\hl.vcproj", "{B513D98E-97CE-40E4-AC90-365C2768F668}"
	ProjectSection(ProjectDependencies) = postProject
	EndProjectSection
EndProject
Project("{8BC9CEB8-8B4A-11D0-8D11-00A0C91BC942}") = "engine", "engine\engine.vcproj", "{BC1476DC-20AC-46BF-89C8-D9635AD5F165}"
	ProjectSection(ProjectDependencies) = postProject
	EndProjectSection
EndProject
Project("{8BC9CEB8-8B4A-11D0-8D11-00A0C91BC942}") = "FileSystem_Stdio", "filesystem\filesystem_stdio\filesystem_stdio.vcproj", "{07C58059-4759-4AFE-B1BB-854F088F5B69}"
	ProjectSection(ProjectDependencies) = postProject
	EndProjectSection
EndProject
Project("{8BC9CEB8-8B4A-11D0-8D11-00A0C91BC942}") = "GameUI", "gameui\GameUI.vcproj", "{0B224B51-553F-4688-833F-C86B5D87328C}"
	ProjectSection(ProjectDependencies) = postProject
	EndProjectSection
EndProject
Project("{8BC9CEB8-8B4A-11D0-8D11-00A0C91BC942}") = "launcher", "launcher\launcher.vcproj", "{174AE21E-645A-4C8F-9AD1-680C6DCEE36E}"
	ProjectSection(ProjectDependencies) = postProject
	EndProjectSection
EndProject
Project("{8BC9CEB8-8B4A-11D0-8D11-00A0C91BC942}") = "launcher_main", "launcher_main\launcher_main.vcproj", "{93106DEA-05C9-47BB-A37C-114B484BAFB9}"
	ProjectSection(ProjectDependencies) = postProject
	EndProjectSection
EndProject
Project("{8BC9CEB8-8B4A-11D0-8D11-00A0C91BC942}") = "MaterialSystem", "materialsystem\materialsystem.vcproj", "{048FFB09-EF28-49C5-9E28-1781A186BC54}"
	ProjectSection(ProjectDependencies) = postProject
	EndProjectSection
EndProject
Project("{8BC9CEB8-8B4A-11D0-8D11-00A0C91BC942}") = "SoundEmitterSystem", "soundemittersystem\soundemittersystem.vcproj", "{3CC2E0A9-1BFC-4873-8AD6-3897ACCD0B62}"
	ProjectSection(ProjectDependencies) = postProject
	EndProjectSection
EndProject
Project("{8BC9CEB8-8B4A-11D0-8D11-00A0C91BC942}") = "StudioRender", "studiorender\studiorender.vcproj", "{44C4B463-44AE-404E-9358-856268AC7E31}"
	ProjectSection(ProjectDependencies) = postProject
	EndProjectSection
EndProject
Project("{8BC9CEB8-8B4A-11D0-8D11-00A0C91BC942}") = "tier0", "tier0\tier0.vcproj", "{C503FC17-BC81-4434-ABF9-E5B00D39365C}"
	ProjectSection(ProjectDependencies) = postProject
	EndProjectSection
EndProject
Project("{8BC9CEB8-8B4A-11D0-8D11-00A0C91BC942}") = "unicode", "unicode\unicode.vcproj", "{8308E320-AF66-4F3E-9224-387151C7AA20}"
	ProjectSection(ProjectDependencies) = postProject
	EndProjectSection
EndProject
Project("{8BC9CEB8-8B4A-11D0-8D11-00A0C91BC942}") = "vgui_controls", "vgui2\controls\vgui_controls.vcproj", "{7E2B951F-C05C-4B7F-82DF-DF6976127583}"
	ProjectSection(ProjectDependencies) = postProject
	EndProjectSection
EndProject
Project("{8BC9CEB8-8B4A-11D0-8D11-00A0C91BC942}") = "vgui_dll", "vgui2\src\vgui_dll.vcproj", "{30E9C02B-BCF4-43A4-8804-4E5B58066770}"
	ProjectSection(ProjectDependencies) = postProject
	EndProjectSection
EndProject
Project("{8BC9CEB8-8B4A-11D0-8D11-00A0C91BC942}") = "vgui_surfacelib", "vgui2\vgui_surfacelib\vgui_surfacelib.vcproj", "{44E09827-E566-4B28-940F-B62EF25AF59D}"
	ProjectSection(ProjectDependencies) = postProject
	EndProjectSection
EndProject
Project("{8BC9CEB8-8B4A-11D0-8D11-00A0C91BC942}") = "vguimatsurface", "vguimatsurface\vguimatsurface.vcproj", "{34F3258C-13AF-4A09-8BF6-2E333ABB5516}"
	ProjectSection(ProjectDependencies) = postProject
	EndProjectSection
EndProject
Project("{8BC9CEB8-8B4A-11D0-8D11-00A0C91BC942}") = "vphysics", "vphysics\vphysics.vcproj", "{D3C60152-C6C6-4A6E-BE05-C9790BF826C0}"
	ProjectSection(ProjectDependencies) = postProject
	EndProjectSection
EndProject
Project("{8BC9CEB8-8B4A-11D0-8D11-00A0C91BC942}") = "vstdlib", "vstdlib\vstdlib.vcproj", "{08257043-FE59-4E3F-8C99-A181397052D0}"
	ProjectSection(ProjectDependencies) = postProject
	EndProjectSection
EndProject
Project("{8BC9CEB8-8B4A-11D0-8D11-00A0C91BC942}") = "vtf", "vtf\vtf.vcproj", "{A277FB3C-A6BE-4945-BC9B-BB06E1FCDEBD}"
	ProjectSection(ProjectDependencies) = postProject
	EndProjectSection
EndProject
Project("{8BC9CEB8-8B4A-11D0-8D11-00A0C91BC942}") = "Worldcraft", "worldcraft\worldcraft.vcproj", "{0124836D-842A-4DBC-8B79-C8B162136A11}"
	ProjectSection(ProjectDependencies) = postProject
	EndProjectSection
EndProject
Project("{8BC9CEB8-8B4A-11D0-8D11-00A0C91BC942}") = "shaderlib", "materialsystem\shaderlib\shaderlib.vcproj", "{524F280F-2300-4B72-A6EB-6EF08C0DE615}"
	ProjectSection(ProjectDependencies) = postProject
	EndProjectSection
EndProject
Project("{8BC9CEB8-8B4A-11D0-8D11-00A0C91BC942}") = "hammer_launcher", "hammer_launcher\hammer_launcher.vcproj", "{2406CCB1-2435-4918-94C5-958807BDFF73}"
	ProjectSection(ProjectDependencies) = postProject
	EndProjectSection
EndProject
Global
	GlobalSection(SourceCodeControl) = preSolution
		SccNumberOfProjects = 24
		SccProjectName0 = Perforce\u0020Project
		SccLocalPath0 = ..
		SccProvider0 = MSSCCI:Perforce\u0020SCM
		CanCheckoutShared = true
		SccProjectFilePathRelativizedFromConnection0 = src\\
		SolutionUniqueID = {B7FB43A3-E92B-4E2D-BA8B-43A0685A41C0}
		SccProjectUniqueName1 = worldcraft\\worldcraft.vcproj
		SccLocalPath1 = ..
		CanCheckoutShared = true
		SccProjectFilePathRelativizedFromConnection1 = src\\worldcraft\\
		SccProjectUniqueName2 = studiorender\\studiorender.vcproj
		SccLocalPath2 = ..
		CanCheckoutShared = true
		SccProjectFilePathRelativizedFromConnection2 = src\\studiorender\\
		SccProjectUniqueName3 = tier0\\tier0.vcproj
		SccLocalPath3 = ..
		CanCheckoutShared = true
		SccProjectFilePathRelativizedFromConnection3 = src\\tier0\\
		SccProjectUniqueName4 = cl_dll\\client.vcproj
		SccLocalPath4 = ..
		CanCheckoutShared = true
		SccProjectFilePathRelativizedFromConnection4 = src\\cl_dll\\
		SccProjectUniqueName5 = unicode\\unicode.vcproj
		SccLocalPath5 = ..
		CanCheckoutShared = true
		SccProjectFilePathRelativizedFromConnection5 = src\\unicode\\
		SccProjectUniqueName6 = engine\\engine.vcproj
		SccLocalPath6 = ..
		CanCheckoutShared = true
		SccProjectFilePathRelativizedFromConnection6 = src\\engine\\
		SccProjectUniqueName7 = vgui2\\controls\\vgui_controls.vcproj
		SccLocalPath7 = ..
		CanCheckoutShared = true
		SccProjectFilePathRelativizedFromConnection7 = src\\vgui2\\controls\\
		SccProjectUniqueName8 = gameui\\GameUI.vcproj
		SccLocalPath8 = ..
		CanCheckoutShared = true
		SccProjectFilePathRelativizedFromConnection8 = src\\gameui\\
		SccProjectUniqueName9 = vgui2\\src\\vgui_dll.vcproj
		SccLocalPath9 = ..
		CanCheckoutShared = true
		SccProjectFilePathRelativizedFromConnection9 = src\\vgui2\\src\\
		SccProjectUniqueName10 = launcher_main\\launcher_main.vcproj
		SccLocalPath10 = ..
		CanCheckoutShared = true
		SccProjectFilePathRelativizedFromConnection10 = src\\launcher_main\\
		SccProjectUniqueName11 = vgui2\\vgui_surfacelib\\vgui_surfacelib.vcproj
		SccLocalPath11 = ..
		CanCheckoutShared = true
		SccProjectFilePathRelativizedFromConnection11 = src\\vgui2\\vgui_surfacelib\\
		SccProjectUniqueName12 = vguimatsurface\\vguimatsurface.vcproj
		SccLocalPath12 = ..
		CanCheckoutShared = true
		SccProjectFilePathRelativizedFromConnection12 = src\\vguimatsurface\\
		SccProjectUniqueName13 = appframework\\appframework.vcproj
		SccLocalPath13 = ..
		CanCheckoutShared = true
		SccProjectFilePathRelativizedFromConnection13 = src\\appframework\\
		SccProjectUniqueName14 = materialsystem\\materialsystem.vcproj
		SccLocalPath14 = ..
		CanCheckoutShared = true
		SccProjectFilePathRelativizedFromConnection14 = src\\materialsystem\\
		SccProjectUniqueName15 = soundemittersystem\\soundemittersystem.vcproj
		SccLocalPath15 = ..
		CanCheckoutShared = true
		SccProjectFilePathRelativizedFromConnection15 = src\\soundemittersystem\\
		SccProjectUniqueName16 = dlls\\hl.vcproj
		SccLocalPath16 = ..
		CanCheckoutShared = true
		SccProjectFilePathRelativizedFromConnection16 = src\\dlls\\
		SccProjectUniqueName17 = launcher\\launcher.vcproj
		SccLocalPath17 = ..
		CanCheckoutShared = true
		SccProjectFilePathRelativizedFromConnection17 = src\\launcher\\
		SccProjectUniqueName18 = vphysics\\vphysics.vcproj
		SccLocalPath18 = ..
		CanCheckoutShared = true
		SccProjectFilePathRelativizedFromConnection18 = src\\vphysics\\
		SccProjectUniqueName19 = vstdlib\\vstdlib.vcproj
		SccLocalPath19 = ..
		CanCheckoutShared = true
		SccProjectFilePathRelativizedFromConnection19 = src\\vstdlib\\
		SccProjectUniqueName20 = vtf\\vtf.vcproj
		SccLocalPath20 = ..
		CanCheckoutShared = true
		SccProjectFilePathRelativizedFromConnection20 = src\\vtf\\
		SccProjectUniqueName21 = filesystem\\filesystem_stdio\\filesystem_stdio.vcproj
		SccLocalPath21 = ..
		CanCheckoutShared = true
		SccProjectFilePathRelativizedFromConnection21 = src\\filesystem\\filesystem_stdio\\
		SccProjectUniqueName22 = materialsystem\\shaderlib\\shaderlib.vcproj
		SccProjectName22 = shaderlib
		SccLocalPath22 = materialsystem\\shaderlib
		CanCheckoutShared = true
		SccProjectUniqueName23 = hammer_launcher\\hammer_launcher.vcproj
		SccProjectName23 = hammer_launcher
		SccLocalPath23 = .
		CanCheckoutShared = true
		SccProjectFilePathRelativizedFromConnection23 = hammer_launcher\\
	EndGlobalSection
	GlobalSection(SolutionConfiguration) = preSolution
		Debug = Debug
		Debug CounterStrike = Debug CounterStrike
		Debug DoD = Debug DoD
		Debug HL1 = Debug HL1
		Debug HL2 = Debug HL2
		Debug STEAM = Debug STEAM
		Debug TF2 = Debug TF2
		Dedicated Debug = Dedicated Debug
		Dedicated Release = Dedicated Release
		Release = Release
		Release CounterStrike = Release CounterStrike
		Release DoD = Release DoD
		Release HL1 = Release HL1
		Release HL2 = Release HL2
		Release STEAM = Release STEAM
		Release TF2 = Release TF2
		ReleaseWithSymbols = ReleaseWithSymbols
		SDK Debug = SDK Debug
		SDK Release = SDK Release
	EndGlobalSection
	GlobalSection(ProjectConfiguration) = postSolution
		{7A7D342A-AD6F-4D5D-9265-83429F8A66E4}.Debug.ActiveCfg = Debug|Win32
		{7A7D342A-AD6F-4D5D-9265-83429F8A66E4}.Debug.Build.0 = Debug|Win32
		{7A7D342A-AD6F-4D5D-9265-83429F8A66E4}.Debug CounterStrike.ActiveCfg = Debug|Win32
		{7A7D342A-AD6F-4D5D-9265-83429F8A66E4}.Debug CounterStrike.Build.0 = Debug|Win32
		{7A7D342A-AD6F-4D5D-9265-83429F8A66E4}.Debug DoD.ActiveCfg = Debug|Win32
		{7A7D342A-AD6F-4D5D-9265-83429F8A66E4}.Debug DoD.Build.0 = Debug|Win32
		{7A7D342A-AD6F-4D5D-9265-83429F8A66E4}.Debug HL1.ActiveCfg = Debug|Win32
		{7A7D342A-AD6F-4D5D-9265-83429F8A66E4}.Debug HL1.Build.0 = Debug|Win32
		{7A7D342A-AD6F-4D5D-9265-83429F8A66E4}.Debug HL2.ActiveCfg = Debug|Win32
		{7A7D342A-AD6F-4D5D-9265-83429F8A66E4}.Debug HL2.Build.0 = Debug|Win32
		{7A7D342A-AD6F-4D5D-9265-83429F8A66E4}.Debug STEAM.ActiveCfg = Debug|Win32
		{7A7D342A-AD6F-4D5D-9265-83429F8A66E4}.Debug STEAM.Build.0 = Debug|Win32
		{7A7D342A-AD6F-4D5D-9265-83429F8A66E4}.Debug TF2.ActiveCfg = Debug|Win32
		{7A7D342A-AD6F-4D5D-9265-83429F8A66E4}.Debug TF2.Build.0 = Debug|Win32
		{7A7D342A-AD6F-4D5D-9265-83429F8A66E4}.Dedicated Debug.ActiveCfg = Debug|Win32
		{7A7D342A-AD6F-4D5D-9265-83429F8A66E4}.Dedicated Debug.Build.0 = Debug|Win32
		{7A7D342A-AD6F-4D5D-9265-83429F8A66E4}.Dedicated Release.ActiveCfg = Release|Win32
		{7A7D342A-AD6F-4D5D-9265-83429F8A66E4}.Dedicated Release.Build.0 = Release|Win32
		{7A7D342A-AD6F-4D5D-9265-83429F8A66E4}.Release.ActiveCfg = Release|Win32
		{7A7D342A-AD6F-4D5D-9265-83429F8A66E4}.Release.Build.0 = Release|Win32
		{7A7D342A-AD6F-4D5D-9265-83429F8A66E4}.Release CounterStrike.ActiveCfg = Release|Win32
		{7A7D342A-AD6F-4D5D-9265-83429F8A66E4}.Release CounterStrike.Build.0 = Release|Win32
		{7A7D342A-AD6F-4D5D-9265-83429F8A66E4}.Release DoD.ActiveCfg = Release|Win32
		{7A7D342A-AD6F-4D5D-9265-83429F8A66E4}.Release DoD.Build.0 = Release|Win32
		{7A7D342A-AD6F-4D5D-9265-83429F8A66E4}.Release HL1.ActiveCfg = Release|Win32
		{7A7D342A-AD6F-4D5D-9265-83429F8A66E4}.Release HL1.Build.0 = Release|Win32
		{7A7D342A-AD6F-4D5D-9265-83429F8A66E4}.Release HL2.ActiveCfg = Release|Win32
		{7A7D342A-AD6F-4D5D-9265-83429F8A66E4}.Release HL2.Build.0 = Release|Win32
		{7A7D342A-AD6F-4D5D-9265-83429F8A66E4}.Release STEAM.ActiveCfg = Release|Win32
		{7A7D342A-AD6F-4D5D-9265-83429F8A66E4}.Release STEAM.Build.0 = Release|Win32
		{7A7D342A-AD6F-4D5D-9265-83429F8A66E4}.Release TF2.ActiveCfg = Release|Win32
		{7A7D342A-AD6F-4D5D-9265-83429F8A66E4}.Release TF2.Build.0 = Release|Win32
		{7A7D342A-AD6F-4D5D-9265-83429F8A66E4}.ReleaseWithSymbols.ActiveCfg = Release|Win32
		{7A7D342A-AD6F-4D5D-9265-83429F8A66E4}.ReleaseWithSymbols.Build.0 = Release|Win32
		{7A7D342A-AD6F-4D5D-9265-83429F8A66E4}.SDK Debug.ActiveCfg = Debug|Win32
		{7A7D342A-AD6F-4D5D-9265-83429F8A66E4}.SDK Debug.Build.0 = Debug|Win32
		{7A7D342A-AD6F-4D5D-9265-83429F8A66E4}.SDK Release.ActiveCfg = Release|Win32
		{7A7D342A-AD6F-4D5D-9265-83429F8A66E4}.SDK Release.Build.0 = Release|Win32
		{D3C9EB46-8C0F-46EA-9DCB-F2B10D75803E}.Debug.ActiveCfg = Debug HL2|Win32
		{D3C9EB46-8C0F-46EA-9DCB-F2B10D75803E}.Debug.Build.0 = Debug HL2|Win32
		{D3C9EB46-8C0F-46EA-9DCB-F2B10D75803E}.Debug CounterStrike.ActiveCfg = Debug CounterStrike|Win32
		{D3C9EB46-8C0F-46EA-9DCB-F2B10D75803E}.Debug CounterStrike.Build.0 = Debug CounterStrike|Win32
		{D3C9EB46-8C0F-46EA-9DCB-F2B10D75803E}.Debug DoD.ActiveCfg = Debug DoD|Win32
		{D3C9EB46-8C0F-46EA-9DCB-F2B10D75803E}.Debug DoD.Build.0 = Debug DoD|Win32
		{D3C9EB46-8C0F-46EA-9DCB-F2B10D75803E}.Debug HL1.ActiveCfg = Debug HL1|Win32
		{D3C9EB46-8C0F-46EA-9DCB-F2B10D75803E}.Debug HL1.Build.0 = Debug HL1|Win32
		{D3C9EB46-8C0F-46EA-9DCB-F2B10D75803E}.Debug HL2.ActiveCfg = Debug HL2|Win32
		{D3C9EB46-8C0F-46EA-9DCB-F2B10D75803E}.Debug HL2.Build.0 = Debug HL2|Win32
		{D3C9EB46-8C0F-46EA-9DCB-F2B10D75803E}.Debug STEAM.ActiveCfg = Debug CounterStrike|Win32
		{D3C9EB46-8C0F-46EA-9DCB-F2B10D75803E}.Debug STEAM.Build.0 = Debug CounterStrike|Win32
		{D3C9EB46-8C0F-46EA-9DCB-F2B10D75803E}.Debug TF2.ActiveCfg = Debug TF2|Win32
		{D3C9EB46-8C0F-46EA-9DCB-F2B10D75803E}.Debug TF2.Build.0 = Debug TF2|Win32
		{D3C9EB46-8C0F-46EA-9DCB-F2B10D75803E}.Dedicated Debug.ActiveCfg = Debug CounterStrike|Win32
		{D3C9EB46-8C0F-46EA-9DCB-F2B10D75803E}.Dedicated Debug.Build.0 = Debug CounterStrike|Win32
		{D3C9EB46-8C0F-46EA-9DCB-F2B10D75803E}.Dedicated Release.ActiveCfg = Debug CounterStrike|Win32
		{D3C9EB46-8C0F-46EA-9DCB-F2B10D75803E}.Dedicated Release.Build.0 = Debug CounterStrike|Win32
		{D3C9EB46-8C0F-46EA-9DCB-F2B10D75803E}.Release.ActiveCfg = Release TF2|Win32
		{D3C9EB46-8C0F-46EA-9DCB-F2B10D75803E}.Release.Build.0 = Release TF2|Win32
		{D3C9EB46-8C0F-46EA-9DCB-F2B10D75803E}.Release CounterStrike.ActiveCfg = Release CounterStrike|Win32
		{D3C9EB46-8C0F-46EA-9DCB-F2B10D75803E}.Release CounterStrike.Build.0 = Release CounterStrike|Win32
		{D3C9EB46-8C0F-46EA-9DCB-F2B10D75803E}.Release DoD.ActiveCfg = Release DoD|Win32
		{D3C9EB46-8C0F-46EA-9DCB-F2B10D75803E}.Release DoD.Build.0 = Release DoD|Win32
		{D3C9EB46-8C0F-46EA-9DCB-F2B10D75803E}.Release HL1.ActiveCfg = Release HL1|Win32
		{D3C9EB46-8C0F-46EA-9DCB-F2B10D75803E}.Release HL1.Build.0 = Release HL1|Win32
		{D3C9EB46-8C0F-46EA-9DCB-F2B10D75803E}.Release HL2.ActiveCfg = Release HL2|Win32
		{D3C9EB46-8C0F-46EA-9DCB-F2B10D75803E}.Release HL2.Build.0 = Release HL2|Win32
		{D3C9EB46-8C0F-46EA-9DCB-F2B10D75803E}.Release STEAM.ActiveCfg = Release TF2|Win32
		{D3C9EB46-8C0F-46EA-9DCB-F2B10D75803E}.Release STEAM.Build.0 = Release TF2|Win32
		{D3C9EB46-8C0F-46EA-9DCB-F2B10D75803E}.Release TF2.ActiveCfg = Release TF2|Win32
		{D3C9EB46-8C0F-46EA-9DCB-F2B10D75803E}.Release TF2.Build.0 = Release TF2|Win32
		{D3C9EB46-8C0F-46EA-9DCB-F2B10D75803E}.ReleaseWithSymbols.ActiveCfg = Release TF2|Win32
		{D3C9EB46-8C0F-46EA-9DCB-F2B10D75803E}.ReleaseWithSymbols.Build.0 = Release TF2|Win32
		{D3C9EB46-8C0F-46EA-9DCB-F2B10D75803E}.SDK Debug.ActiveCfg = Debug CounterStrike|Win32
		{D3C9EB46-8C0F-46EA-9DCB-F2B10D75803E}.SDK Debug.Build.0 = Debug CounterStrike|Win32
		{D3C9EB46-8C0F-46EA-9DCB-F2B10D75803E}.SDK Release.ActiveCfg = Debug CounterStrike|Win32
		{D3C9EB46-8C0F-46EA-9DCB-F2B10D75803E}.SDK Release.Build.0 = Debug CounterStrike|Win32
		{B513D98E-97CE-40E4-AC90-365C2768F668}.Debug.ActiveCfg = Debug HL2|Win32
		{B513D98E-97CE-40E4-AC90-365C2768F668}.Debug.Build.0 = Debug HL2|Win32
		{B513D98E-97CE-40E4-AC90-365C2768F668}.Debug CounterStrike.ActiveCfg = Debug CounterStrike|Win32
		{B513D98E-97CE-40E4-AC90-365C2768F668}.Debug CounterStrike.Build.0 = Debug CounterStrike|Win32
		{B513D98E-97CE-40E4-AC90-365C2768F668}.Debug DoD.ActiveCfg = Debug DoD|Win32
		{B513D98E-97CE-40E4-AC90-365C2768F668}.Debug DoD.Build.0 = Debug DoD|Win32
		{B513D98E-97CE-40E4-AC90-365C2768F668}.Debug HL1.ActiveCfg = Debug HL1|Win32
		{B513D98E-97CE-40E4-AC90-365C2768F668}.Debug HL1.Build.0 = Debug HL1|Win32
		{B513D98E-97CE-40E4-AC90-365C2768F668}.Debug HL2.ActiveCfg = Debug HL2|Win32
		{B513D98E-97CE-40E4-AC90-365C2768F668}.Debug HL2.Build.0 = Debug HL2|Win32
		{B513D98E-97CE-40E4-AC90-365C2768F668}.Debug STEAM.ActiveCfg = Debug CounterStrike|Win32
		{B513D98E-97CE-40E4-AC90-365C2768F668}.Debug STEAM.Build.0 = Debug CounterStrike|Win32
		{B513D98E-97CE-40E4-AC90-365C2768F668}.Debug TF2.ActiveCfg = Debug TF2|Win32
		{B513D98E-97CE-40E4-AC90-365C2768F668}.Debug TF2.Build.0 = Debug TF2|Win32
		{B513D98E-97CE-40E4-AC90-365C2768F668}.Dedicated Debug.ActiveCfg = Debug CounterStrike|Win32
		{B513D98E-97CE-40E4-AC90-365C2768F668}.Dedicated Debug.Build.0 = Debug CounterStrike|Win32
		{B513D98E-97CE-40E4-AC90-365C2768F668}.Dedicated Release.ActiveCfg = Debug CounterStrike|Win32
		{B513D98E-97CE-40E4-AC90-365C2768F668}.Dedicated Release.Build.0 = Debug CounterStrike|Win32
		{B513D98E-97CE-40E4-AC90-365C2768F668}.Release.ActiveCfg = Release TF2|Win32
		{B513D98E-97CE-40E4-AC90-365C2768F668}.Release.Build.0 = Release TF2|Win32
		{B513D98E-97CE-40E4-AC90-365C2768F668}.Release CounterStrike.ActiveCfg = Release CounterStrike|Win32
		{B513D98E-97CE-40E4-AC90-365C2768F668}.Release CounterStrike.Build.0 = Release CounterStrike|Win32
		{B513D98E-97CE-40E4-AC90-365C2768F668}.Release DoD.ActiveCfg = Release DoD|Win32
		{B513D98E-97CE-40E4-AC90-365C2768F668}.Release DoD.Build.0 = Release DoD|Win32
		{B513D98E-97CE-40E4-AC90-365C2768F668}.Release HL1.ActiveCfg = Release HL1|Win32
		{B513D98E-97CE-40E4-AC90-365C2768F668}.Release HL1.Build.0 = Release HL1|Win32
		{B513D98E-97CE-40E4-AC90-365C2768F668}.Release HL2.ActiveCfg = Release HL2|Win32
		{B513D98E-97CE-40E4-AC90-365C2768F668}.Release HL2.Build.0 = Release HL2|Win32
		{B513D98E-97CE-40E4-AC90-365C2768F668}.Release STEAM.ActiveCfg = Release TF2|Win32
		{B513D98E-97CE-40E4-AC90-365C2768F668}.Release STEAM.Build.0 = Release TF2|Win32
		{B513D98E-97CE-40E4-AC90-365C2768F668}.Release TF2.ActiveCfg = Release TF2|Win32
		{B513D98E-97CE-40E4-AC90-365C2768F668}.Release TF2.Build.0 = Release TF2|Win32
		{B513D98E-97CE-40E4-AC90-365C2768F668}.ReleaseWithSymbols.ActiveCfg = Release TF2|Win32
		{B513D98E-97CE-40E4-AC90-365C2768F668}.ReleaseWithSymbols.Build.0 = Release TF2|Win32
		{B513D98E-97CE-40E4-AC90-365C2768F668}.SDK Debug.ActiveCfg = Debug CounterStrike|Win32
		{B513D98E-97CE-40E4-AC90-365C2768F668}.SDK Debug.Build.0 = Debug CounterStrike|Win32
		{B513D98E-97CE-40E4-AC90-365C2768F668}.SDK Release.ActiveCfg = Debug CounterStrike|Win32
		{B513D98E-97CE-40E4-AC90-365C2768F668}.SDK Release.Build.0 = Debug CounterStrike|Win32
		{BC1476DC-20AC-46BF-89C8-D9635AD5F165}.Debug.ActiveCfg = Debug|Win32
		{BC1476DC-20AC-46BF-89C8-D9635AD5F165}.Debug.Build.0 = Debug|Win32
		{BC1476DC-20AC-46BF-89C8-D9635AD5F165}.Debug CounterStrike.ActiveCfg = Debug|Win32
		{BC1476DC-20AC-46BF-89C8-D9635AD5F165}.Debug CounterStrike.Build.0 = Debug|Win32
		{BC1476DC-20AC-46BF-89C8-D9635AD5F165}.Debug DoD.ActiveCfg = Debug|Win32
		{BC1476DC-20AC-46BF-89C8-D9635AD5F165}.Debug DoD.Build.0 = Debug|Win32
		{BC1476DC-20AC-46BF-89C8-D9635AD5F165}.Debug HL1.ActiveCfg = Debug|Win32
		{BC1476DC-20AC-46BF-89C8-D9635AD5F165}.Debug HL1.Build.0 = Debug|Win32
		{BC1476DC-20AC-46BF-89C8-D9635AD5F165}.Debug HL2.ActiveCfg = Debug|Win32
		{BC1476DC-20AC-46BF-89C8-D9635AD5F165}.Debug HL2.Build.0 = Debug|Win32
		{BC1476DC-20AC-46BF-89C8-D9635AD5F165}.Debug STEAM.ActiveCfg = Debug|Win32
		{BC1476DC-20AC-46BF-89C8-D9635AD5F165}.Debug STEAM.Build.0 = Debug|Win32
		{BC1476DC-20AC-46BF-89C8-D9635AD5F165}.Debug TF2.ActiveCfg = Debug|Win32
		{BC1476DC-20AC-46BF-89C8-D9635AD5F165}.Debug TF2.Build.0 = Debug|Win32
		{BC1476DC-20AC-46BF-89C8-D9635AD5F165}.Dedicated Debug.ActiveCfg = Dedicated Debug|Win32
		{BC1476DC-20AC-46BF-89C8-D9635AD5F165}.Dedicated Debug.Build.0 = Dedicated Debug|Win32
		{BC1476DC-20AC-46BF-89C8-D9635AD5F165}.Dedicated Release.ActiveCfg = Dedicated Release|Win32
		{BC1476DC-20AC-46BF-89C8-D9635AD5F165}.Dedicated Release.Build.0 = Dedicated Release|Win32
		{BC1476DC-20AC-46BF-89C8-D9635AD5F165}.Release.ActiveCfg = Release|Win32
		{BC1476DC-20AC-46BF-89C8-D9635AD5F165}.Release.Build.0 = Release|Win32
		{BC1476DC-20AC-46BF-89C8-D9635AD5F165}.Release CounterStrike.ActiveCfg = Release|Win32
		{BC1476DC-20AC-46BF-89C8-D9635AD5F165}.Release CounterStrike.Build.0 = Release|Win32
		{BC1476DC-20AC-46BF-89C8-D9635AD5F165}.Release DoD.ActiveCfg = Release|Win32
		{BC1476DC-20AC-46BF-89C8-D9635AD5F165}.Release DoD.Build.0 = Release|Win32
		{BC1476DC-20AC-46BF-89C8-D9635AD5F165}.Release HL1.ActiveCfg = Release|Win32
		{BC1476DC-20AC-46BF-89C8-D9635AD5F165}.Release HL1.Build.0 = Release|Win32
		{BC1476DC-20AC-46BF-89C8-D9635AD5F165}.Release HL2.ActiveCfg = Release|Win32
		{BC1476DC-20AC-46BF-89C8-D9635AD5F165}.Release HL2.Build.0 = Release|Win32
		{BC1476DC-20AC-46BF-89C8-D9635AD5F165}.Release STEAM.ActiveCfg = Release|Win32
		{BC1476DC-20AC-46BF-89C8-D9635AD5F165}.Release STEAM.Build.0 = Release|Win32
		{BC1476DC-20AC-46BF-89C8-D9635AD5F165}.Release TF2.ActiveCfg = Release|Win32
		{BC1476DC-20AC-46BF-89C8-D9635AD5F165}.Release TF2.Build.0 = Release|Win32
		{BC1476DC-20AC-46BF-89C8-D9635AD5F165}.ReleaseWithSymbols.ActiveCfg = Release|Win32
		{BC1476DC-20AC-46BF-89C8-D9635AD5F165}.ReleaseWithSymbols.Build.0 = Release|Win32
		{BC1476DC-20AC-46BF-89C8-D9635AD5F165}.SDK Debug.ActiveCfg = Debug|Win32
		{BC1476DC-20AC-46BF-89C8-D9635AD5F165}.SDK Debug.Build.0 = Debug|Win32
		{BC1476DC-20AC-46BF-89C8-D9635AD5F165}.SDK Release.ActiveCfg = Release|Win32
		{BC1476DC-20AC-46BF-89C8-D9635AD5F165}.SDK Release.Build.0 = Release|Win32
		{07C58059-4759-4AFE-B1BB-854F088F5B69}.Debug.ActiveCfg = Debug|Win32
		{07C58059-4759-4AFE-B1BB-854F088F5B69}.Debug.Build.0 = Debug|Win32
		{07C58059-4759-4AFE-B1BB-854F088F5B69}.Debug CounterStrike.ActiveCfg = Debug STEAM|Win32
		{07C58059-4759-4AFE-B1BB-854F088F5B69}.Debug CounterStrike.Build.0 = Debug STEAM|Win32
		{07C58059-4759-4AFE-B1BB-854F088F5B69}.Debug DoD.ActiveCfg = Debug STEAM|Win32
		{07C58059-4759-4AFE-B1BB-854F088F5B69}.Debug DoD.Build.0 = Debug STEAM|Win32
		{07C58059-4759-4AFE-B1BB-854F088F5B69}.Debug HL1.ActiveCfg = Debug STEAM|Win32
		{07C58059-4759-4AFE-B1BB-854F088F5B69}.Debug HL1.Build.0 = Debug STEAM|Win32
		{07C58059-4759-4AFE-B1BB-854F088F5B69}.Debug HL2.ActiveCfg = Debug STEAM|Win32
		{07C58059-4759-4AFE-B1BB-854F088F5B69}.Debug HL2.Build.0 = Debug STEAM|Win32
		{07C58059-4759-4AFE-B1BB-854F088F5B69}.Debug STEAM.ActiveCfg = Debug STEAM|Win32
		{07C58059-4759-4AFE-B1BB-854F088F5B69}.Debug STEAM.Build.0 = Debug STEAM|Win32
		{07C58059-4759-4AFE-B1BB-854F088F5B69}.Debug TF2.ActiveCfg = Debug STEAM|Win32
		{07C58059-4759-4AFE-B1BB-854F088F5B69}.Debug TF2.Build.0 = Debug STEAM|Win32
		{07C58059-4759-4AFE-B1BB-854F088F5B69}.Dedicated Debug.ActiveCfg = Debug|Win32
		{07C58059-4759-4AFE-B1BB-854F088F5B69}.Dedicated Debug.Build.0 = Debug|Win32
		{07C58059-4759-4AFE-B1BB-854F088F5B69}.Dedicated Release.ActiveCfg = Release|Win32
		{07C58059-4759-4AFE-B1BB-854F088F5B69}.Dedicated Release.Build.0 = Release|Win32
		{07C58059-4759-4AFE-B1BB-854F088F5B69}.Release.ActiveCfg = Release|Win32
		{07C58059-4759-4AFE-B1BB-854F088F5B69}.Release.Build.0 = Release|Win32
		{07C58059-4759-4AFE-B1BB-854F088F5B69}.Release CounterStrike.ActiveCfg = Release|Win32
		{07C58059-4759-4AFE-B1BB-854F088F5B69}.Release CounterStrike.Build.0 = Release|Win32
		{07C58059-4759-4AFE-B1BB-854F088F5B69}.Release DoD.ActiveCfg = Release|Win32
		{07C58059-4759-4AFE-B1BB-854F088F5B69}.Release DoD.Build.0 = Release|Win32
		{07C58059-4759-4AFE-B1BB-854F088F5B69}.Release HL1.ActiveCfg = Release|Win32
		{07C58059-4759-4AFE-B1BB-854F088F5B69}.Release HL1.Build.0 = Release|Win32
		{07C58059-4759-4AFE-B1BB-854F088F5B69}.Release HL2.ActiveCfg = Release|Win32
		{07C58059-4759-4AFE-B1BB-854F088F5B69}.Release HL2.Build.0 = Release|Win32
		{07C58059-4759-4AFE-B1BB-854F088F5B69}.Release STEAM.ActiveCfg = Release STEAM|Win32
		{07C58059-4759-4AFE-B1BB-854F088F5B69}.Release STEAM.Build.0 = Release STEAM|Win32
		{07C58059-4759-4AFE-B1BB-854F088F5B69}.Release TF2.ActiveCfg = Release|Win32
		{07C58059-4759-4AFE-B1BB-854F088F5B69}.Release TF2.Build.0 = Release|Win32
		{07C58059-4759-4AFE-B1BB-854F088F5B69}.ReleaseWithSymbols.ActiveCfg = Release|Win32
		{07C58059-4759-4AFE-B1BB-854F088F5B69}.ReleaseWithSymbols.Build.0 = Release|Win32
		{07C58059-4759-4AFE-B1BB-854F088F5B69}.SDK Debug.ActiveCfg = Debug|Win32
		{07C58059-4759-4AFE-B1BB-854F088F5B69}.SDK Debug.Build.0 = Debug|Win32
		{07C58059-4759-4AFE-B1BB-854F088F5B69}.SDK Release.ActiveCfg = Release|Win32
		{07C58059-4759-4AFE-B1BB-854F088F5B69}.SDK Release.Build.0 = Release|Win32
		{0B224B51-553F-4688-833F-C86B5D87328C}.Debug.ActiveCfg = Debug|Win32
		{0B224B51-553F-4688-833F-C86B5D87328C}.Debug.Build.0 = Debug|Win32
		{0B224B51-553F-4688-833F-C86B5D87328C}.Debug CounterStrike.ActiveCfg = Debug|Win32
		{0B224B51-553F-4688-833F-C86B5D87328C}.Debug CounterStrike.Build.0 = Debug|Win32
		{0B224B51-553F-4688-833F-C86B5D87328C}.Debug DoD.ActiveCfg = Debug|Win32
		{0B224B51-553F-4688-833F-C86B5D87328C}.Debug DoD.Build.0 = Debug|Win32
		{0B224B51-553F-4688-833F-C86B5D87328C}.Debug HL1.ActiveCfg = Debug|Win32
		{0B224B51-553F-4688-833F-C86B5D87328C}.Debug HL1.Build.0 = Debug|Win32
		{0B224B51-553F-4688-833F-C86B5D87328C}.Debug HL2.ActiveCfg = Debug|Win32
		{0B224B51-553F-4688-833F-C86B5D87328C}.Debug HL2.Build.0 = Debug|Win32
		{0B224B51-553F-4688-833F-C86B5D87328C}.Debug STEAM.ActiveCfg = Debug|Win32
		{0B224B51-553F-4688-833F-C86B5D87328C}.Debug STEAM.Build.0 = Debug|Win32
		{0B224B51-553F-4688-833F-C86B5D87328C}.Debug TF2.ActiveCfg = Debug|Win32
		{0B224B51-553F-4688-833F-C86B5D87328C}.Debug TF2.Build.0 = Debug|Win32
		{0B224B51-553F-4688-833F-C86B5D87328C}.Dedicated Debug.ActiveCfg = Debug|Win32
		{0B224B51-553F-4688-833F-C86B5D87328C}.Dedicated Debug.Build.0 = Debug|Win32
		{0B224B51-553F-4688-833F-C86B5D87328C}.Dedicated Release.ActiveCfg = Release|Win32
		{0B224B51-553F-4688-833F-C86B5D87328C}.Dedicated Release.Build.0 = Release|Win32
		{0B224B51-553F-4688-833F-C86B5D87328C}.Release.ActiveCfg = Release|Win32
		{0B224B51-553F-4688-833F-C86B5D87328C}.Release.Build.0 = Release|Win32
		{0B224B51-553F-4688-833F-C86B5D87328C}.Release CounterStrike.ActiveCfg = Release|Win32
		{0B224B51-553F-4688-833F-C86B5D87328C}.Release CounterStrike.Build.0 = Release|Win32
		{0B224B51-553F-4688-833F-C86B5D87328C}.Release DoD.ActiveCfg = Release|Win32
		{0B224B51-553F-4688-833F-C86B5D87328C}.Release DoD.Build.0 = Release|Win32
		{0B224B51-553F-4688-833F-C86B5D87328C}.Release HL1.ActiveCfg = Release|Win32
		{0B224B51-553F-4688-833F-C86B5D87328C}.Release HL1.Build.0 = Release|Win32
		{0B224B51-553F-4688-833F-C86B5D87328C}.Release HL2.ActiveCfg = Release|Win32
		{0B224B51-553F-4688-833F-C86B5D87328C}.Release HL2.Build.0 = Release|Win32
		{0B224B51-553F-4688-833F-C86B5D87328C}.Release STEAM.ActiveCfg = Release|Win32
		{0B224B51-553F-4688-833F-C86B5D87328C}.Release STEAM.Build.0 = Release|Win32
		{0B224B51-553F-4688-833F-C86B5D87328C}.Release TF2.ActiveCfg = Release|Win32
		{0B224B51-553F-4688-833F-C86B5D87328C}.Release TF2.Build.0 = Release|Win32
		{0B224B51-553F-4688-833F-C86B5D87328C}.ReleaseWithSymbols.ActiveCfg = Release|Win32
		{0B224B51-553F-4688-833F-C86B5D87328C}.ReleaseWithSymbols.Build.0 = Release|Win32
		{0B224B51-553F-4688-833F-C86B5D87328C}.SDK Debug.ActiveCfg = Debug|Win32
		{0B224B51-553F-4688-833F-C86B5D87328C}.SDK Debug.Build.0 = Debug|Win32
		{0B224B51-553F-4688-833F-C86B5D87328C}.SDK Release.ActiveCfg = Release|Win32
		{0B224B51-553F-4688-833F-C86B5D87328C}.SDK Release.Build.0 = Release|Win32
		{174AE21E-645A-4C8F-9AD1-680C6DCEE36E}.Debug.ActiveCfg = Debug|Win32
		{174AE21E-645A-4C8F-9AD1-680C6DCEE36E}.Debug.Build.0 = Debug|Win32
		{174AE21E-645A-4C8F-9AD1-680C6DCEE36E}.Debug CounterStrike.ActiveCfg = Debug|Win32
		{174AE21E-645A-4C8F-9AD1-680C6DCEE36E}.Debug CounterStrike.Build.0 = Debug|Win32
		{174AE21E-645A-4C8F-9AD1-680C6DCEE36E}.Debug DoD.ActiveCfg = Debug|Win32
		{174AE21E-645A-4C8F-9AD1-680C6DCEE36E}.Debug DoD.Build.0 = Debug|Win32
		{174AE21E-645A-4C8F-9AD1-680C6DCEE36E}.Debug HL1.ActiveCfg = Debug|Win32
		{174AE21E-645A-4C8F-9AD1-680C6DCEE36E}.Debug HL1.Build.0 = Debug|Win32
		{174AE21E-645A-4C8F-9AD1-680C6DCEE36E}.Debug HL2.ActiveCfg = Debug|Win32
		{174AE21E-645A-4C8F-9AD1-680C6DCEE36E}.Debug HL2.Build.0 = Debug|Win32
		{174AE21E-645A-4C8F-9AD1-680C6DCEE36E}.Debug STEAM.ActiveCfg = Debug|Win32
		{174AE21E-645A-4C8F-9AD1-680C6DCEE36E}.Debug STEAM.Build.0 = Debug|Win32
		{174AE21E-645A-4C8F-9AD1-680C6DCEE36E}.Debug TF2.ActiveCfg = Debug|Win32
		{174AE21E-645A-4C8F-9AD1-680C6DCEE36E}.Debug TF2.Build.0 = Debug|Win32
		{174AE21E-645A-4C8F-9AD1-680C6DCEE36E}.Dedicated Debug.ActiveCfg = Debug|Win32
		{174AE21E-645A-4C8F-9AD1-680C6DCEE36E}.Dedicated Debug.Build.0 = Debug|Win32
		{174AE21E-645A-4C8F-9AD1-680C6DCEE36E}.Dedicated Release.ActiveCfg = Release|Win32
		{174AE21E-645A-4C8F-9AD1-680C6DCEE36E}.Dedicated Release.Build.0 = Release|Win32
		{174AE21E-645A-4C8F-9AD1-680C6DCEE36E}.Release.ActiveCfg = Release|Win32
		{174AE21E-645A-4C8F-9AD1-680C6DCEE36E}.Release.Build.0 = Release|Win32
		{174AE21E-645A-4C8F-9AD1-680C6DCEE36E}.Release CounterStrike.ActiveCfg = Release|Win32
		{174AE21E-645A-4C8F-9AD1-680C6DCEE36E}.Release CounterStrike.Build.0 = Release|Win32
		{174AE21E-645A-4C8F-9AD1-680C6DCEE36E}.Release DoD.ActiveCfg = Release|Win32
		{174AE21E-645A-4C8F-9AD1-680C6DCEE36E}.Release DoD.Build.0 = Release|Win32
		{174AE21E-645A-4C8F-9AD1-680C6DCEE36E}.Release HL1.ActiveCfg = Release|Win32
		{174AE21E-645A-4C8F-9AD1-680C6DCEE36E}.Release HL1.Build.0 = Release|Win32
		{174AE21E-645A-4C8F-9AD1-680C6DCEE36E}.Release HL2.ActiveCfg = Release|Win32
		{174AE21E-645A-4C8F-9AD1-680C6DCEE36E}.Release HL2.Build.0 = Release|Win32
		{174AE21E-645A-4C8F-9AD1-680C6DCEE36E}.Release STEAM.ActiveCfg = Release|Win32
		{174AE21E-645A-4C8F-9AD1-680C6DCEE36E}.Release STEAM.Build.0 = Release|Win32
		{174AE21E-645A-4C8F-9AD1-680C6DCEE36E}.Release TF2.ActiveCfg = Release|Win32
		{174AE21E-645A-4C8F-9AD1-680C6DCEE36E}.Release TF2.Build.0 = Release|Win32
		{174AE21E-645A-4C8F-9AD1-680C6DCEE36E}.ReleaseWithSymbols.ActiveCfg = Release|Win32
		{174AE21E-645A-4C8F-9AD1-680C6DCEE36E}.ReleaseWithSymbols.Build.0 = Release|Win32
		{174AE21E-645A-4C8F-9AD1-680C6DCEE36E}.SDK Debug.ActiveCfg = Debug|Win32
		{174AE21E-645A-4C8F-9AD1-680C6DCEE36E}.SDK Debug.Build.0 = Debug|Win32
		{174AE21E-645A-4C8F-9AD1-680C6DCEE36E}.SDK Release.ActiveCfg = Release|Win32
		{174AE21E-645A-4C8F-9AD1-680C6DCEE36E}.SDK Release.Build.0 = Release|Win32
		{93106DEA-05C9-47BB-A37C-114B484BAFB9}.Debug.ActiveCfg = Debug|Win32
		{93106DEA-05C9-47BB-A37C-114B484BAFB9}.Debug.Build.0 = Debug|Win32
		{93106DEA-05C9-47BB-A37C-114B484BAFB9}.Debug CounterStrike.ActiveCfg = Debug|Win32
		{93106DEA-05C9-47BB-A37C-114B484BAFB9}.Debug CounterStrike.Build.0 = Debug|Win32
		{93106DEA-05C9-47BB-A37C-114B484BAFB9}.Debug DoD.ActiveCfg = Debug|Win32
		{93106DEA-05C9-47BB-A37C-114B484BAFB9}.Debug DoD.Build.0 = Debug|Win32
		{93106DEA-05C9-47BB-A37C-114B484BAFB9}.Debug HL1.ActiveCfg = Debug|Win32
		{93106DEA-05C9-47BB-A37C-114B484BAFB9}.Debug HL1.Build.0 = Debug|Win32
		{93106DEA-05C9-47BB-A37C-114B484BAFB9}.Debug HL2.ActiveCfg = Debug|Win32
		{93106DEA-05C9-47BB-A37C-114B484BAFB9}.Debug HL2.Build.0 = Debug|Win32
		{93106DEA-05C9-47BB-A37C-114B484BAFB9}.Debug STEAM.ActiveCfg = Debug|Win32
		{93106DEA-05C9-47BB-A37C-114B484BAFB9}.Debug STEAM.Build.0 = Debug|Win32
		{93106DEA-05C9-47BB-A37C-114B484BAFB9}.Debug TF2.ActiveCfg = Debug|Win32
		{93106DEA-05C9-47BB-A37C-114B484BAFB9}.Debug TF2.Build.0 = Debug|Win32
		{93106DEA-05C9-47BB-A37C-114B484BAFB9}.Dedicated Debug.ActiveCfg = Debug|Win32
		{93106DEA-05C9-47BB-A37C-114B484BAFB9}.Dedicated Debug.Build.0 = Debug|Win32
		{93106DEA-05C9-47BB-A37C-114B484BAFB9}.Dedicated Release.ActiveCfg = Release|Win32
		{93106DEA-05C9-47BB-A37C-114B484BAFB9}.Dedicated Release.Build.0 = Release|Win32
		{93106DEA-05C9-47BB-A37C-114B484BAFB9}.Release.ActiveCfg = Release|Win32
		{93106DEA-05C9-47BB-A37C-114B484BAFB9}.Release.Build.0 = Release|Win32
		{93106DEA-05C9-47BB-A37C-114B484BAFB9}.Release CounterStrike.ActiveCfg = Release|Win32
		{93106DEA-05C9-47BB-A37C-114B484BAFB9}.Release CounterStrike.Build.0 = Release|Win32
		{93106DEA-05C9-47BB-A37C-114B484BAFB9}.Release DoD.ActiveCfg = Release|Win32
		{93106DEA-05C9-47BB-A37C-114B484BAFB9}.Release DoD.Build.0 = Release|Win32
		{93106DEA-05C9-47BB-A37C-114B484BAFB9}.Release HL1.ActiveCfg = Release|Win32
		{93106DEA-05C9-47BB-A37C-114B484BAFB9}.Release HL1.Build.0 = Release|Win32
		{93106DEA-05C9-47BB-A37C-114B484BAFB9}.Release HL2.ActiveCfg = Release|Win32
		{93106DEA-05C9-47BB-A37C-114B484BAFB9}.Release HL2.Build.0 = Release|Win32
		{93106DEA-05C9-47BB-A37C-114B484BAFB9}.Release STEAM.ActiveCfg = Release|Win32
		{93106DEA-05C9-47BB-A37C-114B484BAFB9}.Release STEAM.Build.0 = Release|Win32
		{93106DEA-05C9-47BB-A37C-114B484BAFB9}.Release TF2.ActiveCfg = Release|Win32
		{93106DEA-05C9-47BB-A37C-114B484BAFB9}.Release TF2.Build.0 = Release|Win32
		{93106DEA-05C9-47BB-A37C-114B484BAFB9}.ReleaseWithSymbols.ActiveCfg = Release|Win32
		{93106DEA-05C9-47BB-A37C-114B484BAFB9}.ReleaseWithSymbols.Build.0 = Release|Win32
		{93106DEA-05C9-47BB-A37C-114B484BAFB9}.SDK Debug.ActiveCfg = Debug|Win32
		{93106DEA-05C9-47BB-A37C-114B484BAFB9}.SDK Debug.Build.0 = Debug|Win32
		{93106DEA-05C9-47BB-A37C-114B484BAFB9}.SDK Release.ActiveCfg = Release|Win32
		{93106DEA-05C9-47BB-A37C-114B484BAFB9}.SDK Release.Build.0 = Release|Win32
		{048FFB09-EF28-49C5-9E28-1781A186BC54}.Debug.ActiveCfg = Debug|Win32
		{048FFB09-EF28-49C5-9E28-1781A186BC54}.Debug.Build.0 = Debug|Win32
		{048FFB09-EF28-49C5-9E28-1781A186BC54}.Debug CounterStrike.ActiveCfg = Debug|Win32
		{048FFB09-EF28-49C5-9E28-1781A186BC54}.Debug CounterStrike.Build.0 = Debug|Win32
		{048FFB09-EF28-49C5-9E28-1781A186BC54}.Debug DoD.ActiveCfg = Debug|Win32
		{048FFB09-EF28-49C5-9E28-1781A186BC54}.Debug DoD.Build.0 = Debug|Win32
		{048FFB09-EF28-49C5-9E28-1781A186BC54}.Debug HL1.ActiveCfg = Debug|Win32
		{048FFB09-EF28-49C5-9E28-1781A186BC54}.Debug HL1.Build.0 = Debug|Win32
		{048FFB09-EF28-49C5-9E28-1781A186BC54}.Debug HL2.ActiveCfg = Debug|Win32
		{048FFB09-EF28-49C5-9E28-1781A186BC54}.Debug HL2.Build.0 = Debug|Win32
		{048FFB09-EF28-49C5-9E28-1781A186BC54}.Debug STEAM.ActiveCfg = Debug|Win32
		{048FFB09-EF28-49C5-9E28-1781A186BC54}.Debug STEAM.Build.0 = Debug|Win32
		{048FFB09-EF28-49C5-9E28-1781A186BC54}.Debug TF2.ActiveCfg = Debug|Win32
		{048FFB09-EF28-49C5-9E28-1781A186BC54}.Debug TF2.Build.0 = Debug|Win32
		{048FFB09-EF28-49C5-9E28-1781A186BC54}.Dedicated Debug.ActiveCfg = Debug|Win32
		{048FFB09-EF28-49C5-9E28-1781A186BC54}.Dedicated Debug.Build.0 = Debug|Win32
		{048FFB09-EF28-49C5-9E28-1781A186BC54}.Dedicated Release.ActiveCfg = Release|Win32
		{048FFB09-EF28-49C5-9E28-1781A186BC54}.Dedicated Release.Build.0 = Release|Win32
		{048FFB09-EF28-49C5-9E28-1781A186BC54}.Release.ActiveCfg = Release|Win32
		{048FFB09-EF28-49C5-9E28-1781A186BC54}.Release.Build.0 = Release|Win32
		{048FFB09-EF28-49C5-9E28-1781A186BC54}.Release CounterStrike.ActiveCfg = Release|Win32
		{048FFB09-EF28-49C5-9E28-1781A186BC54}.Release CounterStrike.Build.0 = Release|Win32
		{048FFB09-EF28-49C5-9E28-1781A186BC54}.Release DoD.ActiveCfg = Release|Win32
		{048FFB09-EF28-49C5-9E28-1781A186BC54}.Release DoD.Build.0 = Release|Win32
		{048FFB09-EF28-49C5-9E28-1781A186BC54}.Release HL1.ActiveCfg = Release|Win32
		{048FFB09-EF28-49C5-9E28-1781A186BC54}.Release HL1.Build.0 = Release|Win32
		{048FFB09-EF28-49C5-9E28-1781A186BC54}.Release HL2.ActiveCfg = Release|Win32
		{048FFB09-EF28-49C5-9E28-1781A186BC54}.Release HL2.Build.0 = Release|Win32
		{048FFB09-EF28-49C5-9E28-1781A186BC54}.Release STEAM.ActiveCfg = Release|Win32
		{048FFB09-EF28-49C5-9E28-1781A186BC54}.Release STEAM.Build.0 = Release|Win32
		{048FFB09-EF28-49C5-9E28-1781A186BC54}.Release TF2.ActiveCfg = Release|Win32
		{048FFB09-EF28-49C5-9E28-1781A186BC54}.Release TF2.Build.0 = Release|Win32
		{048FFB09-EF28-49C5-9E28-1781A186BC54}.ReleaseWithSymbols.ActiveCfg = Release|Win32
		{048FFB09-EF28-49C5-9E28-1781A186BC54}.ReleaseWithSymbols.Build.0 = Release|Win32
		{048FFB09-EF28-49C5-9E28-1781A186BC54}.SDK Debug.ActiveCfg = Debug|Win32
		{048FFB09-EF28-49C5-9E28-1781A186BC54}.SDK Debug.Build.0 = Debug|Win32
		{048FFB09-EF28-49C5-9E28-1781A186BC54}.SDK Release.ActiveCfg = Release|Win32
		{048FFB09-EF28-49C5-9E28-1781A186BC54}.SDK Release.Build.0 = Release|Win32
		{3CC2E0A9-1BFC-4873-8AD6-3897ACCD0B62}.Debug.ActiveCfg = Debug|Win32
		{3CC2E0A9-1BFC-4873-8AD6-3897ACCD0B62}.Debug.Build.0 = Debug|Win32
		{3CC2E0A9-1BFC-4873-8AD6-3897ACCD0B62}.Debug CounterStrike.ActiveCfg = Debug|Win32
		{3CC2E0A9-1BFC-4873-8AD6-3897ACCD0B62}.Debug CounterStrike.Build.0 = Debug|Win32
		{3CC2E0A9-1BFC-4873-8AD6-3897ACCD0B62}.Debug DoD.ActiveCfg = Debug|Win32
		{3CC2E0A9-1BFC-4873-8AD6-3897ACCD0B62}.Debug DoD.Build.0 = Debug|Win32
		{3CC2E0A9-1BFC-4873-8AD6-3897ACCD0B62}.Debug HL1.ActiveCfg = Debug|Win32
		{3CC2E0A9-1BFC-4873-8AD6-3897ACCD0B62}.Debug HL1.Build.0 = Debug|Win32
		{3CC2E0A9-1BFC-4873-8AD6-3897ACCD0B62}.Debug HL2.ActiveCfg = Debug|Win32
		{3CC2E0A9-1BFC-4873-8AD6-3897ACCD0B62}.Debug HL2.Build.0 = Debug|Win32
		{3CC2E0A9-1BFC-4873-8AD6-3897ACCD0B62}.Debug STEAM.ActiveCfg = Debug|Win32
		{3CC2E0A9-1BFC-4873-8AD6-3897ACCD0B62}.Debug STEAM.Build.0 = Debug|Win32
		{3CC2E0A9-1BFC-4873-8AD6-3897ACCD0B62}.Debug TF2.ActiveCfg = Debug|Win32
		{3CC2E0A9-1BFC-4873-8AD6-3897ACCD0B62}.Debug TF2.Build.0 = Debug|Win32
		{3CC2E0A9-1BFC-4873-8AD6-3897ACCD0B62}.Dedicated Debug.ActiveCfg = Debug|Win32
		{3CC2E0A9-1BFC-4873-8AD6-3897ACCD0B62}.Dedicated Debug.Build.0 = Debug|Win32
		{3CC2E0A9-1BFC-4873-8AD6-3897ACCD0B62}.Dedicated Release.ActiveCfg = Release|Win32
		{3CC2E0A9-1BFC-4873-8AD6-3897ACCD0B62}.Dedicated Release.Build.0 = Release|Win32
		{3CC2E0A9-1BFC-4873-8AD6-3897ACCD0B62}.Release.ActiveCfg = Release|Win32
		{3CC2E0A9-1BFC-4873-8AD6-3897ACCD0B62}.Release.Build.0 = Release|Win32
		{3CC2E0A9-1BFC-4873-8AD6-3897ACCD0B62}.Release CounterStrike.ActiveCfg = Release|Win32
		{3CC2E0A9-1BFC-4873-8AD6-3897ACCD0B62}.Release CounterStrike.Build.0 = Release|Win32
		{3CC2E0A9-1BFC-4873-8AD6-3897ACCD0B62}.Release DoD.ActiveCfg = Release|Win32
		{3CC2E0A9-1BFC-4873-8AD6-3897ACCD0B62}.Release DoD.Build.0 = Release|Win32
		{3CC2E0A9-1BFC-4873-8AD6-3897ACCD0B62}.Release HL1.ActiveCfg = Release|Win32
		{3CC2E0A9-1BFC-4873-8AD6-3897ACCD0B62}.Release HL1.Build.0 = Release|Win32
		{3CC2E0A9-1BFC-4873-8AD6-3897ACCD0B62}.Release HL2.ActiveCfg = Release|Win32
		{3CC2E0A9-1BFC-4873-8AD6-3897ACCD0B62}.Release HL2.Build.0 = Release|Win32
		{3CC2E0A9-1BFC-4873-8AD6-3897ACCD0B62}.Release STEAM.ActiveCfg = Release|Win32
		{3CC2E0A9-1BFC-4873-8AD6-3897ACCD0B62}.Release STEAM.Build.0 = Release|Win32
		{3CC2E0A9-1BFC-4873-8AD6-3897ACCD0B62}.Release TF2.ActiveCfg = Release|Win32
		{3CC2E0A9-1BFC-4873-8AD6-3897ACCD0B62}.Release TF2.Build.0 = Release|Win32
		{3CC2E0A9-1BFC-4873-8AD6-3897ACCD0B62}.ReleaseWithSymbols.ActiveCfg = Release|Win32
		{3CC2E0A9-1BFC-4873-8AD6-3897ACCD0B62}.ReleaseWithSymbols.Build.0 = Release|Win32
		{3CC2E0A9-1BFC-4873-8AD6-3897ACCD0B62}.SDK Debug.ActiveCfg = Debug|Win32
		{3CC2E0A9-1BFC-4873-8AD6-3897ACCD0B62}.SDK Debug.Build.0 = Debug|Win32
		{3CC2E0A9-1BFC-4873-8AD6-3897ACCD0B62}.SDK Release.ActiveCfg = Release|Win32
		{3CC2E0A9-1BFC-4873-8AD6-3897ACCD0B62}.SDK Release.Build.0 = Release|Win32
		{44C4B463-44AE-404E-9358-856268AC7E31}.Debug.ActiveCfg = Debug|Win32
		{44C4B463-44AE-404E-9358-856268AC7E31}.Debug.Build.0 = Debug|Win32
		{44C4B463-44AE-404E-9358-856268AC7E31}.Debug CounterStrike.ActiveCfg = Debug|Win32
		{44C4B463-44AE-404E-9358-856268AC7E31}.Debug CounterStrike.Build.0 = Debug|Win32
		{44C4B463-44AE-404E-9358-856268AC7E31}.Debug DoD.ActiveCfg = Debug|Win32
		{44C4B463-44AE-404E-9358-856268AC7E31}.Debug DoD.Build.0 = Debug|Win32
		{44C4B463-44AE-404E-9358-856268AC7E31}.Debug HL1.ActiveCfg = Debug|Win32
		{44C4B463-44AE-404E-9358-856268AC7E31}.Debug HL1.Build.0 = Debug|Win32
		{44C4B463-44AE-404E-9358-856268AC7E31}.Debug HL2.ActiveCfg = Debug|Win32
		{44C4B463-44AE-404E-9358-856268AC7E31}.Debug HL2.Build.0 = Debug|Win32
		{44C4B463-44AE-404E-9358-856268AC7E31}.Debug STEAM.ActiveCfg = Debug|Win32
		{44C4B463-44AE-404E-9358-856268AC7E31}.Debug STEAM.Build.0 = Debug|Win32
		{44C4B463-44AE-404E-9358-856268AC7E31}.Debug TF2.ActiveCfg = Debug|Win32
		{44C4B463-44AE-404E-9358-856268AC7E31}.Debug TF2.Build.0 = Debug|Win32
		{44C4B463-44AE-404E-9358-856268AC7E31}.Dedicated Debug.ActiveCfg = Debug|Win32
		{44C4B463-44AE-404E-9358-856268AC7E31}.Dedicated Debug.Build.0 = Debug|Win32
		{44C4B463-44AE-404E-9358-856268AC7E31}.Dedicated Release.ActiveCfg = Release|Win32
		{44C4B463-44AE-404E-9358-856268AC7E31}.Dedicated Release.Build.0 = Release|Win32
		{44C4B463-44AE-404E-9358-856268AC7E31}.Release.ActiveCfg = Release|Win32
		{44C4B463-44AE-404E-9358-856268AC7E31}.Release.Build.0 = Release|Win32
		{44C4B463-44AE-404E-9358-856268AC7E31}.Release CounterStrike.ActiveCfg = Release|Win32
		{44C4B463-44AE-404E-9358-856268AC7E31}.Release CounterStrike.Build.0 = Release|Win32
		{44C4B463-44AE-404E-9358-856268AC7E31}.Release DoD.ActiveCfg = Release|Win32
		{44C4B463-44AE-404E-9358-856268AC7E31}.Release DoD.Build.0 = Release|Win32
		{44C4B463-44AE-404E-9358-856268AC7E31}.Release HL1.ActiveCfg = Release|Win32
		{44C4B463-44AE-404E-9358-856268AC7E31}.Release HL1.Build.0 = Release|Win32
		{44C4B463-44AE-404E-9358-856268AC7E31}.Release HL2.ActiveCfg = Release|Win32
		{44C4B463-44AE-404E-9358-856268AC7E31}.Release HL2.Build.0 = Release|Win32
		{44C4B463-44AE-404E-9358-856268AC7E31}.Release STEAM.ActiveCfg = Release|Win32
		{44C4B463-44AE-404E-9358-856268AC7E31}.Release STEAM.Build.0 = Release|Win32
		{44C4B463-44AE-404E-9358-856268AC7E31}.Release TF2.ActiveCfg = Release|Win32
		{44C4B463-44AE-404E-9358-856268AC7E31}.Release TF2.Build.0 = Release|Win32
		{44C4B463-44AE-404E-9358-856268AC7E31}.ReleaseWithSymbols.ActiveCfg = Release|Win32
		{44C4B463-44AE-404E-9358-856268AC7E31}.ReleaseWithSymbols.Build.0 = Release|Win32
		{44C4B463-44AE-404E-9358-856268AC7E31}.SDK Debug.ActiveCfg = Debug|Win32
		{44C4B463-44AE-404E-9358-856268AC7E31}.SDK Debug.Build.0 = Debug|Win32
		{44C4B463-44AE-404E-9358-856268AC7E31}.SDK Release.ActiveCfg = Release|Win32
		{44C4B463-44AE-404E-9358-856268AC7E31}.SDK Release.Build.0 = Release|Win32
		{C503FC17-BC81-4434-ABF9-E5B00D39365C}.Debug.ActiveCfg = Debug|Win32
		{C503FC17-BC81-4434-ABF9-E5B00D39365C}.Debug.Build.0 = Debug|Win32
		{C503FC17-BC81-4434-ABF9-E5B00D39365C}.Debug CounterStrike.ActiveCfg = Debug|Win32
		{C503FC17-BC81-4434-ABF9-E5B00D39365C}.Debug CounterStrike.Build.0 = Debug|Win32
		{C503FC17-BC81-4434-ABF9-E5B00D39365C}.Debug DoD.ActiveCfg = Debug|Win32
		{C503FC17-BC81-4434-ABF9-E5B00D39365C}.Debug DoD.Build.0 = Debug|Win32
		{C503FC17-BC81-4434-ABF9-E5B00D39365C}.Debug HL1.ActiveCfg = Debug|Win32
		{C503FC17-BC81-4434-ABF9-E5B00D39365C}.Debug HL1.Build.0 = Debug|Win32
		{C503FC17-BC81-4434-ABF9-E5B00D39365C}.Debug HL2.ActiveCfg = Debug|Win32
		{C503FC17-BC81-4434-ABF9-E5B00D39365C}.Debug HL2.Build.0 = Debug|Win32
		{C503FC17-BC81-4434-ABF9-E5B00D39365C}.Debug STEAM.ActiveCfg = Debug|Win32
		{C503FC17-BC81-4434-ABF9-E5B00D39365C}.Debug STEAM.Build.0 = Debug|Win32
		{C503FC17-BC81-4434-ABF9-E5B00D39365C}.Debug TF2.ActiveCfg = Debug|Win32
		{C503FC17-BC81-4434-ABF9-E5B00D39365C}.Debug TF2.Build.0 = Debug|Win32
		{C503FC17-BC81-4434-ABF9-E5B00D39365C}.Dedicated Debug.ActiveCfg = Debug|Win32
		{C503FC17-BC81-4434-ABF9-E5B00D39365C}.Dedicated Debug.Build.0 = Debug|Win32
		{C503FC17-BC81-4434-ABF9-E5B00D39365C}.Dedicated Release.ActiveCfg = Release|Win32
		{C503FC17-BC81-4434-ABF9-E5B00D39365C}.Dedicated Release.Build.0 = Release|Win32
		{C503FC17-BC81-4434-ABF9-E5B00D39365C}.Release.ActiveCfg = Release|Win32
		{C503FC17-BC81-4434-ABF9-E5B00D39365C}.Release.Build.0 = Release|Win32
		{C503FC17-BC81-4434-ABF9-E5B00D39365C}.Release CounterStrike.ActiveCfg = Release|Win32
		{C503FC17-BC81-4434-ABF9-E5B00D39365C}.Release CounterStrike.Build.0 = Release|Win32
		{C503FC17-BC81-4434-ABF9-E5B00D39365C}.Release DoD.ActiveCfg = Release|Win32
		{C503FC17-BC81-4434-ABF9-E5B00D39365C}.Release DoD.Build.0 = Release|Win32
		{C503FC17-BC81-4434-ABF9-E5B00D39365C}.Release HL1.ActiveCfg = Release|Win32
		{C503FC17-BC81-4434-ABF9-E5B00D39365C}.Release HL1.Build.0 = Release|Win32
		{C503FC17-BC81-4434-ABF9-E5B00D39365C}.Release HL2.ActiveCfg = Release|Win32
		{C503FC17-BC81-4434-ABF9-E5B00D39365C}.Release HL2.Build.0 = Release|Win32
		{C503FC17-BC81-4434-ABF9-E5B00D39365C}.Release STEAM.ActiveCfg = Release|Win32
		{C503FC17-BC81-4434-ABF9-E5B00D39365C}.Release STEAM.Build.0 = Release|Win32
		{C503FC17-BC81-4434-ABF9-E5B00D39365C}.Release TF2.ActiveCfg = Release|Win32
		{C503FC17-BC81-4434-ABF9-E5B00D39365C}.Release TF2.Build.0 = Release|Win32
		{C503FC17-BC81-4434-ABF9-E5B00D39365C}.ReleaseWithSymbols.ActiveCfg = Release|Win32
		{C503FC17-BC81-4434-ABF9-E5B00D39365C}.ReleaseWithSymbols.Build.0 = Release|Win32
		{C503FC17-BC81-4434-ABF9-E5B00D39365C}.SDK Debug.ActiveCfg = Debug|Win32
		{C503FC17-BC81-4434-ABF9-E5B00D39365C}.SDK Debug.Build.0 = Debug|Win32
		{C503FC17-BC81-4434-ABF9-E5B00D39365C}.SDK Release.ActiveCfg = Release|Win32
		{C503FC17-BC81-4434-ABF9-E5B00D39365C}.SDK Release.Build.0 = Release|Win32
		{8308E320-AF66-4F3E-9224-387151C7AA20}.Debug.ActiveCfg = Debug|Win32
		{8308E320-AF66-4F3E-9224-387151C7AA20}.Debug.Build.0 = Debug|Win32
		{8308E320-AF66-4F3E-9224-387151C7AA20}.Debug CounterStrike.ActiveCfg = Debug|Win32
		{8308E320-AF66-4F3E-9224-387151C7AA20}.Debug CounterStrike.Build.0 = Debug|Win32
		{8308E320-AF66-4F3E-9224-387151C7AA20}.Debug DoD.ActiveCfg = Debug|Win32
		{8308E320-AF66-4F3E-9224-387151C7AA20}.Debug DoD.Build.0 = Debug|Win32
		{8308E320-AF66-4F3E-9224-387151C7AA20}.Debug HL1.ActiveCfg = Debug|Win32
		{8308E320-AF66-4F3E-9224-387151C7AA20}.Debug HL1.Build.0 = Debug|Win32
		{8308E320-AF66-4F3E-9224-387151C7AA20}.Debug HL2.ActiveCfg = Debug|Win32
		{8308E320-AF66-4F3E-9224-387151C7AA20}.Debug HL2.Build.0 = Debug|Win32
		{8308E320-AF66-4F3E-9224-387151C7AA20}.Debug STEAM.ActiveCfg = Debug|Win32
		{8308E320-AF66-4F3E-9224-387151C7AA20}.Debug STEAM.Build.0 = Debug|Win32
		{8308E320-AF66-4F3E-9224-387151C7AA20}.Debug TF2.ActiveCfg = Debug|Win32
		{8308E320-AF66-4F3E-9224-387151C7AA20}.Debug TF2.Build.0 = Debug|Win32
		{8308E320-AF66-4F3E-9224-387151C7AA20}.Dedicated Debug.ActiveCfg = Debug|Win32
		{8308E320-AF66-4F3E-9224-387151C7AA20}.Dedicated Debug.Build.0 = Debug|Win32
		{8308E320-AF66-4F3E-9224-387151C7AA20}.Dedicated Release.ActiveCfg = Release|Win32
		{8308E320-AF66-4F3E-9224-387151C7AA20}.Dedicated Release.Build.0 = Release|Win32
		{8308E320-AF66-4F3E-9224-387151C7AA20}.Release.ActiveCfg = Release|Win32
		{8308E320-AF66-4F3E-9224-387151C7AA20}.Release.Build.0 = Release|Win32
		{8308E320-AF66-4F3E-9224-387151C7AA20}.Release CounterStrike.ActiveCfg = Release|Win32
		{8308E320-AF66-4F3E-9224-387151C7AA20}.Release CounterStrike.Build.0 = Release|Win32
		{8308E320-AF66-4F3E-9224-387151C7AA20}.Release DoD.ActiveCfg = Release|Win32
		{8308E320-AF66-4F3E-9224-387151C7AA20}.Release DoD.Build.0 = Release|Win32
		{8308E320-AF66-4F3E-9224-387151C7AA20}.Release HL1.ActiveCfg = Release|Win32
		{8308E320-AF66-4F3E-9224-387151C7AA20}.Release HL1.Build.0 = Release|Win32
		{8308E320-AF66-4F3E-9224-387151C7AA20}.Release HL2.ActiveCfg = Release|Win32
		{8308E320-AF66-4F3E-9224-387151C7AA20}.Release HL2.Build.0 = Release|Win32
		{8308E320-AF66-4F3E-9224-387151C7AA20}.Release STEAM.ActiveCfg = Release|Win32
		{8308E320-AF66-4F3E-9224-387151C7AA20}.Release STEAM.Build.0 = Release|Win32
		{8308E320-AF66-4F3E-9224-387151C7AA20}.Release TF2.ActiveCfg = Release|Win32
		{8308E320-AF66-4F3E-9224-387151C7AA20}.Release TF2.Build.0 = Release|Win32
		{8308E320-AF66-4F3E-9224-387151C7AA20}.ReleaseWithSymbols.ActiveCfg = Release|Win32
		{8308E320-AF66-4F3E-9224-387151C7AA20}.ReleaseWithSymbols.Build.0 = Release|Win32
		{8308E320-AF66-4F3E-9224-387151C7AA20}.SDK Debug.ActiveCfg = Debug|Win32
		{8308E320-AF66-4F3E-9224-387151C7AA20}.SDK Debug.Build.0 = Debug|Win32
		{8308E320-AF66-4F3E-9224-387151C7AA20}.SDK Release.ActiveCfg = Release|Win32
		{8308E320-AF66-4F3E-9224-387151C7AA20}.SDK Release.Build.0 = Release|Win32
		{7E2B951F-C05C-4B7F-82DF-DF6976127583}.Debug.ActiveCfg = Debug|Win32
		{7E2B951F-C05C-4B7F-82DF-DF6976127583}.Debug.Build.0 = Debug|Win32
		{7E2B951F-C05C-4B7F-82DF-DF6976127583}.Debug CounterStrike.ActiveCfg = Debug|Win32
		{7E2B951F-C05C-4B7F-82DF-DF6976127583}.Debug CounterStrike.Build.0 = Debug|Win32
		{7E2B951F-C05C-4B7F-82DF-DF6976127583}.Debug DoD.ActiveCfg = Debug|Win32
		{7E2B951F-C05C-4B7F-82DF-DF6976127583}.Debug DoD.Build.0 = Debug|Win32
		{7E2B951F-C05C-4B7F-82DF-DF6976127583}.Debug HL1.ActiveCfg = Debug|Win32
		{7E2B951F-C05C-4B7F-82DF-DF6976127583}.Debug HL1.Build.0 = Debug|Win32
		{7E2B951F-C05C-4B7F-82DF-DF6976127583}.Debug HL2.ActiveCfg = Debug|Win32
		{7E2B951F-C05C-4B7F-82DF-DF6976127583}.Debug HL2.Build.0 = Debug|Win32
		{7E2B951F-C05C-4B7F-82DF-DF6976127583}.Debug STEAM.ActiveCfg = Debug|Win32
		{7E2B951F-C05C-4B7F-82DF-DF6976127583}.Debug STEAM.Build.0 = Debug|Win32
		{7E2B951F-C05C-4B7F-82DF-DF6976127583}.Debug TF2.ActiveCfg = Debug|Win32
		{7E2B951F-C05C-4B7F-82DF-DF6976127583}.Debug TF2.Build.0 = Debug|Win32
		{7E2B951F-C05C-4B7F-82DF-DF6976127583}.Dedicated Debug.ActiveCfg = Debug|Win32
		{7E2B951F-C05C-4B7F-82DF-DF6976127583}.Dedicated Debug.Build.0 = Debug|Win32
		{7E2B951F-C05C-4B7F-82DF-DF6976127583}.Dedicated Release.ActiveCfg = Release|Win32
		{7E2B951F-C05C-4B7F-82DF-DF6976127583}.Dedicated Release.Build.0 = Release|Win32
		{7E2B951F-C05C-4B7F-82DF-DF6976127583}.Release.ActiveCfg = Release|Win32
		{7E2B951F-C05C-4B7F-82DF-DF6976127583}.Release.Build.0 = Release|Win32
		{7E2B951F-C05C-4B7F-82DF-DF6976127583}.Release CounterStrike.ActiveCfg = Release|Win32
		{7E2B951F-C05C-4B7F-82DF-DF6976127583}.Release CounterStrike.Build.0 = Release|Win32
		{7E2B951F-C05C-4B7F-82DF-DF6976127583}.Release DoD.ActiveCfg = Release|Win32
		{7E2B951F-C05C-4B7F-82DF-DF6976127583}.Release DoD.Build.0 = Release|Win32
		{7E2B951F-C05C-4B7F-82DF-DF6976127583}.Release HL1.ActiveCfg = Release|Win32
		{7E2B951F-C05C-4B7F-82DF-DF6976127583}.Release HL1.Build.0 = Release|Win32
		{7E2B951F-C05C-4B7F-82DF-DF6976127583}.Release HL2.ActiveCfg = Release|Win32
		{7E2B951F-C05C-4B7F-82DF-DF6976127583}.Release HL2.Build.0 = Release|Win32
		{7E2B951F-C05C-4B7F-82DF-DF6976127583}.Release STEAM.ActiveCfg = Release|Win32
		{7E2B951F-C05C-4B7F-82DF-DF6976127583}.Release STEAM.Build.0 = Release|Win32
		{7E2B951F-C05C-4B7F-82DF-DF6976127583}.Release TF2.ActiveCfg = Release|Win32
		{7E2B951F-C05C-4B7F-82DF-DF6976127583}.Release TF2.Build.0 = Release|Win32
		{7E2B951F-C05C-4B7F-82DF-DF6976127583}.ReleaseWithSymbols.ActiveCfg = Release|Win32
		{7E2B951F-C05C-4B7F-82DF-DF6976127583}.ReleaseWithSymbols.Build.0 = Release|Win32
		{7E2B951F-C05C-4B7F-82DF-DF6976127583}.SDK Debug.ActiveCfg = Debug|Win32
		{7E2B951F-C05C-4B7F-82DF-DF6976127583}.SDK Debug.Build.0 = Debug|Win32
		{7E2B951F-C05C-4B7F-82DF-DF6976127583}.SDK Release.ActiveCfg = Release|Win32
		{7E2B951F-C05C-4B7F-82DF-DF6976127583}.SDK Release.Build.0 = Release|Win32
		{30E9C02B-BCF4-43A4-8804-4E5B58066770}.Debug.ActiveCfg = Debug|Win32
		{30E9C02B-BCF4-43A4-8804-4E5B58066770}.Debug.Build.0 = Debug|Win32
		{30E9C02B-BCF4-43A4-8804-4E5B58066770}.Debug CounterStrike.ActiveCfg = Debug|Win32
		{30E9C02B-BCF4-43A4-8804-4E5B58066770}.Debug CounterStrike.Build.0 = Debug|Win32
		{30E9C02B-BCF4-43A4-8804-4E5B58066770}.Debug DoD.ActiveCfg = Debug|Win32
		{30E9C02B-BCF4-43A4-8804-4E5B58066770}.Debug DoD.Build.0 = Debug|Win32
		{30E9C02B-BCF4-43A4-8804-4E5B58066770}.Debug HL1.ActiveCfg = Debug|Win32
		{30E9C02B-BCF4-43A4-8804-4E5B58066770}.Debug HL1.Build.0 = Debug|Win32
		{30E9C02B-BCF4-43A4-8804-4E5B58066770}.Debug HL2.ActiveCfg = Debug|Win32
		{30E9C02B-BCF4-43A4-8804-4E5B58066770}.Debug HL2.Build.0 = Debug|Win32
		{30E9C02B-BCF4-43A4-8804-4E5B58066770}.Debug STEAM.ActiveCfg = Debug|Win32
		{30E9C02B-BCF4-43A4-8804-4E5B58066770}.Debug STEAM.Build.0 = Debug|Win32
		{30E9C02B-BCF4-43A4-8804-4E5B58066770}.Debug TF2.ActiveCfg = Debug|Win32
		{30E9C02B-BCF4-43A4-8804-4E5B58066770}.Debug TF2.Build.0 = Debug|Win32
		{30E9C02B-BCF4-43A4-8804-4E5B58066770}.Dedicated Debug.ActiveCfg = Debug|Win32
		{30E9C02B-BCF4-43A4-8804-4E5B58066770}.Dedicated Debug.Build.0 = Debug|Win32
		{30E9C02B-BCF4-43A4-8804-4E5B58066770}.Dedicated Release.ActiveCfg = Release|Win32
		{30E9C02B-BCF4-43A4-8804-4E5B58066770}.Dedicated Release.Build.0 = Release|Win32
		{30E9C02B-BCF4-43A4-8804-4E5B58066770}.Release.ActiveCfg = Release|Win32
		{30E9C02B-BCF4-43A4-8804-4E5B58066770}.Release.Build.0 = Release|Win32
		{30E9C02B-BCF4-43A4-8804-4E5B58066770}.Release CounterStrike.ActiveCfg = Release|Win32
		{30E9C02B-BCF4-43A4-8804-4E5B58066770}.Release CounterStrike.Build.0 = Release|Win32
		{30E9C02B-BCF4-43A4-8804-4E5B58066770}.Release DoD.ActiveCfg = Release|Win32
		{30E9C02B-BCF4-43A4-8804-4E5B58066770}.Release DoD.Build.0 = Release|Win32
		{30E9C02B-BCF4-43A4-8804-4E5B58066770}.Release HL1.ActiveCfg = Release|Win32
		{30E9C02B-BCF4-43A4-8804-4E5B58066770}.Release HL1.Build.0 = Release|Win32
		{30E9C02B-BCF4-43A4-8804-4E5B58066770}.Release HL2.ActiveCfg = Release|Win32
		{30E9C02B-BCF4-43A4-8804-4E5B58066770}.Release HL2.Build.0 = Release|Win32
		{30E9C02B-BCF4-43A4-8804-4E5B58066770}.Release STEAM.ActiveCfg = Release|Win32
		{30E9C02B-BCF4-43A4-8804-4E5B58066770}.Release STEAM.Build.0 = Release|Win32
		{30E9C02B-BCF4-43A4-8804-4E5B58066770}.Release TF2.ActiveCfg = Release|Win32
		{30E9C02B-BCF4-43A4-8804-4E5B58066770}.Release TF2.Build.0 = Release|Win32
		{30E9C02B-BCF4-43A4-8804-4E5B58066770}.ReleaseWithSymbols.ActiveCfg = Release|Win32
		{30E9C02B-BCF4-43A4-8804-4E5B58066770}.ReleaseWithSymbols.Build.0 = Release|Win32
		{30E9C02B-BCF4-43A4-8804-4E5B58066770}.SDK Debug.ActiveCfg = Debug|Win32
		{30E9C02B-BCF4-43A4-8804-4E5B58066770}.SDK Debug.Build.0 = Debug|Win32
		{30E9C02B-BCF4-43A4-8804-4E5B58066770}.SDK Release.ActiveCfg = Release|Win32
		{30E9C02B-BCF4-43A4-8804-4E5B58066770}.SDK Release.Build.0 = Release|Win32
		{44E09827-E566-4B28-940F-B62EF25AF59D}.Debug.ActiveCfg = Debug|Win32
		{44E09827-E566-4B28-940F-B62EF25AF59D}.Debug.Build.0 = Debug|Win32
		{44E09827-E566-4B28-940F-B62EF25AF59D}.Debug CounterStrike.ActiveCfg = Debug|Win32
		{44E09827-E566-4B28-940F-B62EF25AF59D}.Debug CounterStrike.Build.0 = Debug|Win32
		{44E09827-E566-4B28-940F-B62EF25AF59D}.Debug DoD.ActiveCfg = Debug|Win32
		{44E09827-E566-4B28-940F-B62EF25AF59D}.Debug DoD.Build.0 = Debug|Win32
		{44E09827-E566-4B28-940F-B62EF25AF59D}.Debug HL1.ActiveCfg = Debug|Win32
		{44E09827-E566-4B28-940F-B62EF25AF59D}.Debug HL1.Build.0 = Debug|Win32
		{44E09827-E566-4B28-940F-B62EF25AF59D}.Debug HL2.ActiveCfg = Debug|Win32
		{44E09827-E566-4B28-940F-B62EF25AF59D}.Debug HL2.Build.0 = Debug|Win32
		{44E09827-E566-4B28-940F-B62EF25AF59D}.Debug STEAM.ActiveCfg = Debug|Win32
		{44E09827-E566-4B28-940F-B62EF25AF59D}.Debug STEAM.Build.0 = Debug|Win32
		{44E09827-E566-4B28-940F-B62EF25AF59D}.Debug TF2.ActiveCfg = Debug|Win32
		{44E09827-E566-4B28-940F-B62EF25AF59D}.Debug TF2.Build.0 = Debug|Win32
		{44E09827-E566-4B28-940F-B62EF25AF59D}.Dedicated Debug.ActiveCfg = Debug|Win32
		{44E09827-E566-4B28-940F-B62EF25AF59D}.Dedicated Debug.Build.0 = Debug|Win32
		{44E09827-E566-4B28-940F-B62EF25AF59D}.Dedicated Release.ActiveCfg = Release|Win32
		{44E09827-E566-4B28-940F-B62EF25AF59D}.Dedicated Release.Build.0 = Release|Win32
		{44E09827-E566-4B28-940F-B62EF25AF59D}.Release.ActiveCfg = Release|Win32
		{44E09827-E566-4B28-940F-B62EF25AF59D}.Release.Build.0 = Release|Win32
		{44E09827-E566-4B28-940F-B62EF25AF59D}.Release CounterStrike.ActiveCfg = Release|Win32
		{44E09827-E566-4B28-940F-B62EF25AF59D}.Release CounterStrike.Build.0 = Release|Win32
		{44E09827-E566-4B28-940F-B62EF25AF59D}.Release DoD.ActiveCfg = Release|Win32
		{44E09827-E566-4B28-940F-B62EF25AF59D}.Release DoD.Build.0 = Release|Win32
		{44E09827-E566-4B28-940F-B62EF25AF59D}.Release HL1.ActiveCfg = Release|Win32
		{44E09827-E566-4B28-940F-B62EF25AF59D}.Release HL1.Build.0 = Release|Win32
		{44E09827-E566-4B28-940F-B62EF25AF59D}.Release HL2.ActiveCfg = Release|Win32
		{44E09827-E566-4B28-940F-B62EF25AF59D}.Release HL2.Build.0 = Release|Win32
		{44E09827-E566-4B28-940F-B62EF25AF59D}.Release STEAM.ActiveCfg = Release|Win32
		{44E09827-E566-4B28-940F-B62EF25AF59D}.Release STEAM.Build.0 = Release|Win32
		{44E09827-E566-4B28-940F-B62EF25AF59D}.Release TF2.ActiveCfg = Release|Win32
		{44E09827-E566-4B28-940F-B62EF25AF59D}.Release TF2.Build.0 = Release|Win32
		{44E09827-E566-4B28-940F-B62EF25AF59D}.ReleaseWithSymbols.ActiveCfg = Release|Win32
		{44E09827-E566-4B28-940F-B62EF25AF59D}.ReleaseWithSymbols.Build.0 = Release|Win32
		{44E09827-E566-4B28-940F-B62EF25AF59D}.SDK Debug.ActiveCfg = Debug|Win32
		{44E09827-E566-4B28-940F-B62EF25AF59D}.SDK Debug.Build.0 = Debug|Win32
		{44E09827-E566-4B28-940F-B62EF25AF59D}.SDK Release.ActiveCfg = Release|Win32
		{44E09827-E566-4B28-940F-B62EF25AF59D}.SDK Release.Build.0 = Release|Win32
		{34F3258C-13AF-4A09-8BF6-2E333ABB5516}.Debug.ActiveCfg = Debug|Win32
		{34F3258C-13AF-4A09-8BF6-2E333ABB5516}.Debug.Build.0 = Debug|Win32
		{34F3258C-13AF-4A09-8BF6-2E333ABB5516}.Debug CounterStrike.ActiveCfg = Debug|Win32
		{34F3258C-13AF-4A09-8BF6-2E333ABB5516}.Debug CounterStrike.Build.0 = Debug|Win32
		{34F3258C-13AF-4A09-8BF6-2E333ABB5516}.Debug DoD.ActiveCfg = Debug|Win32
		{34F3258C-13AF-4A09-8BF6-2E333ABB5516}.Debug DoD.Build.0 = Debug|Win32
		{34F3258C-13AF-4A09-8BF6-2E333ABB5516}.Debug HL1.ActiveCfg = Debug|Win32
		{34F3258C-13AF-4A09-8BF6-2E333ABB5516}.Debug HL1.Build.0 = Debug|Win32
		{34F3258C-13AF-4A09-8BF6-2E333ABB5516}.Debug HL2.ActiveCfg = Debug|Win32
		{34F3258C-13AF-4A09-8BF6-2E333ABB5516}.Debug HL2.Build.0 = Debug|Win32
		{34F3258C-13AF-4A09-8BF6-2E333ABB5516}.Debug STEAM.ActiveCfg = Debug|Win32
		{34F3258C-13AF-4A09-8BF6-2E333ABB5516}.Debug STEAM.Build.0 = Debug|Win32
		{34F3258C-13AF-4A09-8BF6-2E333ABB5516}.Debug TF2.ActiveCfg = Debug|Win32
		{34F3258C-13AF-4A09-8BF6-2E333ABB5516}.Debug TF2.Build.0 = Debug|Win32
		{34F3258C-13AF-4A09-8BF6-2E333ABB5516}.Dedicated Debug.ActiveCfg = Debug|Win32
		{34F3258C-13AF-4A09-8BF6-2E333ABB5516}.Dedicated Debug.Build.0 = Debug|Win32
		{34F3258C-13AF-4A09-8BF6-2E333ABB5516}.Dedicated Release.ActiveCfg = Release|Win32
		{34F3258C-13AF-4A09-8BF6-2E333ABB5516}.Dedicated Release.Build.0 = Release|Win32
		{34F3258C-13AF-4A09-8BF6-2E333ABB5516}.Release.ActiveCfg = Release|Win32
		{34F3258C-13AF-4A09-8BF6-2E333ABB5516}.Release.Build.0 = Release|Win32
		{34F3258C-13AF-4A09-8BF6-2E333ABB5516}.Release CounterStrike.ActiveCfg = Release|Win32
		{34F3258C-13AF-4A09-8BF6-2E333ABB5516}.Release CounterStrike.Build.0 = Release|Win32
		{34F3258C-13AF-4A09-8BF6-2E333ABB5516}.Release DoD.ActiveCfg = Release|Win32
		{34F3258C-13AF-4A09-8BF6-2E333ABB5516}.Release DoD.Build.0 = Release|Win32
		{34F3258C-13AF-4A09-8BF6-2E333ABB5516}.Release HL1.ActiveCfg = Release|Win32
		{34F3258C-13AF-4A09-8BF6-2E333ABB5516}.Release HL1.Build.0 = Release|Win32
		{34F3258C-13AF-4A09-8BF6-2E333ABB5516}.Release HL2.ActiveCfg = Release|Win32
		{34F3258C-13AF-4A09-8BF6-2E333ABB5516}.Release HL2.Build.0 = Release|Win32
		{34F3258C-13AF-4A09-8BF6-2E333ABB5516}.Release STEAM.ActiveCfg = Release|Win32
		{34F3258C-13AF-4A09-8BF6-2E333ABB5516}.Release STEAM.Build.0 = Release|Win32
		{34F3258C-13AF-4A09-8BF6-2E333ABB5516}.Release TF2.ActiveCfg = Release|Win32
		{34F3258C-13AF-4A09-8BF6-2E333ABB5516}.Release TF2.Build.0 = Release|Win32
		{34F3258C-13AF-4A09-8BF6-2E333ABB5516}.ReleaseWithSymbols.ActiveCfg = Release|Win32
		{34F3258C-13AF-4A09-8BF6-2E333ABB5516}.ReleaseWithSymbols.Build.0 = Release|Win32
		{34F3258C-13AF-4A09-8BF6-2E333ABB5516}.SDK Debug.ActiveCfg = Debug|Win32
		{34F3258C-13AF-4A09-8BF6-2E333ABB5516}.SDK Debug.Build.0 = Debug|Win32
		{34F3258C-13AF-4A09-8BF6-2E333ABB5516}.SDK Release.ActiveCfg = Release|Win32
		{34F3258C-13AF-4A09-8BF6-2E333ABB5516}.SDK Release.Build.0 = Release|Win32
		{D3C60152-C6C6-4A6E-BE05-C9790BF826C0}.Debug.ActiveCfg = Debug|Win32
		{D3C60152-C6C6-4A6E-BE05-C9790BF826C0}.Debug.Build.0 = Debug|Win32
		{D3C60152-C6C6-4A6E-BE05-C9790BF826C0}.Debug CounterStrike.ActiveCfg = Debug|Win32
		{D3C60152-C6C6-4A6E-BE05-C9790BF826C0}.Debug CounterStrike.Build.0 = Debug|Win32
		{D3C60152-C6C6-4A6E-BE05-C9790BF826C0}.Debug DoD.ActiveCfg = Debug|Win32
		{D3C60152-C6C6-4A6E-BE05-C9790BF826C0}.Debug DoD.Build.0 = Debug|Win32
		{D3C60152-C6C6-4A6E-BE05-C9790BF826C0}.Debug HL1.ActiveCfg = Debug|Win32
		{D3C60152-C6C6-4A6E-BE05-C9790BF826C0}.Debug HL1.Build.0 = Debug|Win32
		{D3C60152-C6C6-4A6E-BE05-C9790BF826C0}.Debug HL2.ActiveCfg = Debug|Win32
		{D3C60152-C6C6-4A6E-BE05-C9790BF826C0}.Debug HL2.Build.0 = Debug|Win32
		{D3C60152-C6C6-4A6E-BE05-C9790BF826C0}.Debug STEAM.ActiveCfg = Debug|Win32
		{D3C60152-C6C6-4A6E-BE05-C9790BF826C0}.Debug STEAM.Build.0 = Debug|Win32
		{D3C60152-C6C6-4A6E-BE05-C9790BF826C0}.Debug TF2.ActiveCfg = Debug|Win32
		{D3C60152-C6C6-4A6E-BE05-C9790BF826C0}.Debug TF2.Build.0 = Debug|Win32
		{D3C60152-C6C6-4A6E-BE05-C9790BF826C0}.Dedicated Debug.ActiveCfg = Debug|Win32
		{D3C60152-C6C6-4A6E-BE05-C9790BF826C0}.Dedicated Debug.Build.0 = Debug|Win32
		{D3C60152-C6C6-4A6E-BE05-C9790BF826C0}.Dedicated Release.ActiveCfg = Release|Win32
		{D3C60152-C6C6-4A6E-BE05-C9790BF826C0}.Dedicated Release.Build.0 = Release|Win32
		{D3C60152-C6C6-4A6E-BE05-C9790BF826C0}.Release.ActiveCfg = Release|Win32
		{D3C60152-C6C6-4A6E-BE05-C9790BF826C0}.Release.Build.0 = Release|Win32
		{D3C60152-C6C6-4A6E-BE05-C9790BF826C0}.Release CounterStrike.ActiveCfg = Release|Win32
		{D3C60152-C6C6-4A6E-BE05-C9790BF826C0}.Release CounterStrike.Build.0 = Release|Win32
		{D3C60152-C6C6-4A6E-BE05-C9790BF826C0}.Release DoD.ActiveCfg = Release|Win32
		{D3C60152-C6C6-4A6E-BE05-C9790BF826C0}.Release DoD.Build.0 = Release|Win32
		{D3C60152-C6C6-4A6E-BE05-C9790BF826C0}.Release HL1.ActiveCfg = Release|Win32
		{D3C60152-C6C6-4A6E-BE05-C9790BF826C0}.Release HL1.Build.0 = Release|Win32
		{D3C60152-C6C6-4A6E-BE05-C9790BF826C0}.Release HL2.ActiveCfg = Release|Win32
		{D3C60152-C6C6-4A6E-BE05-C9790BF826C0}.Release HL2.Build.0 = Release|Win32
		{D3C60152-C6C6-4A6E-BE05-C9790BF826C0}.Release STEAM.ActiveCfg = Release|Win32
		{D3C60152-C6C6-4A6E-BE05-C9790BF826C0}.Release STEAM.Build.0 = Release|Win32
		{D3C60152-C6C6-4A6E-BE05-C9790BF826C0}.Release TF2.ActiveCfg = Release|Win32
		{D3C60152-C6C6-4A6E-BE05-C9790BF826C0}.Release TF2.Build.0 = Release|Win32
		{D3C60152-C6C6-4A6E-BE05-C9790BF826C0}.ReleaseWithSymbols.ActiveCfg = Release|Win32
		{D3C60152-C6C6-4A6E-BE05-C9790BF826C0}.ReleaseWithSymbols.Build.0 = Release|Win32
		{D3C60152-C6C6-4A6E-BE05-C9790BF826C0}.SDK Debug.ActiveCfg = Debug|Win32
		{D3C60152-C6C6-4A6E-BE05-C9790BF826C0}.SDK Debug.Build.0 = Debug|Win32
		{D3C60152-C6C6-4A6E-BE05-C9790BF826C0}.SDK Release.ActiveCfg = Release|Win32
		{D3C60152-C6C6-4A6E-BE05-C9790BF826C0}.SDK Release.Build.0 = Release|Win32
		{08257043-FE59-4E3F-8C99-A181397052D0}.Debug.ActiveCfg = Debug|Win32
		{08257043-FE59-4E3F-8C99-A181397052D0}.Debug.Build.0 = Debug|Win32
		{08257043-FE59-4E3F-8C99-A181397052D0}.Debug CounterStrike.ActiveCfg = Debug|Win32
		{08257043-FE59-4E3F-8C99-A181397052D0}.Debug CounterStrike.Build.0 = Debug|Win32
		{08257043-FE59-4E3F-8C99-A181397052D0}.Debug DoD.ActiveCfg = Debug|Win32
		{08257043-FE59-4E3F-8C99-A181397052D0}.Debug DoD.Build.0 = Debug|Win32
		{08257043-FE59-4E3F-8C99-A181397052D0}.Debug HL1.ActiveCfg = Debug|Win32
		{08257043-FE59-4E3F-8C99-A181397052D0}.Debug HL1.Build.0 = Debug|Win32
		{08257043-FE59-4E3F-8C99-A181397052D0}.Debug HL2.ActiveCfg = Debug|Win32
		{08257043-FE59-4E3F-8C99-A181397052D0}.Debug HL2.Build.0 = Debug|Win32
		{08257043-FE59-4E3F-8C99-A181397052D0}.Debug STEAM.ActiveCfg = Debug|Win32
		{08257043-FE59-4E3F-8C99-A181397052D0}.Debug STEAM.Build.0 = Debug|Win32
		{08257043-FE59-4E3F-8C99-A181397052D0}.Debug TF2.ActiveCfg = Debug|Win32
		{08257043-FE59-4E3F-8C99-A181397052D0}.Debug TF2.Build.0 = Debug|Win32
		{08257043-FE59-4E3F-8C99-A181397052D0}.Dedicated Debug.ActiveCfg = Debug|Win32
		{08257043-FE59-4E3F-8C99-A181397052D0}.Dedicated Debug.Build.0 = Debug|Win32
		{08257043-FE59-4E3F-8C99-A181397052D0}.Dedicated Release.ActiveCfg = Release|Win32
		{08257043-FE59-4E3F-8C99-A181397052D0}.Dedicated Release.Build.0 = Release|Win32
		{08257043-FE59-4E3F-8C99-A181397052D0}.Release.ActiveCfg = Release|Win32
		{08257043-FE59-4E3F-8C99-A181397052D0}.Release.Build.0 = Release|Win32
		{08257043-FE59-4E3F-8C99-A181397052D0}.Release CounterStrike.ActiveCfg = Release|Win32
		{08257043-FE59-4E3F-8C99-A181397052D0}.Release CounterStrike.Build.0 = Release|Win32
		{08257043-FE59-4E3F-8C99-A181397052D0}.Release DoD.ActiveCfg = Release|Win32
		{08257043-FE59-4E3F-8C99-A181397052D0}.Release DoD.Build.0 = Release|Win32
		{08257043-FE59-4E3F-8C99-A181397052D0}.Release HL1.ActiveCfg = Release|Win32
		{08257043-FE59-4E3F-8C99-A181397052D0}.Release HL1.Build.0 = Release|Win32
		{08257043-FE59-4E3F-8C99-A181397052D0}.Release HL2.ActiveCfg = Release|Win32
		{08257043-FE59-4E3F-8C99-A181397052D0}.Release HL2.Build.0 = Release|Win32
		{08257043-FE59-4E3F-8C99-A181397052D0}.Release STEAM.ActiveCfg = Release|Win32
		{08257043-FE59-4E3F-8C99-A181397052D0}.Release STEAM.Build.0 = Release|Win32
		{08257043-FE59-4E3F-8C99-A181397052D0}.Release TF2.ActiveCfg = Release|Win32
		{08257043-FE59-4E3F-8C99-A181397052D0}.Release TF2.Build.0 = Release|Win32
		{08257043-FE59-4E3F-8C99-A181397052D0}.ReleaseWithSymbols.ActiveCfg = Release|Win32
		{08257043-FE59-4E3F-8C99-A181397052D0}.ReleaseWithSymbols.Build.0 = Release|Win32
		{08257043-FE59-4E3F-8C99-A181397052D0}.SDK Debug.ActiveCfg = Debug|Win32
		{08257043-FE59-4E3F-8C99-A181397052D0}.SDK Debug.Build.0 = Debug|Win32
		{08257043-FE59-4E3F-8C99-A181397052D0}.SDK Release.ActiveCfg = Release|Win32
		{08257043-FE59-4E3F-8C99-A181397052D0}.SDK Release.Build.0 = Release|Win32
		{A277FB3C-A6BE-4945-BC9B-BB06E1FCDEBD}.Debug.ActiveCfg = Debug|Win32
		{A277FB3C-A6BE-4945-BC9B-BB06E1FCDEBD}.Debug.Build.0 = Debug|Win32
		{A277FB3C-A6BE-4945-BC9B-BB06E1FCDEBD}.Debug CounterStrike.ActiveCfg = Debug|Win32
		{A277FB3C-A6BE-4945-BC9B-BB06E1FCDEBD}.Debug CounterStrike.Build.0 = Debug|Win32
		{A277FB3C-A6BE-4945-BC9B-BB06E1FCDEBD}.Debug DoD.ActiveCfg = Debug|Win32
		{A277FB3C-A6BE-4945-BC9B-BB06E1FCDEBD}.Debug DoD.Build.0 = Debug|Win32
		{A277FB3C-A6BE-4945-BC9B-BB06E1FCDEBD}.Debug HL1.ActiveCfg = Debug|Win32
		{A277FB3C-A6BE-4945-BC9B-BB06E1FCDEBD}.Debug HL1.Build.0 = Debug|Win32
		{A277FB3C-A6BE-4945-BC9B-BB06E1FCDEBD}.Debug HL2.ActiveCfg = Debug|Win32
		{A277FB3C-A6BE-4945-BC9B-BB06E1FCDEBD}.Debug HL2.Build.0 = Debug|Win32
		{A277FB3C-A6BE-4945-BC9B-BB06E1FCDEBD}.Debug STEAM.ActiveCfg = Debug|Win32
		{A277FB3C-A6BE-4945-BC9B-BB06E1FCDEBD}.Debug STEAM.Build.0 = Debug|Win32
		{A277FB3C-A6BE-4945-BC9B-BB06E1FCDEBD}.Debug TF2.ActiveCfg = Debug|Win32
		{A277FB3C-A6BE-4945-BC9B-BB06E1FCDEBD}.Debug TF2.Build.0 = Debug|Win32
		{A277FB3C-A6BE-4945-BC9B-BB06E1FCDEBD}.Dedicated Debug.ActiveCfg = Debug|Win32
		{A277FB3C-A6BE-4945-BC9B-BB06E1FCDEBD}.Dedicated Debug.Build.0 = Debug|Win32
		{A277FB3C-A6BE-4945-BC9B-BB06E1FCDEBD}.Dedicated Release.ActiveCfg = Release|Win32
		{A277FB3C-A6BE-4945-BC9B-BB06E1FCDEBD}.Dedicated Release.Build.0 = Release|Win32
		{A277FB3C-A6BE-4945-BC9B-BB06E1FCDEBD}.Release.ActiveCfg = Release|Win32
		{A277FB3C-A6BE-4945-BC9B-BB06E1FCDEBD}.Release.Build.0 = Release|Win32
		{A277FB3C-A6BE-4945-BC9B-BB06E1FCDEBD}.Release CounterStrike.ActiveCfg = Release|Win32
		{A277FB3C-A6BE-4945-BC9B-BB06E1FCDEBD}.Release CounterStrike.Build.0 = Release|Win32
		{A277FB3C-A6BE-4945-BC9B-BB06E1FCDEBD}.Release DoD.ActiveCfg = Release|Win32
		{A277FB3C-A6BE-4945-BC9B-BB06E1FCDEBD}.Release DoD.Build.0 = Release|Win32
		{A277FB3C-A6BE-4945-BC9B-BB06E1FCDEBD}.Release HL1.ActiveCfg = Release|Win32
		{A277FB3C-A6BE-4945-BC9B-BB06E1FCDEBD}.Release HL1.Build.0 = Release|Win32
		{A277FB3C-A6BE-4945-BC9B-BB06E1FCDEBD}.Release HL2.ActiveCfg = Release|Win32
		{A277FB3C-A6BE-4945-BC9B-BB06E1FCDEBD}.Release HL2.Build.0 = Release|Win32
		{A277FB3C-A6BE-4945-BC9B-BB06E1FCDEBD}.Release STEAM.ActiveCfg = Release|Win32
		{A277FB3C-A6BE-4945-BC9B-BB06E1FCDEBD}.Release STEAM.Build.0 = Release|Win32
		{A277FB3C-A6BE-4945-BC9B-BB06E1FCDEBD}.Release TF2.ActiveCfg = Release|Win32
		{A277FB3C-A6BE-4945-BC9B-BB06E1FCDEBD}.Release TF2.Build.0 = Release|Win32
		{A277FB3C-A6BE-4945-BC9B-BB06E1FCDEBD}.ReleaseWithSymbols.ActiveCfg = Release|Win32
		{A277FB3C-A6BE-4945-BC9B-BB06E1FCDEBD}.ReleaseWithSymbols.Build.0 = Release|Win32
		{A277FB3C-A6BE-4945-BC9B-BB06E1FCDEBD}.SDK Debug.ActiveCfg = Debug|Win32
		{A277FB3C-A6BE-4945-BC9B-BB06E1FCDEBD}.SDK Debug.Build.0 = Debug|Win32
		{A277FB3C-A6BE-4945-BC9B-BB06E1FCDEBD}.SDK Release.ActiveCfg = Release|Win32
		{A277FB3C-A6BE-4945-BC9B-BB06E1FCDEBD}.SDK Release.Build.0 = Release|Win32
		{0124836D-842A-4DBC-8B79-C8B162136A11}.Debug.ActiveCfg = Debug|Win32
		{0124836D-842A-4DBC-8B79-C8B162136A11}.Debug.Build.0 = Debug|Win32
		{0124836D-842A-4DBC-8B79-C8B162136A11}.Debug CounterStrike.ActiveCfg = Debug|Win32
		{0124836D-842A-4DBC-8B79-C8B162136A11}.Debug CounterStrike.Build.0 = Debug|Win32
		{0124836D-842A-4DBC-8B79-C8B162136A11}.Debug DoD.ActiveCfg = Debug|Win32
		{0124836D-842A-4DBC-8B79-C8B162136A11}.Debug DoD.Build.0 = Debug|Win32
		{0124836D-842A-4DBC-8B79-C8B162136A11}.Debug HL1.ActiveCfg = Debug|Win32
		{0124836D-842A-4DBC-8B79-C8B162136A11}.Debug HL1.Build.0 = Debug|Win32
		{0124836D-842A-4DBC-8B79-C8B162136A11}.Debug HL2.ActiveCfg = Debug|Win32
		{0124836D-842A-4DBC-8B79-C8B162136A11}.Debug HL2.Build.0 = Debug|Win32
		{0124836D-842A-4DBC-8B79-C8B162136A11}.Debug STEAM.ActiveCfg = Debug|Win32
		{0124836D-842A-4DBC-8B79-C8B162136A11}.Debug STEAM.Build.0 = Debug|Win32
		{0124836D-842A-4DBC-8B79-C8B162136A11}.Debug TF2.ActiveCfg = Debug|Win32
		{0124836D-842A-4DBC-8B79-C8B162136A11}.Debug TF2.Build.0 = Debug|Win32
		{0124836D-842A-4DBC-8B79-C8B162136A11}.Dedicated Debug.ActiveCfg = Debug|Win32
		{0124836D-842A-4DBC-8B79-C8B162136A11}.Dedicated Debug.Build.0 = Debug|Win32
		{0124836D-842A-4DBC-8B79-C8B162136A11}.Dedicated Release.ActiveCfg = Release|Win32
		{0124836D-842A-4DBC-8B79-C8B162136A11}.Dedicated Release.Build.0 = Release|Win32
		{0124836D-842A-4DBC-8B79-C8B162136A11}.Release.ActiveCfg = Release|Win32
		{0124836D-842A-4DBC-8B79-C8B162136A11}.Release.Build.0 = Release|Win32
		{0124836D-842A-4DBC-8B79-C8B162136A11}.Release CounterStrike.ActiveCfg = Release|Win32
		{0124836D-842A-4DBC-8B79-C8B162136A11}.Release CounterStrike.Build.0 = Release|Win32
		{0124836D-842A-4DBC-8B79-C8B162136A11}.Release DoD.ActiveCfg = Release|Win32
		{0124836D-842A-4DBC-8B79-C8B162136A11}.Release DoD.Build.0 = Release|Win32
		{0124836D-842A-4DBC-8B79-C8B162136A11}.Release HL1.ActiveCfg = Release|Win32
		{0124836D-842A-4DBC-8B79-C8B162136A11}.Release HL1.Build.0 = Release|Win32
		{0124836D-842A-4DBC-8B79-C8B162136A11}.Release HL2.ActiveCfg = Release|Win32
		{0124836D-842A-4DBC-8B79-C8B162136A11}.Release HL2.Build.0 = Release|Win32
		{0124836D-842A-4DBC-8B79-C8B162136A11}.Release STEAM.ActiveCfg = Release|Win32
		{0124836D-842A-4DBC-8B79-C8B162136A11}.Release STEAM.Build.0 = Release|Win32
		{0124836D-842A-4DBC-8B79-C8B162136A11}.Release TF2.ActiveCfg = Release|Win32
		{0124836D-842A-4DBC-8B79-C8B162136A11}.Release TF2.Build.0 = Release|Win32
		{0124836D-842A-4DBC-8B79-C8B162136A11}.ReleaseWithSymbols.ActiveCfg = Release|Win32
		{0124836D-842A-4DBC-8B79-C8B162136A11}.ReleaseWithSymbols.Build.0 = Release|Win32
		{0124836D-842A-4DBC-8B79-C8B162136A11}.SDK Debug.ActiveCfg = SDK Debug|Win32
		{0124836D-842A-4DBC-8B79-C8B162136A11}.SDK Debug.Build.0 = SDK Debug|Win32
		{0124836D-842A-4DBC-8B79-C8B162136A11}.SDK Release.ActiveCfg = SDK Release|Win32
		{0124836D-842A-4DBC-8B79-C8B162136A11}.SDK Release.Build.0 = SDK Release|Win32
		{524F280F-2300-4B72-A6EB-6EF08C0DE615}.Debug.ActiveCfg = Debug|Win32
		{524F280F-2300-4B72-A6EB-6EF08C0DE615}.Debug.Build.0 = Debug|Win32
		{524F280F-2300-4B72-A6EB-6EF08C0DE615}.Debug CounterStrike.ActiveCfg = Debug|Win32
		{524F280F-2300-4B72-A6EB-6EF08C0DE615}.Debug CounterStrike.Build.0 = Debug|Win32
		{524F280F-2300-4B72-A6EB-6EF08C0DE615}.Debug DoD.ActiveCfg = Debug|Win32
		{524F280F-2300-4B72-A6EB-6EF08C0DE615}.Debug DoD.Build.0 = Debug|Win32
		{524F280F-2300-4B72-A6EB-6EF08C0DE615}.Debug HL1.ActiveCfg = Debug|Win32
		{524F280F-2300-4B72-A6EB-6EF08C0DE615}.Debug HL1.Build.0 = Debug|Win32
		{524F280F-2300-4B72-A6EB-6EF08C0DE615}.Debug HL2.ActiveCfg = Debug|Win32
		{524F280F-2300-4B72-A6EB-6EF08C0DE615}.Debug HL2.Build.0 = Debug|Win32
		{524F280F-2300-4B72-A6EB-6EF08C0DE615}.Debug STEAM.ActiveCfg = Debug|Win32
		{524F280F-2300-4B72-A6EB-6EF08C0DE615}.Debug STEAM.Build.0 = Debug|Win32
		{524F280F-2300-4B72-A6EB-6EF08C0DE615}.Debug TF2.ActiveCfg = Debug|Win32
		{524F280F-2300-4B72-A6EB-6EF08C0DE615}.Debug TF2.Build.0 = Debug|Win32
		{524F280F-2300-4B72-A6EB-6EF08C0DE615}.Dedicated Debug.ActiveCfg = Debug|Win32
		{524F280F-2300-4B72-A6EB-6EF08C0DE615}.Dedicated Debug.Build.0 = Debug|Win32
		{524F280F-2300-4B72-A6EB-6EF08C0DE615}.Dedicated Release.ActiveCfg = Release|Win32
		{524F280F-2300-4B72-A6EB-6EF08C0DE615}.Dedicated Release.Build.0 = Release|Win32
		{524F280F-2300-4B72-A6EB-6EF08C0DE615}.Release.ActiveCfg = Release|Win32
		{524F280F-2300-4B72-A6EB-6EF08C0DE615}.Release.Build.0 = Release|Win32
		{524F280F-2300-4B72-A6EB-6EF08C0DE615}.Release CounterStrike.ActiveCfg = Release|Win32
		{524F280F-2300-4B72-A6EB-6EF08C0DE615}.Release CounterStrike.Build.0 = Release|Win32
		{524F280F-2300-4B72-A6EB-6EF08C0DE615}.Release DoD.ActiveCfg = Release|Win32
		{524F280F-2300-4B72-A6EB-6EF08C0DE615}.Release DoD.Build.0 = Release|Win32
		{524F280F-2300-4B72-A6EB-6EF08C0DE615}.Release HL1.ActiveCfg = Release|Win32
		{524F280F-2300-4B72-A6EB-6EF08C0DE615}.Release HL1.Build.0 = Release|Win32
		{524F280F-2300-4B72-A6EB-6EF08C0DE615}.Release HL2.ActiveCfg = Release|Win32
		{524F280F-2300-4B72-A6EB-6EF08C0DE615}.Release HL2.Build.0 = Release|Win32
		{524F280F-2300-4B72-A6EB-6EF08C0DE615}.Release STEAM.ActiveCfg = Release|Win32
		{524F280F-2300-4B72-A6EB-6EF08C0DE615}.Release STEAM.Build.0 = Release|Win32
		{524F280F-2300-4B72-A6EB-6EF08C0DE615}.Release TF2.ActiveCfg = Release|Win32
		{524F280F-2300-4B72-A6EB-6EF08C0DE615}.Release TF2.Build.0 = Release|Win32
		{524F280F-2300-4B72-A6EB-6EF08C0DE615}.ReleaseWithSymbols.ActiveCfg = Release|Win32
		{524F280F-2300-4B72-A6EB-6EF08C0DE615}.ReleaseWithSymbols.Build.0 = Release|Win32
		{524F280F-2300-4B72-A6EB-6EF08C0DE615}.SDK Debug.ActiveCfg = Debug|Win32
		{524F280F-2300-4B72-A6EB-6EF08C0DE615}.SDK Debug.Build.0 = Debug|Win32
		{524F280F-2300-4B72-A6EB-6EF08C0DE615}.SDK Release.ActiveCfg = Release|Win32
		{524F280F-2300-4B72-A6EB-6EF08C0DE615}.SDK Release.Build.0 = Release|Win32
		{2406CCB1-2435-4918-94C5-958807BDFF73}.Debug.ActiveCfg = Debug|Win32
		{2406CCB1-2435-4918-94C5-958807BDFF73}.Debug.Build.0 = Debug|Win32
		{2406CCB1-2435-4918-94C5-958807BDFF73}.Debug CounterStrike.ActiveCfg = Debug|Win32
		{2406CCB1-2435-4918-94C5-958807BDFF73}.Debug CounterStrike.Build.0 = Debug|Win32
		{2406CCB1-2435-4918-94C5-958807BDFF73}.Debug DoD.ActiveCfg = Debug|Win32
		{2406CCB1-2435-4918-94C5-958807BDFF73}.Debug DoD.Build.0 = Debug|Win32
		{2406CCB1-2435-4918-94C5-958807BDFF73}.Debug HL1.ActiveCfg = Debug|Win32
		{2406CCB1-2435-4918-94C5-958807BDFF73}.Debug HL1.Build.0 = Debug|Win32
		{2406CCB1-2435-4918-94C5-958807BDFF73}.Debug HL2.ActiveCfg = Debug|Win32
		{2406CCB1-2435-4918-94C5-958807BDFF73}.Debug HL2.Build.0 = Debug|Win32
		{2406CCB1-2435-4918-94C5-958807BDFF73}.Debug STEAM.ActiveCfg = Debug|Win32
		{2406CCB1-2435-4918-94C5-958807BDFF73}.Debug STEAM.Build.0 = Debug|Win32
		{2406CCB1-2435-4918-94C5-958807BDFF73}.Debug TF2.ActiveCfg = Debug|Win32
		{2406CCB1-2435-4918-94C5-958807BDFF73}.Debug TF2.Build.0 = Debug|Win32
		{2406CCB1-2435-4918-94C5-958807BDFF73}.Dedicated Debug.ActiveCfg = Debug|Win32
		{2406CCB1-2435-4918-94C5-958807BDFF73}.Dedicated Debug.Build.0 = Debug|Win32
		{2406CCB1-2435-4918-94C5-958807BDFF73}.Dedicated Release.ActiveCfg = Release|Win32
		{2406CCB1-2435-4918-94C5-958807BDFF73}.Dedicated Release.Build.0 = Release|Win32
		{2406CCB1-2435-4918-94C5-958807BDFF73}.Release.ActiveCfg = Release|Win32
		{2406CCB1-2435-4918-94C5-958807BDFF73}.Release.Build.0 = Release|Win32
		{2406CCB1-2435-4918-94C5-958807BDFF73}.Release CounterStrike.ActiveCfg = Release|Win32
		{2406CCB1-2435-4918-94C5-958807BDFF73}.Release CounterStrike.Build.0 = Release|Win32
		{2406CCB1-2435-4918-94C5-958807BDFF73}.Release DoD.ActiveCfg = Release|Win32
		{2406CCB1-2435-4918-94C5-958807BDFF73}.Release DoD.Build.0 = Release|Win32
		{2406CCB1-2435-4918-94C5-958807BDFF73}.Release HL1.ActiveCfg = Release|Win32
		{2406CCB1-2435-4918-94C5-958807BDFF73}.Release HL1.Build.0 = Release|Win32
		{2406CCB1-2435-4918-94C5-958807BDFF73}.Release HL2.ActiveCfg = Release|Win32
		{2406CCB1-2435-4918-94C5-958807BDFF73}.Release HL2.Build.0 = Release|Win32
		{2406CCB1-2435-4918-94C5-958807BDFF73}.Release STEAM.ActiveCfg = Release|Win32
		{2406CCB1-2435-4918-94C5-958807BDFF73}.Release STEAM.Build.0 = Release|Win32
		{2406CCB1-2435-4918-94C5-958807BDFF73}.Release TF2.ActiveCfg = Release|Win32
		{2406CCB1-2435-4918-94C5-958807BDFF73}.Release TF2.Build.0 = Release|Win32
		{2406CCB1-2435-4918-94C5-958807BDFF73}.ReleaseWithSymbols.ActiveCfg = ReleaseWithSymbols|Win32
		{2406CCB1-2435-4918-94C5-958807BDFF73}.ReleaseWithSymbols.Build.0 = ReleaseWithSymbols|Win32
		{2406CCB1-2435-4918-94C5-958807BDFF73}.SDK Debug.ActiveCfg = Debug|Win32
		{2406CCB1-2435-4918-94C5-958807BDFF73}.SDK Debug.Build.0 = Debug|Win32
		{2406CCB1-2435-4918-94C5-958807BDFF73}.SDK Release.ActiveCfg = Release|Win32
		{2406CCB1-2435-4918-94C5-958807BDFF73}.SDK Release.Build.0 = Release|Win32
	EndGlobalSection
	GlobalSection(ExtensibilityGlobals) = postSolution
	EndGlobalSection
	GlobalSection(ExtensibilityAddIns) = postSolution
	EndGlobalSection
EndGlobal
