Microsoft Visual Studio Solution File, Format Version 8.00
Project("{8BC9CEB8-8B4A-11D0-8D11-00A0C91BC942}") = "DXErr", "DXErr_2003.vcproj", "{37485264-4287-4B0B-B7CB-BC3DDCE9810F}"
	ProjectSection(ProjectDependencies) = postProject
	EndProjectSection
EndProject
Global
	GlobalSection(SolutionConfiguration) = preSolution
		Debug = Debug
		Release = Release
	EndGlobalSection
	GlobalSection(ProjectConfiguration) = postSolution
		{37485264-4287-4B0B-B7CB-BC3DDCE9810F}.Debug.ActiveCfg = Debug|Win32
		{37485264-4287-4B0B-B7CB-BC3DDCE9810F}.Debug.Build.0 = Debug|Win32
		{37485264-4287-4B0B-B7CB-BC3DDCE9810F}.Release.ActiveCfg = Release|Win32
		{37485264-4287-4B0B-B7CB-BC3DDCE9810F}.Release.Build.0 = Release|Win32
	EndGlobalSection
	GlobalSection(ExtensibilityGlobals) = postSolution
	EndGlobalSection
	GlobalSection(ExtensibilityAddIns) = postSolution
	EndGlobalSection
EndGlobal
