Microsoft Visual Studio Solution File, Format Version 9.00
# Visual Studio 2005
Project("{8BC9CEB8-8B4A-11D0-8D11-00A0C91BC942}") = "Sas", "..\Sas\Sas__2005.vcproj", "{D9292B3A-28D2-4DFA-943C-BF76C4C97CEA}"
EndProject
Project("{8BC9CEB8-8B4A-11D0-8D11-00A0C91BC942}") = "DXViewer", "DXViewer_2005.vcproj", "{9C04CC2D-C188-4443-A185-CB0BCA6ED98D}"
	ProjectSection(ProjectDependencies) = postProject
		{D9292B3A-28D2-4DFA-943C-BF76C4C97CEA} = {D9292B3A-28D2-4DFA-943C-BF76C4C97CEA}
	EndProjectSection
EndProject
Global
	GlobalSection(SolutionConfigurationPlatforms) = preSolution
		Debug|Win32 = Debug|Win32
		Release|Win32 = Release|Win32
	EndGlobalSection
	GlobalSection(ProjectConfigurationPlatforms) = postSolution
		{D9292B3A-28D2-4DFA-943C-BF76C4C97CEA}.Debug|Win32.ActiveCfg = Debug|Win32
		{D9292B3A-28D2-4DFA-943C-BF76C4C97CEA}.Debug|Win32.Build.0 = Debug|Win32
		{D9292B3A-28D2-4DFA-943C-BF76C4C97CEA}.Release|Win32.ActiveCfg = Release|Win32
		{D9292B3A-28D2-4DFA-943C-BF76C4C97CEA}.Release|Win32.Build.0 = Release|Win32
		{9C04CC2D-C188-4443-A185-CB0BCA6ED98D}.Debug|Win32.ActiveCfg = Debug|Win32
		{9C04CC2D-C188-4443-A185-CB0BCA6ED98D}.Debug|Win32.Build.0 = Debug|Win32
		{9C04CC2D-C188-4443-A185-CB0BCA6ED98D}.Release|Win32.ActiveCfg = Release|Win32
		{9C04CC2D-C188-4443-A185-CB0BCA6ED98D}.Release|Win32.Build.0 = Release|Win32
	EndGlobalSection
	GlobalSection(SolutionProperties) = preSolution
		HideSolutionNode = FALSE
	EndGlobalSection
EndGlobal
