
Microsoft Visual Studio Solution File, Format Version 9.00
# Visual Studio 2005
Project("{8BC9CEB8-8B4A-11D0-8D11-00A0C91BC942}") = "vpc", "vpc\vpc.vcproj", "{B8632E92-9A8D-4315-9A38-907D8BA0D91F}"
EndProject
Global
	GlobalSection(SolutionConfigurationPlatforms) = preSolution
		Debug|Win32 = Debug|Win32
		Release|Win32 = Release|Win32
	EndGlobalSection
	GlobalSection(ProjectConfigurationPlatforms) = postSolution
		{B8632E92-9A8D-4315-9A38-907D8BA0D91F}.Debug|Win32.ActiveCfg = Debug|Win32
		{B8632E92-9A8D-4315-9A38-907D8BA0D91F}.Debug|Win32.Build.0 = Debug|Win32
		{B8632E92-9A8D-4315-9A38-907D8BA0D91F}.Release|Win32.ActiveCfg = Release|Win32
		{B8632E92-9A8D-4315-9A38-907D8BA0D91F}.Release|Win32.Build.0 = Release|Win32
	EndGlobalSection
	GlobalSection(SolutionProperties) = preSolution
		HideSolutionNode = FALSE
	EndGlobalSection
EndGlobal
